// This lockfile was autogenerated by Pants. To regenerate, run:
//
//    pants generate-lockfiles --resolve=bandit
//
// --- BEGIN PANTS LOCKFILE METADATA: DO NOT EDIT OR REMOVE ---
// {
//   "version": 3,
//   "valid_for_interpreter_constraints": [
//     "CPython<3.10,>=3.8"
//   ],
//   "generated_with_requirements": [
//     "GitPython==3.1.18",
//     "bandit==1.7.0",
//     "importlib-metadata<5; python_version < \"3.8\"",
//     "setuptools"
//   ],
//   "manylinux": "manylinux2014",
//   "requirement_constraints": [],
//   "only_binary": [],
//   "no_binary": []
// }
// --- END PANTS LOCKFILE METADATA ---

{
  "allow_builds": true,
  "allow_prereleases": false,
  "allow_wheels": true,
  "build_isolation": true,
  "constraints": [],
  "locked_resolves": [
    {
      "locked_requirements": [
        {
          "artifacts": [
            {
              "algorithm": "sha256",
              "hash": "216be4d044209fa06cf2a3e51b319769a51be8318140659719aa7a115c35ed07",
              "url": "https://files.pythonhosted.org/packages/6e/68/dc39991eb6074cabeed2ee78f6e101054869f79ba806f8b6e4b1f4f7c3f6/bandit-1.7.0-py3-none-any.whl"
            },
            {
              "algorithm": "sha256",
              "hash": "8a4c7415254d75df8ff3c3b15cfe9042ecee628a1e40b44c15a98890fbfc2608",
              "url": "https://files.pythonhosted.org/packages/6c/a1/14b70b67ea9c69e863dd65386bbc948ae34a502512d6f36e2a5a9fd5513b/bandit-1.7.0.tar.gz"
            }
          ],
          "project_name": "bandit",
          "requires_dists": [
            "GitPython>=1.0.1",
            "PyYAML>=5.3.1",
            "colorama>=0.3.9; platform_system == \"Windows\"",
            "six>=1.10.0",
            "stevedore>=1.20.0"
          ],
          "requires_python": ">=3.5",
          "version": "1.7.0"
        },
        {
          "artifacts": [
            {
              "algorithm": "sha256",
              "hash": "81a3407ddd2ee8df444cbacea00e2d038e40150acfa3001696fe0dcf1d3adfa4",
              "url": "https://files.pythonhosted.org/packages/fd/5b/8f0c4a5bb9fd491c277c21eff7ccae71b47d43c4446c9d0c6cff2fe8c2c4/gitdb-4.0.11-py3-none-any.whl"
            },
            {
              "algorithm": "sha256",
              "hash": "bf5421126136d6d0af55bc1e7c1af1c397a34f5b7bd79e776cd3e89785c2b04b",
              "url": "https://files.pythonhosted.org/packages/19/0d/bbb5b5ee188dec84647a4664f3e11b06ade2bde568dbd489d9d64adef8ed/gitdb-4.0.11.tar.gz"
            }
          ],
          "project_name": "gitdb",
          "requires_dists": [
            "smmap<6,>=3.0.1"
          ],
          "requires_python": ">=3.7",
          "version": "4.0.11"
        },
        {
          "artifacts": [
            {
              "algorithm": "sha256",
              "hash": "fce760879cd2aebd2991b3542876dc5c4a909b30c9d69dfc488e504a8db37ee8",
              "url": "https://files.pythonhosted.org/packages/bc/91/b38c4fabb6e5092ab23492ded4f318ab7299b19263272b703478038c0fbc/GitPython-3.1.18-py3-none-any.whl"
            },
            {
              "algorithm": "sha256",
              "hash": "b838a895977b45ab6f0cc926a9045c8d1c44e2b653c1fcc39fe91f42c6e8f05b",
              "url": "https://files.pythonhosted.org/packages/29/22/3d591875078c1c5e7e11b478616821995053968a74b76043c55448c46381/GitPython-3.1.18.tar.gz"
            }
          ],
          "project_name": "gitpython",
          "requires_dists": [
            "gitdb<5,>=4.0.1",
            "typing-extensions>=3.7.4.0; python_version < \"3.8\""
          ],
          "requires_python": ">=3.6",
          "version": "3.1.18"
        },
        {
          "artifacts": [
            {
              "algorithm": "sha256",
              "hash": "4a7317d5e3b17a3dccb6a8cfe67dab65b20551404c52c8ed41279fa4f0cb4cda",
              "url": "https://files.pythonhosted.org/packages/64/dd/171c9fb653591cf265bcc89c436eec75c9bde3dec921cc236fa71e5698df/pbr-6.0.0-py2.py3-none-any.whl"
            },
            {
              "algorithm": "sha256",
              "hash": "d1377122a5a00e2f940ee482999518efe16d745d423a670c27773dfbc3c9a7d9",
              "url": "https://files.pythonhosted.org/packages/8d/c2/ee43b3b11bf2b40e56536183fc9f22afbb04e882720332b6276ee2454c24/pbr-6.0.0.tar.gz"
            }
          ],
          "project_name": "pbr",
          "requires_dists": [],
          "requires_python": ">=2.6",
          "version": "6.0.0"
        },
        {
          "artifacts": [
            {
              "algorithm": "sha256",
              "hash": "04ac92ad1925b2cff1db0cfebffb6ffc43457495c9b3c39d3fcae417d7125dc5",
              "url": "https://files.pythonhosted.org/packages/40/da/a175a35cf5583580e90ac3e2a3dbca90e43011593ae62ce63f79d7b28d92/PyYAML-6.0.1-cp39-cp39-musllinux_1_1_x86_64.whl"
            },
            {
              "algorithm": "sha256",
              "hash": "49a183be227561de579b4a36efbb21b3eab9651dd81b1858589f796549873dd6",
              "url": "https://files.pythonhosted.org/packages/0d/46/62ae77677e532c0af6c81ddd6f3dbc16bdcc1208b077457354442d220bfb/PyYAML-6.0.1-cp38-cp38-musllinux_1_1_x86_64.whl"
            },
            {
              "algorithm": "sha256",
              "hash": "c8098ddcc2a85b61647b2590f825f3db38891662cfc2fc776415143f599bb859",
              "url": "https://files.pythonhosted.org/packages/0e/88/21b2f16cb2123c1e9375f2c93486e35fdc86e63f02e274f0e99c589ef153/PyYAML-6.0.1-cp39-cp39-macosx_11_0_arm64.whl"
            },
            {
              "algorithm": "sha256",
              "hash": "b786eecbdf8499b9ca1d697215862083bd6d2a99965554781d0d8d1ad31e13a0",
              "url": "https://files.pythonhosted.org/packages/4a/4b/c71ef18ef83c82f99e6da8332910692af78ea32bd1d1d76c9787dfa36aea/PyYAML-6.0.1-cp39-cp39-manylinux_2_17_s390x.manylinux2014_s390x.whl"
            },
            {
              "algorithm": "sha256",
              "hash": "9eb6caa9a297fc2c2fb8862bc5370d0303ddba53ba97e71f08023b6cd73d16a8",
              "url": "https://files.pythonhosted.org/packages/57/c5/5d09b66b41d549914802f482a2118d925d876dc2a35b2d127694c1345c34/PyYAML-6.0.1-cp39-cp39-macosx_10_9_x86_64.whl"
            },
            {
              "algorithm": "sha256",
              "hash": "bc1bf2925a1ecd43da378f4db9e4f799775d6367bdb94671027b73b393a7c42c",
              "url": "https://files.pythonhosted.org/packages/7d/39/472f2554a0f1e825bd7c5afc11c817cd7a2f3657460f7159f691fbb37c51/PyYAML-6.0.1-cp39-cp39-manylinux_2_17_x86_64.manylinux2014_x86_64.whl"
            },
            {
              "algorithm": "sha256",
              "hash": "1d4c7e777c441b20e32f52bd377e0c409713e8bb1386e1099c2415f26e479595",
              "url": "https://files.pythonhosted.org/packages/7f/5d/2779ea035ba1e533c32ed4a249b4e0448f583ba10830b21a3cddafe11a4e/PyYAML-6.0.1-cp38-cp38-macosx_10_9_x86_64.whl"
            },
            {
              "algorithm": "sha256",
              "hash": "5773183b6446b2c99bb77e77595dd486303b4faab2b086e7b17bc6bef28865f6",
              "url": "https://files.pythonhosted.org/packages/ac/6c/967d91a8edf98d2b2b01d149bd9e51b8f9fb527c98d80ebb60c6b21d60c4/PyYAML-6.0.1-cp39-cp39-manylinux_2_17_aarch64.manylinux2014_aarch64.whl"
            },
            {
              "algorithm": "sha256",
              "hash": "28c119d996beec18c05208a8bd78cbe4007878c6dd15091efb73a30e90539696",
              "url": "https://files.pythonhosted.org/packages/c1/39/47ed4d65beec9ce07267b014be85ed9c204fa373515355d3efa62d19d892/PyYAML-6.0.1-cp38-cp38-manylinux_2_17_s390x.manylinux2014_s390x.whl"
            },
            {
              "algorithm": "sha256",
              "hash": "7e07cbde391ba96ab58e532ff4803f79c4129397514e1413a7dc761ccd755735",
              "url": "https://files.pythonhosted.org/packages/c8/6b/6600ac24725c7388255b2f5add93f91e58a5d7efaf4af244fdbcc11a541b/PyYAML-6.0.1-cp38-cp38-manylinux_2_17_x86_64.manylinux2014_x86_64.whl"
            },
            {
              "algorithm": "sha256",
              "hash": "bfdf460b1736c775f2ba9f6a92bca30bc2095067b8a9d77876d1fad6cc3b4a43",
              "url": "https://files.pythonhosted.org/packages/cd/e5/af35f7ea75cf72f2cd079c95ee16797de7cd71f29ea7c68ae5ce7be1eda0/PyYAML-6.0.1.tar.gz"
            },
            {
              "algorithm": "sha256",
              "hash": "a0cd17c15d3bb3fa06978b4e8958dcdc6e0174ccea823003a106c7d4d7899ac5",
              "url": "https://files.pythonhosted.org/packages/e1/a1/27bfac14b90adaaccf8c8289f441e9f76d94795ec1e7a8f134d9f2cb3d0b/PyYAML-6.0.1-cp38-cp38-manylinux_2_17_aarch64.manylinux2014_aarch64.whl"
            }
          ],
          "project_name": "pyyaml",
          "requires_dists": [],
          "requires_python": ">=3.6",
          "version": "6.0.1"
        },
        {
          "artifacts": [
            {
              "algorithm": "sha256",
              "hash": "385eb4edd9c9d5c17540511303e39a147ce2fc04bc55289c322b9e5904fe2c05",
              "url": "https://files.pythonhosted.org/packages/55/3a/5121b58b578a598b269537e09a316ad2a94fdd561a2c6eb75cd68578cc6b/setuptools-69.0.3-py3-none-any.whl"
            },
            {
              "algorithm": "sha256",
              "hash": "be1af57fc409f93647f2e8e4573a142ed38724b8cdd389706a867bb4efcf1e78",
              "url": "https://files.pythonhosted.org/packages/fc/c9/b146ca195403e0182a374e0ea4dbc69136bad3cd55bc293df496d625d0f7/setuptools-69.0.3.tar.gz"
            }
          ],
          "project_name": "setuptools",
          "requires_dists": [
            "build[virtualenv]; extra == \"testing\"",
            "build[virtualenv]>=1.0.3; extra == \"testing-integration\"",
            "filelock>=3.4.0; extra == \"testing\"",
            "filelock>=3.4.0; extra == \"testing-integration\"",
            "flake8-2020; extra == \"testing\"",
            "furo; extra == \"docs\"",
            "ini2toml[lite]>=0.9; extra == \"testing\"",
            "jaraco.develop>=7.21; (python_version >= \"3.9\" and sys_platform != \"cygwin\") and extra == \"testing\"",
            "jaraco.envs>=2.2; extra == \"testing\"",
            "jaraco.envs>=2.2; extra == \"testing-integration\"",
            "jaraco.packaging>=9.3; extra == \"docs\"",
            "jaraco.path>=3.2.0; extra == \"testing\"",
            "jaraco.path>=3.2.0; extra == \"testing-integration\"",
            "jaraco.tidelift>=1.4; extra == \"docs\"",
            "packaging>=23.1; extra == \"testing-integration\"",
            "pip>=19.1; extra == \"testing\"",
            "pygments-github-lexers==0.0.5; extra == \"docs\"",
            "pytest-black>=0.3.7; platform_python_implementation != \"PyPy\" and extra == \"testing\"",
            "pytest-checkdocs>=2.4; extra == \"testing\"",
            "pytest-cov; platform_python_implementation != \"PyPy\" and extra == \"testing\"",
            "pytest-enabler; extra == \"testing-integration\"",
            "pytest-enabler>=2.2; extra == \"testing\"",
            "pytest-mypy>=0.9.1; platform_python_implementation != \"PyPy\" and extra == \"testing\"",
            "pytest-perf; sys_platform != \"cygwin\" and extra == \"testing\"",
            "pytest-ruff; sys_platform != \"cygwin\" and extra == \"testing\"",
            "pytest-timeout; extra == \"testing\"",
            "pytest-xdist; extra == \"testing\"",
            "pytest-xdist; extra == \"testing-integration\"",
            "pytest; extra == \"testing-integration\"",
            "pytest>=6; extra == \"testing\"",
            "rst.linker>=1.9; extra == \"docs\"",
            "sphinx-favicon; extra == \"docs\"",
            "sphinx-inline-tabs; extra == \"docs\"",
            "sphinx-lint; extra == \"docs\"",
            "sphinx-notfound-page<2,>=1; extra == \"docs\"",
            "sphinx-reredirects; extra == \"docs\"",
            "sphinx<7.2.5; extra == \"docs\"",
            "sphinx>=3.5; extra == \"docs\"",
            "sphinxcontrib-towncrier; extra == \"docs\"",
            "tomli-w>=1.0.0; extra == \"testing\"",
            "tomli; extra == \"testing-integration\"",
            "virtualenv>=13.0.0; extra == \"testing\"",
            "virtualenv>=13.0.0; extra == \"testing-integration\"",
            "wheel; extra == \"testing\"",
            "wheel; extra == \"testing-integration\""
          ],
          "requires_python": ">=3.8",
          "version": "69.0.3"
        },
        {
          "artifacts": [
            {
              "algorithm": "sha256",
              "hash": "8abb2f1d86890a2dfb989f9a77cfcfd3e47c2a354b01111771326f8aa26e0254",
              "url": "https://files.pythonhosted.org/packages/d9/5a/e7c31adbe875f2abbb91bd84cf2dc52d792b5a01506781dbcf25c91daf11/six-1.16.0-py2.py3-none-any.whl"
            },
            {
              "algorithm": "sha256",
              "hash": "1e61c37477a1626458e36f7b1d82aa5c9b094fa4802892072e49de9c60c4c926",
              "url": "https://files.pythonhosted.org/packages/71/39/171f1c67cd00715f190ba0b100d606d440a28c93c7714febeca8b79af85e/six-1.16.0.tar.gz"
            }
          ],
          "project_name": "six",
          "requires_dists": [],
          "requires_python": "!=3.0.*,!=3.1.*,!=3.2.*,>=2.7",
          "version": "1.16.0"
        },
        {
          "artifacts": [
            {
              "algorithm": "sha256",
              "hash": "e6d8668fa5f93e706934a62d7b4db19c8d9eb8cf2adbb75ef1b675aa332b69da",
              "url": "https://files.pythonhosted.org/packages/a7/a5/10f97f73544edcdef54409f1d839f6049a0d79df68adbc1ceb24d1aaca42/smmap-5.0.1-py3-none-any.whl"
            },
            {
              "algorithm": "sha256",
              "hash": "dceeb6c0028fdb6734471eb07c0cd2aae706ccaecab45965ee83f11c8d3b1f62",
              "url": "https://files.pythonhosted.org/packages/88/04/b5bf6d21dc4041000ccba7eb17dd3055feb237e7ffc2c20d3fae3af62baa/smmap-5.0.1.tar.gz"
            }
          ],
          "project_name": "smmap",
          "requires_dists": [],
          "requires_python": ">=3.7",
          "version": "5.0.1"
        },
        {
          "artifacts": [
            {
              "algorithm": "sha256",
              "hash": "8cc040628f3cea5d7128f2e76cf486b2251a4e543c7b938f58d9a377f6694a2d",
              "url": "https://files.pythonhosted.org/packages/4b/68/e739fd061b0aba464bef8e8be48428b2aabbfb3f2f8f2f8ca257363ee6b2/stevedore-5.1.0-py3-none-any.whl"
            },
            {
              "algorithm": "sha256",
              "hash": "a54534acf9b89bc7ed264807013b505bf07f74dbe4bcfa37d32bd063870b087c",
              "url": "https://files.pythonhosted.org/packages/ac/d6/77387d3fc81f07bc8877e6f29507bd7943569093583b0a07b28cfa286780/stevedore-5.1.0.tar.gz"
            }
          ],
          "project_name": "stevedore",
          "requires_dists": [
            "pbr!=2.1.0,>=2.0.0"
          ],
          "requires_python": ">=3.8",
          "version": "5.1.0"
        }
      ],
      "platform_tag": null
    }
  ],
  "path_mappings": {},
  "pex_version": "2.1.137",
  "pip_version": "23.1.2",
  "prefer_older_binary": false,
  "requirements": [
    "GitPython==3.1.18",
    "bandit==1.7.0",
    "importlib-metadata<5; python_version < \"3.8\"",
    "setuptools"
  ],
  "requires_python": [
    "<3.10,>=3.8"
  ],
  "resolver_version": "pip-2020-resolver",
  "style": "universal",
  "target_systems": [
    "linux",
    "mac"
  ],
  "transitive": true,
  "use_pep517": null
}
