// This lockfile was autogenerated by Pants. To regenerate, run:
//
//    pants generate-lockfiles --resolve=bandit
//
// --- BEGIN PANTS LOCKFILE METADATA: DO NOT EDIT OR REMOVE ---
// {
//   "version": 3,
//   "valid_for_interpreter_constraints": [
//     "CPython<3.13,>=3.10.1"
//   ],
//   "generated_with_requirements": [
//     "GitPython>=3.1.24",
//     "bandit<1.8,>=1.7.0",
//     "setuptools"
//   ],
//   "manylinux": "manylinux2014",
//   "requirement_constraints": [],
//   "only_binary": [],
//   "no_binary": []
// }
// --- END PANTS LOCKFILE METADATA ---

{
  "allow_builds": true,
  "allow_prereleases": false,
  "allow_wheels": true,
  "build_isolation": true,
  "constraints": [],
  "elide_unused_requires_dist": false,
  "excluded": [],
  "locked_resolves": [
    {
      "locked_requirements": [
        {
          "artifacts": [
            {
              "algorithm": "sha256",
              "hash": "665721d7bebbb4485a339c55161ac0eedde27d51e638000d91c8c2d68343ad02",
              "url": "https://files.pythonhosted.org/packages/9e/9c/491231d973d54f6465002812b4cadc663f208436407745be473254725f55/bandit-1.7.10-py3-none-any.whl"
            },
            {
              "algorithm": "sha256",
              "hash": "59ed5caf5d92b6ada4bf65bc6437feea4a9da1093384445fed4d472acc6cff7b",
              "url": "https://files.pythonhosted.org/packages/38/26/bdd962d6ee781f6229c3fb83483cf9e09d87959150a9000789806d750f3c/bandit-1.7.10.tar.gz"
            }
          ],
          "project_name": "bandit",
          "requires_dists": [
            "GitPython>=3.1.30; extra == \"baseline\"",
            "PyYAML; extra == \"yaml\"",
            "PyYAML>=5.3.1",
            "beautifulsoup4>=4.8.0; extra == \"test\"",
            "colorama>=0.3.9; platform_system == \"Windows\"",
            "coverage>=4.5.4; extra == \"test\"",
            "fixtures>=3.0.0; extra == \"test\"",
            "flake8>=4.0.0; extra == \"test\"",
            "jschema-to-python>=1.2.3; extra == \"sarif\"",
            "pylint==1.9.4; extra == \"test\"",
            "rich",
            "sarif-om>=1.0.4; extra == \"sarif\"",
            "stestr>=2.5.0; extra == \"test\"",
            "stevedore>=1.20.0",
            "testscenarios>=0.5.0; extra == \"test\"",
            "testtools>=2.3.0; extra == \"test\"",
            "tomli>=1.1.0; python_version < \"3.11\" and extra == \"toml\""
          ],
          "requires_python": ">=3.8",
          "version": "1.7.10"
        },
        {
          "artifacts": [
            {
              "algorithm": "sha256",
              "hash": "67073e15955400952c6565cc3e707c554a4eea2e428946f7a4c162fab9bd9bcf",
              "url": "https://files.pythonhosted.org/packages/a0/61/5c78b91c3143ed5c14207f463aecfc8f9dbb5092fb2869baf37c273b2705/gitdb-4.0.12-py3-none-any.whl"
            },
            {
              "algorithm": "sha256",
              "hash": "5ef71f855d191a3326fcfbc0d5da835f26b13fbcba60c32c21091c349ffdb571",
              "url": "https://files.pythonhosted.org/packages/72/94/63b0fc47eb32792c7ba1fe1b694daec9a63620db1e313033d18140c2320a/gitdb-4.0.12.tar.gz"
            }
          ],
          "project_name": "gitdb",
          "requires_dists": [
            "smmap<6,>=3.0.1"
          ],
          "requires_python": ">=3.7",
          "version": "4.0.12"
        },
        {
          "artifacts": [
            {
              "algorithm": "sha256",
              "hash": "79812ed143d9d25b6d176a10bb511de0f9c67b1fa641d82097b0ab90398a2058",
              "url": "https://files.pythonhosted.org/packages/6a/09/e21df6aef1e1ffc0c816f0522ddc3f6dcded766c3261813131c78a704470/gitpython-3.1.46-py3-none-any.whl"
            },
            {
              "algorithm": "sha256",
              "hash": "400124c7d0ef4ea03f7310ac2fbf7151e09ff97f2a3288d64a440c584a29c37f",
              "url": "https://files.pythonhosted.org/packages/df/b5/59d16470a1f0dfe8c793f9ef56fd3826093fc52b3bd96d6b9d6c26c7e27b/gitpython-3.1.46.tar.gz"
            }
          ],
          "project_name": "gitpython",
          "requires_dists": [
            "coverage[toml]; extra == \"test\"",
            "ddt!=1.4.3,>=1.1.1; extra == \"test\"",
            "gitdb<5,>=4.0.1",
            "mock; python_version < \"3.8\" and extra == \"test\"",
            "mypy==1.18.2; python_version >= \"3.9\" and extra == \"test\"",
            "pre-commit; extra == \"test\"",
            "pytest-cov; extra == \"test\"",
            "pytest-instafail; extra == \"test\"",
            "pytest-mock; extra == \"test\"",
            "pytest-sugar; extra == \"test\"",
            "pytest>=7.3.1; extra == \"test\"",
            "sphinx-autodoc-typehints; extra == \"doc\"",
            "sphinx<7.2,>=7.1.2; extra == \"doc\"",
            "sphinx_rtd_theme; extra == \"doc\"",
            "typing-extensions; python_version < \"3.11\" and extra == \"test\"",
            "typing-extensions>=3.10.0.2; python_version < \"3.10\""
          ],
          "requires_python": ">=3.7",
          "version": "3.1.46"
        },
        {
          "artifacts": [
            {
              "algorithm": "sha256",
              "hash": "87327c59b172c5011896038353a81343b6754500a08cd7a4973bb48c6d578147",
              "url": "https://files.pythonhosted.org/packages/94/54/e7d793b573f298e1c9013b8c4dade17d481164aa517d1d7148619c2cedbf/markdown_it_py-4.0.0-py3-none-any.whl"
            },
            {
              "algorithm": "sha256",
              "hash": "cb0a2b4aa34f932c007117b194e945bd74e0ec24133ceb5bac59009cda1cb9f3",
              "url": "https://files.pythonhosted.org/packages/5b/f5/4ec618ed16cc4f8fb3b701563655a69816155e79e24a17b651541804721d/markdown_it_py-4.0.0.tar.gz"
            }
          ],
          "project_name": "markdown-it-py",
          "requires_dists": [
            "commonmark~=0.9; extra == \"compare\"",
            "coverage; extra == \"testing\"",
            "gprof2dot; extra == \"profiling\"",
            "ipykernel; extra == \"rtd\"",
            "jupyter_sphinx; extra == \"rtd\"",
            "linkify-it-py<3,>=1; extra == \"linkify\"",
            "markdown-it-pyrs; extra == \"compare\"",
            "markdown~=3.4; extra == \"compare\"",
            "mdit-py-plugins>=0.5.0; extra == \"plugins\"",
            "mdit-py-plugins>=0.5.0; extra == \"rtd\"",
            "mdurl~=0.1",
            "mistletoe~=1.0; extra == \"compare\"",
            "mistune~=3.0; extra == \"compare\"",
            "myst-parser; extra == \"rtd\"",
            "panflute~=2.3; extra == \"compare\"",
            "psutil; extra == \"benchmarking\"",
            "pytest-benchmark; extra == \"benchmarking\"",
            "pytest-cov; extra == \"testing\"",
            "pytest-regressions; extra == \"testing\"",
            "pytest; extra == \"benchmarking\"",
            "pytest; extra == \"testing\"",
            "pyyaml; extra == \"rtd\"",
            "requests; extra == \"testing\"",
            "sphinx-book-theme~=1.0; extra == \"rtd\"",
            "sphinx-copybutton; extra == \"rtd\"",
            "sphinx-design; extra == \"rtd\"",
            "sphinx; extra == \"rtd\""
          ],
          "requires_python": ">=3.10",
          "version": "4.0.0"
        },
        {
          "artifacts": [
            {
              "algorithm": "sha256",
              "hash": "84008a41e51615a49fc9966191ff91509e3c40b939176e643fd50a5c2196b8f8",
              "url": "https://files.pythonhosted.org/packages/b3/38/89ba8ad64ae25be8de66a6d463314cf1eb366222074cfda9ee839c56a4b4/mdurl-0.1.2-py3-none-any.whl"
            },
            {
              "algorithm": "sha256",
              "hash": "bb413d29f5eea38f31dd4754dd7377d4465116fb207585f97bf925588687c1ba",
              "url": "https://files.pythonhosted.org/packages/d6/54/cfe61301667036ec958cb99bd3efefba235e65cdeb9c84d24a8293ba1d90/mdurl-0.1.2.tar.gz"
            }
          ],
          "project_name": "mdurl",
          "requires_dists": [],
          "requires_python": ">=3.7",
          "version": "0.1.2"
        },
        {
          "artifacts": [
            {
              "algorithm": "sha256",
              "hash": "86540386c03d588bb81d44bc3928634ff26449851e99741617ecb9037ee5ec0b",
              "url": "https://files.pythonhosted.org/packages/c7/21/705964c7812476f378728bdf590ca4b771ec72385c533964653c68e86bdc/pygments-2.19.2-py3-none-any.whl"
            },
            {
              "algorithm": "sha256",
              "hash": "636cb2477cec7f8952536970bc533bc43743542f70392ae026374600add5b887",
              "url": "https://files.pythonhosted.org/packages/b0/77/a5b8c569bf593b0140bde72ea885a803b82086995367bf2037de0159d924/pygments-2.19.2.tar.gz"
            }
          ],
          "project_name": "pygments",
          "requires_dists": [
            "colorama>=0.4.6; extra == \"windows-terminal\""
          ],
          "requires_python": ">=3.8",
          "version": "2.19.2"
        },
        {
          "artifacts": [
            {
              "algorithm": "sha256",
              "hash": "41715c910c881bc081f1e8872880d3c650acf13dfa8214bad49ed4cede7c34ea",
              "url": "https://files.pythonhosted.org/packages/be/8e/98435a21d1d4b46590d5459a22d88128103f8da4c2d4cb8f14f2a96504e1/pyyaml-6.0.3-cp312-cp312-musllinux_1_2_x86_64.whl"
            },
            {
              "algorithm": "sha256",
              "hash": "02ea2dfa234451bbb8772601d7b8e426c2bfa197136796224e50e35a78777956",
              "url": "https://files.pythonhosted.org/packages/05/14/52d505b5c59ce73244f59c7a50ecf47093ce4765f116cdb98286a71eeca2/pyyaml-6.0.3-cp310-cp310-macosx_11_0_arm64.whl"
            },
            {
              "algorithm": "sha256",
              "hash": "d76623373421df22fb4cf8817020cbb7ef15c725b9d5e45f17e189bfc384190f",
              "url": "https://files.pythonhosted.org/packages/05/8e/961c0007c59b8dd7729d542c61a4d537767a59645b82a0b521206e1e25c2/pyyaml-6.0.3.tar.gz"
            },
            {
              "algorithm": "sha256",
              "hash": "8dc52c23056b9ddd46818a57b78404882310fb473d63f17b07d5c40421e47f8e",
              "url": "https://files.pythonhosted.org/packages/05/c0/b3be26a015601b822b97d9149ff8cb5ead58c66f981e04fedf4e762f4bd4/pyyaml-6.0.3-cp312-cp312-musllinux_1_2_aarch64.whl"
            },
            {
              "algorithm": "sha256",
              "hash": "10892704fc220243f5305762e276552a0395f7beb4dbf9b14ec8fd43b57f126c",
              "url": "https://files.pythonhosted.org/packages/0c/62/d2eb46264d4b157dae1275b573017abec435397aa59cbcdab6fc978a8af4/pyyaml-6.0.3-cp311-cp311-manylinux2014_aarch64.manylinux_2_17_aarch64.manylinux_2_28_aarch64.whl"
            },
            {
              "algorithm": "sha256",
              "hash": "850774a7879607d3a6f50d36d04f00ee69e7fc816450e5f7e58d7f17f1ae5c00",
              "url": "https://files.pythonhosted.org/packages/10/cb/16c3f2cf3266edd25aaa00d6c4350381c8b012ed6f5276675b9eba8d9ff4/pyyaml-6.0.3-cp311-cp311-manylinux2014_s390x.manylinux_2_17_s390x.manylinux_2_28_s390x.whl"
            },
            {
              "algorithm": "sha256",
              "hash": "652cb6edd41e718550aad172851962662ff2681490a8a711af6a4d288dd96824",
              "url": "https://files.pythonhosted.org/packages/16/19/13de8e4377ed53079ee996e1ab0a9c33ec2faf808a4647b7b4c0d46dd239/pyyaml-6.0.3-cp311-cp311-macosx_11_0_arm64.whl"
            },
            {
              "algorithm": "sha256",
              "hash": "5e0b74767e5f8c593e8c9b5912019159ed0533c70051e9cce3e8b6aa699fcd69",
              "url": "https://files.pythonhosted.org/packages/1f/15/2bc9c8faf6450a8b3c9fc5448ed869c599c0a74ba2669772b1f3a0040180/pyyaml-6.0.3-cp310-cp310-musllinux_1_2_x86_64.whl"
            },
            {
              "algorithm": "sha256",
              "hash": "66291b10affd76d76f54fad28e22e51719ef9ba22b29e1d7d03d6777a9174198",
              "url": "https://files.pythonhosted.org/packages/2f/3a/61b9db1d28f00f8fd0ae760459a5c4bf1b941baf714e207b6eb0657d2578/pyyaml-6.0.3-cp310-cp310-manylinux2014_s390x.manylinux_2_17_s390x.manylinux_2_28_s390x.whl"
            },
            {
              "algorithm": "sha256",
              "hash": "b30236e45cf30d2b8e7b3e85881719e98507abed1011bf463a8fa23e9c3e98a8",
              "url": "https://files.pythonhosted.org/packages/43/f7/0e6a5ae5599c838c696adb4e6330a59f463265bfa1e116cfd1fbb0abaaae/pyyaml-6.0.3-cp310-cp310-manylinux2014_aarch64.manylinux_2_17_aarch64.manylinux_2_28_aarch64.whl"
            },
            {
              "algorithm": "sha256",
              "hash": "5fdec68f91a0c6739b380c83b951e2c72ac0197ace422360e6d5a959d8d97b2c",
              "url": "https://files.pythonhosted.org/packages/65/30/d7353c338e12baef4ecc1b09e877c1970bd3382789c159b4f89d6a70dc09/pyyaml-6.0.3-cp312-cp312-manylinux2014_s390x.manylinux_2_17_s390x.manylinux_2_28_s390x.whl"
            },
            {
              "algorithm": "sha256",
              "hash": "44edc647873928551a01e7a563d7452ccdebee747728c1080d881d68af7b997e",
              "url": "https://files.pythonhosted.org/packages/6d/16/a95b6757765b7b031c9374925bb718d55e0a9ba8a1b6a12d25962ea44347/pyyaml-6.0.3-cp311-cp311-macosx_10_13_x86_64.whl"
            },
            {
              "algorithm": "sha256",
              "hash": "b8bb0864c5a28024fac8a632c443c87c5aa6f215c0b126c449ae1a150412f31d",
              "url": "https://files.pythonhosted.org/packages/71/60/917329f640924b18ff085ab889a11c763e0b573da888e8404ff486657602/pyyaml-6.0.3-cp311-cp311-manylinux2014_x86_64.manylinux_2_17_x86_64.manylinux_2_28_x86_64.whl"
            },
            {
              "algorithm": "sha256",
              "hash": "9c7708761fccb9397fe64bbc0395abcae8c4bf7b0eac081e12b809bf47700d0b",
              "url": "https://files.pythonhosted.org/packages/7a/1e/7acc4f0e74c4b3d9531e24739e0ab832a5edf40e64fbae1a9c01941cabd7/pyyaml-6.0.3-cp310-cp310-manylinux2014_x86_64.manylinux_2_17_x86_64.manylinux_2_28_x86_64.whl"
            },
            {
              "algorithm": "sha256",
              "hash": "fc09d0aa354569bc501d4e787133afc08552722d3ab34836a80547331bb5d4a0",
              "url": "https://files.pythonhosted.org/packages/89/a0/6cf41a19a1f2f3feab0e9c0b74134aa2ce6849093d5517a0c550fe37a648/pyyaml-6.0.3-cp312-cp312-macosx_11_0_arm64.whl"
            },
            {
              "algorithm": "sha256",
              "hash": "ba1cc08a7ccde2d2ec775841541641e4548226580ab850948cbfda66a1befcdc",
              "url": "https://files.pythonhosted.org/packages/8b/9d/b3589d3877982d4f2329302ef98a8026e7f4443c765c46cfecc8858c6b4b/pyyaml-6.0.3-cp312-cp312-manylinux2014_x86_64.manylinux_2_17_x86_64.manylinux_2_28_x86_64.whl"
            },
            {
              "algorithm": "sha256",
              "hash": "418cf3f2111bc80e0933b2cd8cd04f286338bb88bdc7bc8e6dd775ebde60b5e0",
              "url": "https://files.pythonhosted.org/packages/8b/ef/abd085f06853af0cd59fa5f913d61a8eab65d7639ff2a658d18a25d6a89d/pyyaml-6.0.3-cp310-cp310-musllinux_1_2_aarch64.whl"
            },
            {
              "algorithm": "sha256",
              "hash": "7f047e29dcae44602496db43be01ad42fc6f1cc0d8cd6c83d342306c32270196",
              "url": "https://files.pythonhosted.org/packages/d1/33/422b98d2195232ca1826284a76852ad5a86fe23e31b009c9886b2d0fb8b2/pyyaml-6.0.3-cp312-cp312-macosx_10_13_x86_64.whl"
            },
            {
              "algorithm": "sha256",
              "hash": "1d37d57ad971609cf3c53ba6a7e365e40660e3be0e5175fa9f2365a379d6095a",
              "url": "https://files.pythonhosted.org/packages/dd/6f/529b0f316a9fd167281a6c3826b5583e6192dba792dd55e3203d3f8e655a/pyyaml-6.0.3-cp311-cp311-musllinux_1_2_aarch64.whl"
            },
            {
              "algorithm": "sha256",
              "hash": "9149cad251584d5fb4981be1ecde53a1ca46c891a79788c0df828d2f166bda28",
              "url": "https://files.pythonhosted.org/packages/ed/23/7a778b6bd0b9a8039df8b1b1d80e2e2ad78aa04171592c8a5c43a56a6af4/pyyaml-6.0.3-cp312-cp312-manylinux2014_aarch64.manylinux_2_17_aarch64.manylinux_2_28_aarch64.whl"
            },
            {
              "algorithm": "sha256",
              "hash": "37503bfbfc9d2c40b344d06b2199cf0e96e97957ab1c1b546fd4f87e53e5d3e4",
              "url": "https://files.pythonhosted.org/packages/f2/6a/b627b4e0c1dd03718543519ffb2f1deea4a1e6d42fbab8021936a4d22589/pyyaml-6.0.3-cp311-cp311-musllinux_1_2_x86_64.whl"
            },
            {
              "algorithm": "sha256",
              "hash": "214ed4befebe12df36bcc8bc2b64b396ca31be9304b8f59e25c11cf94a4c033b",
              "url": "https://files.pythonhosted.org/packages/f4/a0/39350dd17dd6d6c6507025c0e53aef67a9293a6d37d3511f23ea510d5800/pyyaml-6.0.3-cp310-cp310-macosx_10_13_x86_64.whl"
            }
          ],
          "project_name": "pyyaml",
          "requires_dists": [],
          "requires_python": ">=3.8",
          "version": "6.0.3"
        },
        {
          "artifacts": [
            {
              "algorithm": "sha256",
              "hash": "793431c1f8619afa7d3b52b2cdec859562b950ea0d4b6b505397612db8d5362d",
              "url": "https://files.pythonhosted.org/packages/14/25/b208c5683343959b670dc001595f2f3737e051da617f66c31f7c4fa93abc/rich-14.3.3-py3-none-any.whl"
            },
            {
              "algorithm": "sha256",
              "hash": "b8daa0b9e4eef54dd8cf7c86c03713f53241884e814f4e2f5fb342fe520f639b",
              "url": "https://files.pythonhosted.org/packages/b3/c6/f3b320c27991c46f43ee9d856302c70dc2d0fb2dba4842ff739d5f46b393/rich-14.3.3.tar.gz"
            }
          ],
          "project_name": "rich",
          "requires_dists": [
            "ipywidgets<9,>=7.5.1; extra == \"jupyter\"",
            "markdown-it-py>=2.2.0",
            "pygments<3.0.0,>=2.13.0"
          ],
          "requires_python": ">=3.8.0",
          "version": "14.3.3"
        },
        {
          "artifacts": [
            {
              "algorithm": "sha256",
              "hash": "a59e362652f08dcd477c78bb6e7bd9d80a7995bc73ce773050228a348ce2e5bb",
              "url": "https://files.pythonhosted.org/packages/9d/76/f789f7a86709c6b087c5a2f52f911838cad707cc613162401badc665acfe/setuptools-82.0.1-py3-none-any.whl"
            },
            {
              "algorithm": "sha256",
              "hash": "7d872682c5d01cfde07da7bccc7b65469d3dca203318515ada1de5eda35efbf9",
              "url": "https://files.pythonhosted.org/packages/4f/db/cfac1baf10650ab4d1c111714410d2fbb77ac5a616db26775db562c8fab2/setuptools-82.0.1.tar.gz"
            }
          ],
          "project_name": "setuptools",
          "requires_dists": [
            "build[virtualenv]>=1.0.3; extra == \"test\"",
            "filelock>=3.4.0; extra == \"test\"",
            "furo; extra == \"doc\"",
            "importlib_metadata>=6; python_version < \"3.10\" and extra == \"core\"",
            "importlib_metadata>=7.0.2; python_version < \"3.10\" and extra == \"type\"",
            "ini2toml[lite]>=0.14; extra == \"test\"",
            "jaraco.develop>=7.21; (python_version >= \"3.9\" and sys_platform != \"cygwin\") and extra == \"test\"",
            "jaraco.develop>=7.21; sys_platform != \"cygwin\" and extra == \"type\"",
            "jaraco.envs>=2.2; extra == \"test\"",
            "jaraco.functools>=4; extra == \"core\"",
            "jaraco.packaging>=9.3; extra == \"doc\"",
            "jaraco.path>=3.7.2; extra == \"test\"",
            "jaraco.test>=5.5; extra == \"test\"",
            "jaraco.text>=3.7; extra == \"core\"",
            "jaraco.tidelift>=1.4; extra == \"doc\"",
            "more_itertools; extra == \"core\"",
            "more_itertools>=8.8; extra == \"core\"",
            "mypy==1.18.*; extra == \"type\"",
            "packaging>=24.2; extra == \"core\"",
            "packaging>=24.2; extra == \"test\"",
            "pip>=19.1; extra == \"test\"",
            "pygments-github-lexers==0.0.5; extra == \"doc\"",
            "pyproject-hooks!=1.1; extra == \"doc\"",
            "pyproject-hooks!=1.1; extra == \"test\"",
            "pytest!=8.1.*,>=6; extra == \"test\"",
            "pytest-checkdocs>=2.4; extra == \"check\"",
            "pytest-cov; extra == \"cover\"",
            "pytest-enabler>=2.2; extra == \"enabler\"",
            "pytest-home>=0.5; extra == \"test\"",
            "pytest-mypy; extra == \"type\"",
            "pytest-perf; sys_platform != \"cygwin\" and extra == \"test\"",
            "pytest-ruff>=0.2.1; sys_platform != \"cygwin\" and extra == \"check\"",
            "pytest-subprocess; extra == \"test\"",
            "pytest-timeout; extra == \"test\"",
            "pytest-xdist>=3; extra == \"test\"",
            "rst.linker>=1.9; extra == \"doc\"",
            "ruff>=0.13.0; sys_platform != \"cygwin\" and extra == \"check\"",
            "sphinx-favicon; extra == \"doc\"",
            "sphinx-inline-tabs; extra == \"doc\"",
            "sphinx-lint; extra == \"doc\"",
            "sphinx-notfound-page<2,>=1; extra == \"doc\"",
            "sphinx-reredirects; extra == \"doc\"",
            "sphinx>=3.5; extra == \"doc\"",
            "sphinxcontrib-towncrier; extra == \"doc\"",
            "tomli-w>=1.0.0; extra == \"test\"",
            "tomli>=2.0.1; python_version < \"3.11\" and extra == \"core\"",
            "towncrier<24.7; extra == \"doc\"",
            "virtualenv>=13.0.0; extra == \"test\"",
            "wheel>=0.43.0; extra == \"core\"",
            "wheel>=0.44.0; extra == \"test\""
          ],
          "requires_python": ">=3.9",
          "version": "82.0.1"
        },
        {
          "artifacts": [
            {
              "algorithm": "sha256",
              "hash": "c106e05d5a61449cf6ba9a1e650227ecfb141590d2a98412103ff35d89fc7b2f",
              "url": "https://files.pythonhosted.org/packages/c1/d4/59e74daffcb57a07668852eeeb6035af9f32cbfd7a1d2511f17d2fe6a738/smmap-5.0.3-py3-none-any.whl"
            },
            {
              "algorithm": "sha256",
              "hash": "4d9debb8b99007ae47165abc08670bd74cb74b5227dda7f643eccc4e9eb5642c",
              "url": "https://files.pythonhosted.org/packages/1f/ea/49c993d6dfdd7338c9b1000a0f36817ed7ec84577ae2e52f890d1a4ff909/smmap-5.0.3.tar.gz"
            }
          ],
          "project_name": "smmap",
          "requires_dists": [],
          "requires_python": ">=3.7",
          "version": "5.0.3"
        },
        {
          "artifacts": [
            {
              "algorithm": "sha256",
              "hash": "fd25efbb32f1abb4c9e502f385f0018632baac11f9ee5d1b70f88cc5e22ad4ed",
              "url": "https://files.pythonhosted.org/packages/69/06/36d260a695f383345ab5bbc3fd447249594ae2fa8dfd19c533d5ae23f46b/stevedore-5.7.0-py3-none-any.whl"
            },
            {
              "algorithm": "sha256",
              "hash": "31dd6fe6b3cbe921e21dcefabc9a5f1cf848cf538a1f27543721b8ca09948aa3",
              "url": "https://files.pythonhosted.org/packages/a2/6d/90764092216fa560f6587f83bb70113a8ba510ba436c6476a2b47359057c/stevedore-5.7.0.tar.gz"
            }
          ],
          "project_name": "stevedore",
          "requires_dists": [],
          "requires_python": ">=3.10",
          "version": "5.7.0"
        }
      ],
      "platform_tag": null
    }
  ],
  "only_builds": [],
  "only_wheels": [],
  "overridden": [],
  "path_mappings": {},
  "pex_version": "2.32.1",
  "pip_version": "24.2",
  "prefer_older_binary": false,
  "requirements": [
    "GitPython>=3.1.24",
    "bandit<1.8,>=1.7.0",
    "setuptools"
  ],
  "requires_python": [
    "<3.13,>=3.10.1"
  ],
  "resolver_version": "pip-2020-resolver",
  "style": "universal",
  "target_systems": [
    "linux",
    "mac"
  ],
  "transitive": true,
  "use_pep517": null,
  "use_system_time": false
}
