// This lockfile was autogenerated by Pants. To regenerate, run:
//
//    pants generate-lockfiles --resolve=flake8
//
// --- BEGIN PANTS LOCKFILE METADATA: DO NOT EDIT OR REMOVE ---
// {
//   "version": 3,
//   "valid_for_interpreter_constraints": [
//     "CPython<3.12,>=3.8.1"
//   ],
//   "generated_with_requirements": [
//     "flake8==7.0.0",
//     "st2flake8>0.1.0"
//   ],
//   "manylinux": "manylinux2014",
//   "requirement_constraints": [],
//   "only_binary": [],
//   "no_binary": []
// }
// --- END PANTS LOCKFILE METADATA ---

{
  "allow_builds": true,
  "allow_prereleases": false,
  "allow_wheels": true,
  "build_isolation": true,
  "constraints": [],
  "excluded": [],
  "locked_resolves": [
    {
      "locked_requirements": [
        {
          "artifacts": [
            {
              "algorithm": "sha256",
              "hash": "a6dfbb75e03252917f2473ea9653f7cd799c3064e54d4c8140044c5c065f53c3",
              "url": "https://files.pythonhosted.org/packages/e3/01/cc8cdec7b61db0315c2ab62d80677a138ef06832ec17f04d87e6ef858f7f/flake8-7.0.0-py2.py3-none-any.whl"
            },
            {
              "algorithm": "sha256",
              "hash": "33f96621059e65eec474169085dc92bf26e7b2d47366b70be2f67ab80dc25132",
              "url": "https://files.pythonhosted.org/packages/40/3c/3464b567aa367b221fa610bbbcce8015bf953977d21e52f2d711b526fb48/flake8-7.0.0.tar.gz"
            }
          ],
          "project_name": "flake8",
          "requires_dists": [
            "mccabe<0.8.0,>=0.7.0",
            "pycodestyle<2.12.0,>=2.11.0",
            "pyflakes<3.3.0,>=3.2.0"
          ],
          "requires_python": ">=3.8.1",
          "version": "7.0.0"
        },
        {
          "artifacts": [
            {
              "algorithm": "sha256",
              "hash": "5d33d900c4183bb6748692407867229d1e5b84016a100e8899a7f58dcf52223f",
              "url": "https://files.pythonhosted.org/packages/b6/11/6e36be1703a28cb91e97aca402df49027ae3a05a6405d836a98b8dc24306/flake8_copyright-0.2.4-py3-none-any.whl"
            },
            {
              "algorithm": "sha256",
              "hash": "b78491fcf575266d7e78dcfa899c876edd1c29929d247de3408bf4e3f971bf1c",
              "url": "https://files.pythonhosted.org/packages/f0/8d/2a98bea4c71203fe1cc01f36af5ac222664f816834ea5d778e0a237c5325/flake8-copyright-0.2.4.tar.gz"
            }
          ],
          "project_name": "flake8-copyright",
          "requires_dists": [
            "setuptools"
          ],
          "requires_python": null,
          "version": "0.2.4"
        },
        {
          "artifacts": [
            {
              "algorithm": "sha256",
              "hash": "6c2d30ab6be0e4a46919781807b4f0d834ebdd6c6e3dca0bda5a15f863427b6e",
              "url": "https://files.pythonhosted.org/packages/27/1a/1f68f9ba0c207934b35b86a8ca3aad8395a3d6dd7921c0686e23853ff5a9/mccabe-0.7.0-py2.py3-none-any.whl"
            },
            {
              "algorithm": "sha256",
              "hash": "348e0240c33b60bbdf4e523192ef919f28cb2c3d7d5c7794f74009290f236325",
              "url": "https://files.pythonhosted.org/packages/e7/ff/0ffefdcac38932a54d2b5eed4e0ba8a408f215002cd178ad1df0f2806ff8/mccabe-0.7.0.tar.gz"
            }
          ],
          "project_name": "mccabe",
          "requires_dists": [],
          "requires_python": ">=3.6",
          "version": "0.7.0"
        },
        {
          "artifacts": [
            {
              "algorithm": "sha256",
              "hash": "44fe31000b2d866f2e41841b18528a505fbd7fef9017b04eff4e2648a0fadc67",
              "url": "https://files.pythonhosted.org/packages/b1/90/a998c550d0ddd07e38605bb5c455d00fcc177a800ff9cc3dafdcb3dd7b56/pycodestyle-2.11.1-py2.py3-none-any.whl"
            },
            {
              "algorithm": "sha256",
              "hash": "41ba0e7afc9752dfb53ced5489e89f8186be00e599e712660695b7a75ff2663f",
              "url": "https://files.pythonhosted.org/packages/34/8f/fa09ae2acc737b9507b5734a9aec9a2b35fa73409982f57db1b42f8c3c65/pycodestyle-2.11.1.tar.gz"
            }
          ],
          "project_name": "pycodestyle",
          "requires_dists": [],
          "requires_python": ">=3.8",
          "version": "2.11.1"
        },
        {
          "artifacts": [
            {
              "algorithm": "sha256",
              "hash": "84b5be138a2dfbb40689ca07e2152deb896a65c3a3e24c251c5c62489568074a",
              "url": "https://files.pythonhosted.org/packages/d4/d7/f1b7db88d8e4417c5d47adad627a93547f44bdc9028372dbd2313f34a855/pyflakes-3.2.0-py2.py3-none-any.whl"
            },
            {
              "algorithm": "sha256",
              "hash": "1c61603ff154621fb2a9172037d84dca3500def8c8b630657d1701f026f8af3f",
              "url": "https://files.pythonhosted.org/packages/57/f9/669d8c9c86613c9d568757c7f5824bd3197d7b1c6c27553bc5618a27cce2/pyflakes-3.2.0.tar.gz"
            }
          ],
          "project_name": "pyflakes",
          "requires_dists": [],
          "requires_python": ">=3.8",
          "version": "3.2.0"
        },
        {
          "artifacts": [
            {
              "algorithm": "sha256",
              "hash": "f2504966861356aa38616760c0f66568e535562374995367b4e69c7143cf6bcd",
              "url": "https://files.pythonhosted.org/packages/90/12/282ee9bce8b58130cb762fbc9beabd531549952cac11fc56add11dcb7ea0/setuptools-75.3.0-py3-none-any.whl"
            },
            {
              "algorithm": "sha256",
              "hash": "fba5dd4d766e97be1b1681d98712680ae8f2f26d7881245f2ce9e40714f1a686",
              "url": "https://files.pythonhosted.org/packages/ed/22/a438e0caa4576f8c383fa4d35f1cc01655a46c75be358960d815bfbb12bd/setuptools-75.3.0.tar.gz"
            }
          ],
          "project_name": "setuptools",
          "requires_dists": [
            "build[virtualenv]>=1.0.3; extra == \"test\"",
            "filelock>=3.4.0; extra == \"test\"",
            "furo; extra == \"doc\"",
            "importlib-metadata>=6; python_version < \"3.10\" and extra == \"core\"",
            "importlib-metadata>=7.0.2; python_version < \"3.10\" and extra == \"type\"",
            "importlib-resources>=5.10.2; python_version < \"3.9\" and extra == \"core\"",
            "ini2toml[lite]>=0.14; extra == \"test\"",
            "jaraco.collections; extra == \"core\"",
            "jaraco.develop>=7.21; (python_version >= \"3.9\" and sys_platform != \"cygwin\") and extra == \"test\"",
            "jaraco.develop>=7.21; sys_platform != \"cygwin\" and extra == \"type\"",
            "jaraco.envs>=2.2; extra == \"test\"",
            "jaraco.functools; extra == \"core\"",
            "jaraco.packaging>=9.3; extra == \"doc\"",
            "jaraco.path>=3.2.0; extra == \"test\"",
            "jaraco.test>=5.5; extra == \"test\"",
            "jaraco.text>=3.7; extra == \"core\"",
            "jaraco.tidelift>=1.4; extra == \"doc\"",
            "more-itertools; extra == \"core\"",
            "more-itertools>=8.8; extra == \"core\"",
            "mypy==1.12.*; extra == \"type\"",
            "packaging; extra == \"core\"",
            "packaging>=23.2; extra == \"test\"",
            "packaging>=24; extra == \"core\"",
            "pip>=19.1; extra == \"test\"",
            "platformdirs>=4.2.2; extra == \"core\"",
            "pygments-github-lexers==0.0.5; extra == \"doc\"",
            "pyproject-hooks!=1.1; extra == \"doc\"",
            "pyproject-hooks!=1.1; extra == \"test\"",
            "pytest!=8.1.*,>=6; extra == \"test\"",
            "pytest-checkdocs>=2.4; extra == \"check\"",
            "pytest-cov; extra == \"cover\"",
            "pytest-enabler>=2.2; extra == \"enabler\"",
            "pytest-home>=0.5; extra == \"test\"",
            "pytest-mypy; extra == \"type\"",
            "pytest-perf; sys_platform != \"cygwin\" and extra == \"test\"",
            "pytest-ruff>=0.2.1; sys_platform != \"cygwin\" and extra == \"check\"",
            "pytest-subprocess; extra == \"test\"",
            "pytest-timeout; extra == \"test\"",
            "pytest-xdist>=3; extra == \"test\"",
            "rst.linker>=1.9; extra == \"doc\"",
            "ruff>=0.5.2; sys_platform != \"cygwin\" and extra == \"check\"",
            "sphinx-favicon; extra == \"doc\"",
            "sphinx-inline-tabs; extra == \"doc\"",
            "sphinx-lint; extra == \"doc\"",
            "sphinx-notfound-page<2,>=1; extra == \"doc\"",
            "sphinx-reredirects; extra == \"doc\"",
            "sphinx>=3.5; extra == \"doc\"",
            "sphinxcontrib-towncrier; extra == \"doc\"",
            "tomli-w>=1.0.0; extra == \"test\"",
            "tomli>=2.0.1; python_version < \"3.11\" and extra == \"core\"",
            "towncrier<24.7; extra == \"doc\"",
            "virtualenv>=13.0.0; extra == \"test\"",
            "wheel>=0.43.0; extra == \"core\"",
            "wheel>=0.44.0; extra == \"test\""
          ],
          "requires_python": ">=3.8",
          "version": "75.3.0"
        },
        {
          "artifacts": [
            {
              "algorithm": "sha256",
              "hash": "d9e64bcf917efc6150f1f1983140f6839acff60e25126b605549c6c962a1943d",
              "url": "https://files.pythonhosted.org/packages/5d/a5/dc538953534164ca5a599e9184d1c3833b5f683ca8a8c1cdf8e596ff8432/st2flake8-0.2.0-py3-none-any.whl"
            },
            {
              "algorithm": "sha256",
              "hash": "abf17ded90c2895f7af94fd45ae3205ab2b6c1d5172334e52baf1b55ae63c420",
              "url": "https://files.pythonhosted.org/packages/f7/24/afaa38ffd3b38f2d7cc92368e6ec2c41d54a7dc77ff9e51dce39944c239f/st2flake8-0.2.0.tar.gz"
            }
          ],
          "project_name": "st2flake8",
          "requires_dists": [
            "flake8-copyright==0.2.4"
          ],
          "requires_python": null,
          "version": "0.2.0"
        }
      ],
      "platform_tag": null
    }
  ],
  "only_builds": [],
  "only_wheels": [],
  "overridden": [],
  "path_mappings": {},
  "pex_version": "2.16.2",
  "pip_version": "24.0",
  "prefer_older_binary": false,
  "requirements": [
    "flake8==7.0.0",
    "st2flake8>0.1.0"
  ],
  "requires_python": [
    "<3.12,>=3.8.1"
  ],
  "resolver_version": "pip-2020-resolver",
  "style": "universal",
  "target_systems": [
    "linux",
    "mac"
  ],
  "transitive": true,
  "use_pep517": null
}
