// This lockfile was autogenerated by Pants. To regenerate, run:
//
//    pants generate-lockfiles --resolve=pylint
//
// --- BEGIN PANTS LOCKFILE METADATA: DO NOT EDIT OR REMOVE ---
// {
//   "version": 3,
//   "valid_for_interpreter_constraints": [
//     "CPython<3.10,>=3.8"
//   ],
//   "generated_with_requirements": [
//     "astroid",
//     "pylint~=3.1.0",
//     "setuptools"
//   ],
//   "manylinux": "manylinux2014",
//   "requirement_constraints": [],
//   "only_binary": [],
//   "no_binary": []
// }
// --- END PANTS LOCKFILE METADATA ---

{
  "allow_builds": true,
  "allow_prereleases": false,
  "allow_wheels": true,
  "build_isolation": true,
  "constraints": [],
  "locked_resolves": [
    {
      "locked_requirements": [
        {
          "artifacts": [
            {
              "algorithm": "sha256",
              "hash": "951798f922990137ac090c53af473db7ab4e70c770e6d7fae0cec59f74411819",
              "url": "https://files.pythonhosted.org/packages/ed/1c/ee18acf9070f77253954b7d71b4c0cf8f5969fb23067d8f1a8793573ba00/astroid-3.1.0-py3-none-any.whl"
            },
            {
              "algorithm": "sha256",
              "hash": "ac248253bfa4bd924a0de213707e7ebeeb3138abeb48d798784ead1e56d419d4",
              "url": "https://files.pythonhosted.org/packages/a9/b9/f11533eed9b65606fb02f1b0994d8ed0903358bc55a6b9759e42f1134725/astroid-3.1.0.tar.gz"
            }
          ],
          "project_name": "astroid",
          "requires_dists": [
            "typing-extensions>=4.0.0; python_version < \"3.11\""
          ],
          "requires_python": ">=3.8.0",
          "version": "3.1.0"
        },
        {
          "artifacts": [
            {
              "algorithm": "sha256",
              "hash": "c36ca9ffb54365bdd2f8eb3eff7d2a21237f8452b57ace88b1ac615b7e815bd7",
              "url": "https://files.pythonhosted.org/packages/c9/7a/cef76fd8438a42f96db64ddaa85280485a9c395e7df3db8158cfec1eee34/dill-0.3.8-py3-none-any.whl"
            },
            {
              "algorithm": "sha256",
              "hash": "3ebe3c479ad625c4553aca177444d89b486b1d84982eeacded644afc0cf797ca",
              "url": "https://files.pythonhosted.org/packages/17/4d/ac7ffa80c69ea1df30a8aa11b3578692a5118e7cd1aa157e3ef73b092d15/dill-0.3.8.tar.gz"
            }
          ],
          "project_name": "dill",
          "requires_dists": [
            "gprof2dot>=2022.7.29; extra == \"profile\"",
            "objgraph>=1.7.2; extra == \"graph\""
          ],
          "requires_python": ">=3.8",
          "version": "0.3.8"
        },
        {
          "artifacts": [
            {
              "algorithm": "sha256",
              "hash": "8ca5e72a8d85860d5a3fa69b8745237f2939afe12dbf656afbcb47fe72d947a6",
              "url": "https://files.pythonhosted.org/packages/d1/b3/8def84f539e7d2289a02f0524b944b15d7c75dab7628bedf1c4f0992029c/isort-5.13.2-py3-none-any.whl"
            },
            {
              "algorithm": "sha256",
              "hash": "48fdfcb9face5d58a4f6dde2e72a1fb8dcaf8ab26f95ab49fab84c2ddefb0109",
              "url": "https://files.pythonhosted.org/packages/87/f9/c1eb8635a24e87ade2efce21e3ce8cd6b8630bb685ddc9cdaca1349b2eb5/isort-5.13.2.tar.gz"
            }
          ],
          "project_name": "isort",
          "requires_dists": [
            "colorama>=0.4.6; extra == \"colors\""
          ],
          "requires_python": ">=3.8.0",
          "version": "5.13.2"
        },
        {
          "artifacts": [
            {
              "algorithm": "sha256",
              "hash": "6c2d30ab6be0e4a46919781807b4f0d834ebdd6c6e3dca0bda5a15f863427b6e",
              "url": "https://files.pythonhosted.org/packages/27/1a/1f68f9ba0c207934b35b86a8ca3aad8395a3d6dd7921c0686e23853ff5a9/mccabe-0.7.0-py2.py3-none-any.whl"
            },
            {
              "algorithm": "sha256",
              "hash": "348e0240c33b60bbdf4e523192ef919f28cb2c3d7d5c7794f74009290f236325",
              "url": "https://files.pythonhosted.org/packages/e7/ff/0ffefdcac38932a54d2b5eed4e0ba8a408f215002cd178ad1df0f2806ff8/mccabe-0.7.0.tar.gz"
            }
          ],
          "project_name": "mccabe",
          "requires_dists": [],
          "requires_python": ">=3.6",
          "version": "0.7.0"
        },
        {
          "artifacts": [
            {
              "algorithm": "sha256",
              "hash": "17d5a1161b3fd67b390023cb2d3b026bbd40abde6fdb052dfbd3a29c3ba22ee1",
              "url": "https://files.pythonhosted.org/packages/b0/15/1691fa5aaddc0c4ea4901c26f6137c29d5f6673596fe960a0340e8c308e1/platformdirs-4.2.1-py3-none-any.whl"
            },
            {
              "algorithm": "sha256",
              "hash": "031cd18d4ec63ec53e82dceaac0417d218a6863f7745dfcc9efe7793b7039bdf",
              "url": "https://files.pythonhosted.org/packages/b2/e4/2856bf61e54d7e3a03dd00d0c1b5fa86e6081e8f262eb91befbe64d20937/platformdirs-4.2.1.tar.gz"
            }
          ],
          "project_name": "platformdirs",
          "requires_dists": [
            "appdirs==1.4.4; extra == \"test\"",
            "covdefaults>=2.3; extra == \"test\"",
            "furo>=2023.9.10; extra == \"docs\"",
            "mypy>=1.8; extra == \"type\"",
            "proselint>=0.13; extra == \"docs\"",
            "pytest-cov>=4.1; extra == \"test\"",
            "pytest-mock>=3.12; extra == \"test\"",
            "pytest>=7.4.3; extra == \"test\"",
            "sphinx-autodoc-typehints>=1.25.2; extra == \"docs\"",
            "sphinx>=7.2.6; extra == \"docs\""
          ],
          "requires_python": ">=3.8",
          "version": "4.2.1"
        },
        {
          "artifacts": [
            {
              "algorithm": "sha256",
              "hash": "507a5b60953874766d8a366e8e8c7af63e058b26345cfcb5f91f89d987fd6b74",
              "url": "https://files.pythonhosted.org/packages/4d/2b/dfcf298607c73c3af47d5a699c3bd84ba580f1b8642a53ba2a53eead7c49/pylint-3.1.0-py3-none-any.whl"
            },
            {
              "algorithm": "sha256",
              "hash": "6a69beb4a6f63debebaab0a3477ecd0f559aa726af4954fc948c51f7a2549e23",
              "url": "https://files.pythonhosted.org/packages/35/1c/4a8135f77a4ec8c0a6dc1d4543dd6fee55b36bb8bf629e2bcce8a94763a9/pylint-3.1.0.tar.gz"
            }
          ],
          "project_name": "pylint",
          "requires_dists": [
            "astroid<=3.2.0-dev0,>=3.1.0",
            "colorama>=0.4.5; sys_platform == \"win32\"",
            "dill>=0.2; python_version < \"3.11\"",
            "dill>=0.3.6; python_version >= \"3.11\"",
            "dill>=0.3.7; python_version >= \"3.12\"",
            "gitpython>3; extra == \"testutils\"",
            "isort!=5.13.0,<6,>=4.2.5",
            "mccabe<0.8,>=0.6",
            "platformdirs>=2.2.0",
            "pyenchant~=3.2; extra == \"spelling\"",
            "tomli>=1.1.0; python_version < \"3.11\"",
            "tomlkit>=0.10.1",
            "typing-extensions>=3.10.0; python_version < \"3.10\""
          ],
          "requires_python": ">=3.8.0",
          "version": "3.1.0"
        },
        {
          "artifacts": [
            {
              "algorithm": "sha256",
              "hash": "c636ac361bc47580504644275c9ad802c50415c7522212252c033bd15f301f32",
              "url": "https://files.pythonhosted.org/packages/f7/29/13965af254e3373bceae8fb9a0e6ea0d0e571171b80d6646932131d6439b/setuptools-69.5.1-py3-none-any.whl"
            },
            {
              "algorithm": "sha256",
              "hash": "6c1fccdac05a97e598fb0ae3bbed5904ccb317337a51139dcd51453611bbb987",
              "url": "https://files.pythonhosted.org/packages/d6/4f/b10f707e14ef7de524fe1f8988a294fb262a29c9b5b12275c7e188864aed/setuptools-69.5.1.tar.gz"
            }
          ],
          "project_name": "setuptools",
          "requires_dists": [
            "build[virtualenv]; extra == \"testing\"",
            "build[virtualenv]>=1.0.3; extra == \"testing-integration\"",
            "filelock>=3.4.0; extra == \"testing\"",
            "filelock>=3.4.0; extra == \"testing-integration\"",
            "furo; extra == \"docs\"",
            "importlib-metadata; extra == \"testing\"",
            "ini2toml[lite]>=0.9; extra == \"testing\"",
            "jaraco.develop>=7.21; (python_version >= \"3.9\" and sys_platform != \"cygwin\") and extra == \"testing\"",
            "jaraco.envs>=2.2; extra == \"testing\"",
            "jaraco.envs>=2.2; extra == \"testing-integration\"",
            "jaraco.packaging>=9.3; extra == \"docs\"",
            "jaraco.path>=3.2.0; extra == \"testing\"",
            "jaraco.path>=3.2.0; extra == \"testing-integration\"",
            "jaraco.tidelift>=1.4; extra == \"docs\"",
            "mypy==1.9; extra == \"testing\"",
            "packaging>=23.2; extra == \"testing\"",
            "packaging>=23.2; extra == \"testing-integration\"",
            "pip>=19.1; extra == \"testing\"",
            "pygments-github-lexers==0.0.5; extra == \"docs\"",
            "pytest!=8.1.1,>=6; extra == \"testing\"",
            "pytest-checkdocs>=2.4; extra == \"testing\"",
            "pytest-cov; platform_python_implementation != \"PyPy\" and extra == \"testing\"",
            "pytest-enabler; extra == \"testing-integration\"",
            "pytest-enabler>=2.2; extra == \"testing\"",
            "pytest-home>=0.5; extra == \"testing\"",
            "pytest-mypy; extra == \"testing\"",
            "pytest-perf; sys_platform != \"cygwin\" and extra == \"testing\"",
            "pytest-ruff>=0.2.1; sys_platform != \"cygwin\" and extra == \"testing\"",
            "pytest-timeout; extra == \"testing\"",
            "pytest-xdist; extra == \"testing-integration\"",
            "pytest-xdist>=3; extra == \"testing\"",
            "pytest; extra == \"testing-integration\"",
            "rst.linker>=1.9; extra == \"docs\"",
            "sphinx-favicon; extra == \"docs\"",
            "sphinx-inline-tabs; extra == \"docs\"",
            "sphinx-lint; extra == \"docs\"",
            "sphinx-notfound-page<2,>=1; extra == \"docs\"",
            "sphinx-reredirects; extra == \"docs\"",
            "sphinx>=3.5; extra == \"docs\"",
            "sphinxcontrib-towncrier; extra == \"docs\"",
            "tomli-w>=1.0.0; extra == \"testing\"",
            "tomli; extra == \"testing\"",
            "tomli; extra == \"testing-integration\"",
            "virtualenv>=13.0.0; extra == \"testing\"",
            "virtualenv>=13.0.0; extra == \"testing-integration\"",
            "wheel; extra == \"testing\"",
            "wheel; extra == \"testing-integration\""
          ],
          "requires_python": ">=3.8",
          "version": "69.5.1"
        },
        {
          "artifacts": [
            {
              "algorithm": "sha256",
              "hash": "939de3e7a6161af0c887ef91b7d41a53e7c5a1ca976325f429cb46ea9bc30ecc",
              "url": "https://files.pythonhosted.org/packages/97/75/10a9ebee3fd790d20926a90a2547f0bf78f371b2f13aa822c759680ca7b9/tomli-2.0.1-py3-none-any.whl"
            },
            {
              "algorithm": "sha256",
              "hash": "de526c12914f0c550d15924c62d72abc48d6fe7364aa87328337a31007fe8a4f",
              "url": "https://files.pythonhosted.org/packages/c0/3f/d7af728f075fb08564c5949a9c95e44352e23dee646869fa104a3b2060a3/tomli-2.0.1.tar.gz"
            }
          ],
          "project_name": "tomli",
          "requires_dists": [],
          "requires_python": ">=3.7",
          "version": "2.0.1"
        },
        {
          "artifacts": [
            {
              "algorithm": "sha256",
              "hash": "5cd82d48a3dd89dee1f9d64420aa20ae65cfbd00668d6f094d7578a78efbb77b",
              "url": "https://files.pythonhosted.org/packages/07/fa/c96545d741f2fd47f565e4e06bfef0962add790cb9c2289d900102b55eca/tomlkit-0.12.4-py3-none-any.whl"
            },
            {
              "algorithm": "sha256",
              "hash": "7ca1cfc12232806517a8515047ba66a19369e71edf2439d0f5824f91032b6cc3",
              "url": "https://files.pythonhosted.org/packages/7d/49/4c0764898ee67618996148bdba4534a422c5e698b4dbf4001f7c6f930797/tomlkit-0.12.4.tar.gz"
            }
          ],
          "project_name": "tomlkit",
          "requires_dists": [],
          "requires_python": ">=3.7",
          "version": "0.12.4"
        },
        {
          "artifacts": [
            {
              "algorithm": "sha256",
              "hash": "c1f94d72897edaf4ce775bb7558d5b79d8126906a14ea5ed1635921406c0387a",
              "url": "https://files.pythonhosted.org/packages/01/f3/936e209267d6ef7510322191003885de524fc48d1b43269810cd589ceaf5/typing_extensions-4.11.0-py3-none-any.whl"
            },
            {
              "algorithm": "sha256",
              "hash": "83f085bd5ca59c80295fc2a82ab5dac679cbe02b9f33f7d83af68e241bea51b0",
              "url": "https://files.pythonhosted.org/packages/f6/f3/b827b3ab53b4e3d8513914586dcca61c355fa2ce8252dea4da56e67bf8f2/typing_extensions-4.11.0.tar.gz"
            }
          ],
          "project_name": "typing-extensions",
          "requires_dists": [],
          "requires_python": ">=3.8",
          "version": "4.11.0"
        }
      ],
      "platform_tag": null
    }
  ],
  "path_mappings": {},
  "pex_version": "2.1.137",
  "pip_version": "23.1.2",
  "prefer_older_binary": false,
  "requirements": [
    "astroid",
    "pylint~=3.1.0",
    "setuptools"
  ],
  "requires_python": [
    "<3.10,>=3.8"
  ],
  "resolver_version": "pip-2020-resolver",
  "style": "universal",
  "target_systems": [
    "linux",
    "mac"
  ],
  "transitive": true,
  "use_pep517": null
}
