// This lockfile was autogenerated by Pants. To regenerate, run:
//
//    pants generate-lockfiles --resolve=pytest
//
// --- BEGIN PANTS LOCKFILE METADATA: DO NOT EDIT OR REMOVE ---
// {
//   "version": 3,
//   "valid_for_interpreter_constraints": [
//     "CPython<3.11,>=3.8"
//   ],
//   "generated_with_requirements": [
//     "pygments",
//     "pytest-benchmark[histogram]==3.4.1",
//     "pytest-cov!=2.12.1,<3.1,>=2.12",
//     "pytest-icdiff",
//     "pytest-xdist<3,>=2.5",
//     "pytest==7.0.1"
//   ],
//   "manylinux": "manylinux2014",
//   "requirement_constraints": [],
//   "only_binary": [],
//   "no_binary": []
// }
// --- END PANTS LOCKFILE METADATA ---

{
  "allow_builds": true,
  "allow_prereleases": false,
  "allow_wheels": true,
  "build_isolation": true,
  "constraints": [],
  "locked_resolves": [
    {
      "locked_requirements": [
        {
          "artifacts": [
            {
              "algorithm": "sha256",
              "hash": "99b87a485a5820b23b879f04c2305b44b951b502fd64be915879d77a7e8fc6f1",
              "url": "https://files.pythonhosted.org/packages/e0/44/827b2a91a5816512fcaf3cc4ebc465ccd5d598c45cefa6703fcf4a79018f/attrs-23.2.0-py3-none-any.whl"
            },
            {
              "algorithm": "sha256",
              "hash": "935dc3b529c262f6cf76e50877d35a4bd3c1de194fd41f47a2b7ae8f19971f30",
              "url": "https://files.pythonhosted.org/packages/e3/fc/f800d51204003fa8ae392c4e8278f256206e7a919b708eef054f5f4b650d/attrs-23.2.0.tar.gz"
            }
          ],
          "project_name": "attrs",
          "requires_dists": [
            "attrs[tests-mypy]; extra == \"tests-no-zope\"",
            "attrs[tests-no-zope]; extra == \"tests\"",
            "attrs[tests]; extra == \"cov\"",
            "attrs[tests]; extra == \"dev\"",
            "cloudpickle; platform_python_implementation == \"CPython\" and extra == \"tests-no-zope\"",
            "coverage[toml]>=5.3; extra == \"cov\"",
            "furo; extra == \"docs\"",
            "hypothesis; extra == \"tests-no-zope\"",
            "importlib-metadata; python_version < \"3.8\"",
            "mypy>=1.6; (platform_python_implementation == \"CPython\" and python_version >= \"3.8\") and extra == \"tests-mypy\"",
            "myst-parser; extra == \"docs\"",
            "pre-commit; extra == \"dev\"",
            "pympler; extra == \"tests-no-zope\"",
            "pytest-mypy-plugins; (platform_python_implementation == \"CPython\" and python_version >= \"3.8\") and extra == \"tests-mypy\"",
            "pytest-xdist[psutil]; extra == \"tests-no-zope\"",
            "pytest>=4.3.0; extra == \"tests-no-zope\"",
            "sphinx-notfound-page; extra == \"docs\"",
            "sphinx; extra == \"docs\"",
            "sphinxcontrib-towncrier; extra == \"docs\"",
            "towncrier; extra == \"docs\"",
            "zope-interface; extra == \"docs\"",
            "zope-interface; extra == \"tests\""
          ],
          "requires_python": ">=3.7",
          "version": "23.2.0"
        },
        {
          "artifacts": [
            {
              "algorithm": "sha256",
              "hash": "2b57780b51084d5223eee7b59f0d4911c31c16ee5aa12737c7a02455829ff067",
              "url": "https://files.pythonhosted.org/packages/34/81/f00ce7ef95479085feb01fa9e352b2b5b2b9d24767acf2266d6267a6dba9/coverage-7.5.0-pp38.pp39.pp310-none-any.whl"
            },
            {
              "algorithm": "sha256",
              "hash": "db2de4e546f0ec4b2787d625e0b16b78e99c3e21bc1722b4977c0dddf11ca84e",
              "url": "https://files.pythonhosted.org/packages/12/7f/9b787ffc31bc39aa9e98c7005b698e7c6539bd222043e4a9c83b83c782a2/coverage-7.5.0-cp39-cp39-manylinux_2_5_x86_64.manylinux1_x86_64.manylinux_2_17_x86_64.manylinux2014_x86_64.whl"
            },
            {
              "algorithm": "sha256",
              "hash": "2055c4fb9a6ff624253d432aa471a37202cd8f458c033d6d989be4499aed037b",
              "url": "https://files.pythonhosted.org/packages/16/94/1e348cd4445404c588ec8199adde0b45727b1d7989d8fb097d39c93e3da5/coverage-7.5.0-cp39-cp39-musllinux_1_1_i686.whl"
            },
            {
              "algorithm": "sha256",
              "hash": "075299460948cd12722a970c7eae43d25d37989da682997687b34ae6b87c0ef0",
              "url": "https://files.pythonhosted.org/packages/28/17/6fe1695d2a706e586b87a407598f4ed82dd218b2b43cdc790f695f259849/coverage-7.5.0-cp39-cp39-musllinux_1_1_x86_64.whl"
            },
            {
              "algorithm": "sha256",
              "hash": "39793731182c4be939b4be0cdecde074b833f6171313cf53481f869937129ed3",
              "url": "https://files.pythonhosted.org/packages/2c/0e/23a388f3ce16c5ea01a454fef6a9039115abd40b748027d4fef18b3628a7/coverage-7.5.0-cp310-cp310-manylinux_2_5_i686.manylinux1_i686.manylinux_2_17_i686.manylinux2014_i686.whl"
            },
            {
              "algorithm": "sha256",
              "hash": "e7c211f25777746d468d76f11719e64acb40eed410d81c26cefac641975beb88",
              "url": "https://files.pythonhosted.org/packages/2f/75/2034dcd84ab85dcfc7dafa1ef2ed2ae4deedca6ef0a60cf0fb1a1fe62fe3/coverage-7.5.0-cp38-cp38-musllinux_1_1_x86_64.whl"
            },
            {
              "algorithm": "sha256",
              "hash": "432949a32c3e3f820af808db1833d6d1631664d53dd3ce487aa25d574e18ad1c",
              "url": "https://files.pythonhosted.org/packages/31/db/08d54dbc12fdfe5857b06105fd1235bdebb7da7c11cd1a0fae936556162a/coverage-7.5.0-cp310-cp310-macosx_10_9_x86_64.whl"
            },
            {
              "algorithm": "sha256",
              "hash": "4d0e206259b73af35c4ec1319fd04003776e11e859936658cb6ceffdeba0f5be",
              "url": "https://files.pythonhosted.org/packages/31/ee/9998a0d855cad5f8e04062f7428b83c34aa643e5df468409593a480d5585/coverage-7.5.0-cp39-cp39-musllinux_1_1_aarch64.whl"
            },
            {
              "algorithm": "sha256",
              "hash": "a9960dd1891b2ddf13a7fe45339cd59ecee3abb6b8326d8b932d0c5da208104f",
              "url": "https://files.pythonhosted.org/packages/36/1d/8a6cdd1ac5c5f2456629abbbf6d5a5b761930d72fa341b7ad69d345d4f54/coverage-7.5.0-cp38-cp38-musllinux_1_1_aarch64.whl"
            },
            {
              "algorithm": "sha256",
              "hash": "cf62d17310f34084c59c01e027259076479128d11e4661bb6c9acb38c5e19bb8",
              "url": "https://files.pythonhosted.org/packages/52/d3/3ec80acdd57a0d6a1111b978ade388824f37126446fd6750d38bfaca949c/coverage-7.5.0.tar.gz"
            },
            {
              "algorithm": "sha256",
              "hash": "a898c11dca8f8c97b467138004a30133974aacd572818c383596f8d5b2eb04a9",
              "url": "https://files.pythonhosted.org/packages/5b/c3/ce852a9f7b6855dd0409e4fa58d13b1b6ed947188c9753fa057254ea7b4d/coverage-7.5.0-cp38-cp38-macosx_11_0_arm64.whl"
            },
            {
              "algorithm": "sha256",
              "hash": "d0194d654e360b3e6cc9b774e83235bae6b9b2cac3be09040880bb0e8a88f4a1",
              "url": "https://files.pythonhosted.org/packages/62/18/5573216d5b8db7d9f29189350dcd81830a03a624966c35f8201ae10df09c/coverage-7.5.0-cp39-cp39-macosx_10_9_x86_64.whl"
            },
            {
              "algorithm": "sha256",
              "hash": "a81eb64feded34f40c8986869a2f764f0fe2db58c0530d3a4afbcde50f314880",
              "url": "https://files.pythonhosted.org/packages/6a/6a/18b3819919fdfd3e2062a75219b363f895f24ae5b80e72ffe5dfb1a7e9c8/coverage-7.5.0-cp310-cp310-musllinux_1_1_i686.whl"
            },
            {
              "algorithm": "sha256",
              "hash": "d3d117890b6eee85887b1eed41eefe2e598ad6e40523d9f94c4c4b213258e4a4",
              "url": "https://files.pythonhosted.org/packages/6b/03/cbc3665ee7178b00ea09a07c2e71c99774928760e04beebb26350658b4b0/coverage-7.5.0-cp38-cp38-manylinux_2_5_i686.manylinux1_i686.manylinux_2_17_i686.manylinux2014_i686.whl"
            },
            {
              "algorithm": "sha256",
              "hash": "3235d7c781232e525b0761730e052388a01548bd7f67d0067a253887c6e8df46",
              "url": "https://files.pythonhosted.org/packages/76/e4/d3c67a0a092127b8a3dffa2f75334a8cdb2cefc99e3d75a7f42cf1ff98a9/coverage-7.5.0-cp39-cp39-manylinux_2_5_i686.manylinux1_i686.manylinux_2_17_i686.manylinux2014_i686.whl"
            },
            {
              "algorithm": "sha256",
              "hash": "ced268e82af993d7801a9db2dbc1d2322e786c5dc76295d8e89473d46c6b84d4",
              "url": "https://files.pythonhosted.org/packages/7a/d8/3adb547c71cabb9b9cef6c7f8663bc7c912f2c646ccded7a5f5311e1db68/coverage-7.5.0-cp38-cp38-musllinux_1_1_i686.whl"
            },
            {
              "algorithm": "sha256",
              "hash": "33c020d3322662e74bc507fb11488773a96894aa82a622c35a5a28673c0c26f5",
              "url": "https://files.pythonhosted.org/packages/7c/0e/e98d6c6d569d65ff3195f095e6b006b3d7780fd6182322a25e7dfe0d53d3/coverage-7.5.0-cp39-cp39-macosx_11_0_arm64.whl"
            },
            {
              "algorithm": "sha256",
              "hash": "357754dcdfd811462a725e7501a9b4556388e8ecf66e79df6f4b988fa3d0b39a",
              "url": "https://files.pythonhosted.org/packages/95/cb/42a6d34d5840635394f1e172aaa0e7cbd9346155e5004a8ee75d8e434c6b/coverage-7.5.0-cp310-cp310-musllinux_1_1_aarch64.whl"
            },
            {
              "algorithm": "sha256",
              "hash": "07dfdd492d645eea1bd70fb1d6febdcf47db178b0d99161d8e4eed18e7f62fe7",
              "url": "https://files.pythonhosted.org/packages/a7/b4/12b81ad556b4a03c501d4ee83452193deafcc1ab9ebe6f3dbdda42d331a6/coverage-7.5.0-cp38-cp38-manylinux_2_17_aarch64.manylinux2014_aarch64.whl"
            },
            {
              "algorithm": "sha256",
              "hash": "2bd7065249703cbeb6d4ce679c734bef0ee69baa7bff9724361ada04a15b7e3b",
              "url": "https://files.pythonhosted.org/packages/a8/ff/02c4bcff1025b4a788aa3933e1cd1474d79de43e0d859273b3319ef43cd3/coverage-7.5.0-cp310-cp310-macosx_11_0_arm64.whl"
            },
            {
              "algorithm": "sha256",
              "hash": "bbfe6389c5522b99768a93d89aca52ef92310a96b99782973b9d11e80511f932",
              "url": "https://files.pythonhosted.org/packages/ab/b1/7820a8ef62adeebd37612af9d2369f4467a3bc2641dea1243450def5489e/coverage-7.5.0-cp310-cp310-manylinux_2_17_aarch64.manylinux2014_aarch64.whl"
            },
            {
              "algorithm": "sha256",
              "hash": "51431d0abbed3a868e967f8257c5faf283d41ec882f58413cf295a389bb22e58",
              "url": "https://files.pythonhosted.org/packages/b5/3d/a0650978e8b8f78d269358421b7401acaf7cb89e957b2e1be5205ea5940e/coverage-7.5.0-cp310-cp310-musllinux_1_1_x86_64.whl"
            },
            {
              "algorithm": "sha256",
              "hash": "6afd2e84e7da40fe23ca588379f815fb6dbbb1b757c883935ed11647205111cb",
              "url": "https://files.pythonhosted.org/packages/bb/e0/79df954b854d595d63edc061f714a1cf506e30412620025ba240807bd658/coverage-7.5.0-cp38-cp38-manylinux_2_5_x86_64.manylinux1_x86_64.manylinux_2_17_x86_64.manylinux2014_x86_64.whl"
            },
            {
              "algorithm": "sha256",
              "hash": "0cbdf2cae14a06827bec50bd58e49249452d211d9caddd8bd80e35b53cb04631",
              "url": "https://files.pythonhosted.org/packages/d3/63/98e5a6b7ed1bfca874729ee309cc49a6d6658ab9e479a2b6d223ccc96e03/coverage-7.5.0-cp39-cp39-manylinux_2_17_aarch64.manylinux2014_aarch64.whl"
            },
            {
              "algorithm": "sha256",
              "hash": "85a5dbe1ba1bf38d6c63b6d2c42132d45cbee6d9f0c51b52c59aa4afba057517",
              "url": "https://files.pythonhosted.org/packages/f8/81/e871b0d58ca5d6cc27d00b2f668ce09c4643ef00512341f3a592a81fb6cd/coverage-7.5.0-cp310-cp310-manylinux_2_5_x86_64.manylinux1_x86_64.manylinux_2_17_x86_64.manylinux2014_x86_64.whl"
            },
            {
              "algorithm": "sha256",
              "hash": "9dd88fce54abbdbf4c42fb1fea0e498973d07816f24c0e27a1ecaf91883ce69e",
              "url": "https://files.pythonhosted.org/packages/fe/75/d235d6fc44d06823a5ddb46596c891722c3ffcdba2f6358803842ea88945/coverage-7.5.0-cp38-cp38-macosx_10_9_x86_64.whl"
            }
          ],
          "project_name": "coverage",
          "requires_dists": [
            "tomli; python_full_version <= \"3.11.0a6\" and extra == \"toml\""
          ],
          "requires_python": ">=3.8",
          "version": "7.5.0"
        },
        {
          "artifacts": [
            {
              "algorithm": "sha256",
              "hash": "26dee51f1b80cebd6d0ca8e74dd8745419761d3bef34163928cbebbdc4749fdc",
              "url": "https://files.pythonhosted.org/packages/43/09/2aea36ff60d16dd8879bdb2f5b3ee0ba8d08cbbdcdfe870e695ce3784385/execnet-2.1.1-py3-none-any.whl"
            },
            {
              "algorithm": "sha256",
              "hash": "5189b52c6121c24feae288166ab41b32549c7e2348652736540b9e6e7d4e72e3",
              "url": "https://files.pythonhosted.org/packages/bb/ff/b4c0dc78fbe20c3e59c0c7334de0c27eb4001a2b2017999af398bf730817/execnet-2.1.1.tar.gz"
            }
          ],
          "project_name": "execnet",
          "requires_dists": [
            "hatch; extra == \"testing\"",
            "pre-commit; extra == \"testing\"",
            "pytest; extra == \"testing\"",
            "tox; extra == \"testing\""
          ],
          "requires_python": ">=3.8",
          "version": "2.1.1"
        },
        {
          "artifacts": [
            {
              "algorithm": "sha256",
              "hash": "f05d1b3623223dd1c70f7848da7d699de3d9a2550b902a8234d9026292fb5762",
              "url": "https://files.pythonhosted.org/packages/7c/2a/b3178baa75a3ec75a33588252296c82a1332d2b83cd01061539b74bde9dd/icdiff-2.0.7-py3-none-any.whl"
            },
            {
              "algorithm": "sha256",
              "hash": "f79a318891adbf59a45e3a7694f5e1f18c5407065264637072ac8363b759866f",
              "url": "https://files.pythonhosted.org/packages/fa/e4/43341832be5f2bcae71eb3ef08a07aaef9b74f74fe0b3675f62bd12057fe/icdiff-2.0.7.tar.gz"
            }
          ],
          "project_name": "icdiff",
          "requires_dists": [],
          "requires_python": null,
          "version": "2.0.7"
        },
        {
          "artifacts": [
            {
              "algorithm": "sha256",
              "hash": "30962b96c0c223483ed6cc7280e7f0199feb01a0e40cfae4d4450fc6fab1f570",
              "url": "https://files.pythonhosted.org/packages/2d/0a/679461c511447ffaf176567d5c496d1de27cbe34a87df6677d7171b2fbd4/importlib_metadata-7.1.0-py3-none-any.whl"
            },
            {
              "algorithm": "sha256",
              "hash": "b78938b926ee8d5f020fc4772d487045805a55ddbad2ecf21c6d60938dc7fcd2",
              "url": "https://files.pythonhosted.org/packages/a0/fc/c4e6078d21fc4fa56300a241b87eae76766aa380a23fc450fc85bb7bf547/importlib_metadata-7.1.0.tar.gz"
            }
          ],
          "project_name": "importlib-metadata",
          "requires_dists": [
            "flufl.flake8; extra == \"testing\"",
            "furo; extra == \"docs\"",
            "importlib-resources>=1.3; python_version < \"3.9\" and extra == \"testing\"",
            "ipython; extra == \"perf\"",
            "jaraco.packaging>=9.3; extra == \"docs\"",
            "jaraco.test>=5.4; extra == \"testing\"",
            "jaraco.tidelift>=1.4; extra == \"docs\"",
            "packaging; extra == \"testing\"",
            "pyfakefs; extra == \"testing\"",
            "pytest-checkdocs>=2.4; extra == \"testing\"",
            "pytest-cov; extra == \"testing\"",
            "pytest-enabler>=2.2; extra == \"testing\"",
            "pytest-mypy; platform_python_implementation != \"PyPy\" and extra == \"testing\"",
            "pytest-perf>=0.9.2; extra == \"testing\"",
            "pytest-ruff>=0.2.1; extra == \"testing\"",
            "pytest>=6; extra == \"testing\"",
            "rst.linker>=1.9; extra == \"docs\"",
            "sphinx-lint; extra == \"docs\"",
            "sphinx>=3.5; extra == \"docs\"",
            "typing-extensions>=3.6.4; python_version < \"3.8\"",
            "zipp>=0.5"
          ],
          "requires_python": ">=3.8",
          "version": "7.1.0"
        },
        {
          "artifacts": [
            {
              "algorithm": "sha256",
              "hash": "b6a85871a79d2e3b22d2d1b94ac2824226a63c6b741c88f7ae975f18b6778374",
              "url": "https://files.pythonhosted.org/packages/ef/a6/62565a6e1cf69e10f5727360368e451d4b7f58beeac6173dc9db836a5b46/iniconfig-2.0.0-py3-none-any.whl"
            },
            {
              "algorithm": "sha256",
              "hash": "2d91e135bf72d31a410b17c16da610a82cb55f6b0477d1a902134b24a455b8b3",
              "url": "https://files.pythonhosted.org/packages/d7/4b/cbd8e699e64a6f16ca3a8220661b5f83792b3017d0f79807cb8708d33913/iniconfig-2.0.0.tar.gz"
            }
          ],
          "project_name": "iniconfig",
          "requires_dists": [],
          "requires_python": ">=3.7",
          "version": "2.0.0"
        },
        {
          "artifacts": [
            {
              "algorithm": "sha256",
              "hash": "2ddfb553fdf02fb784c234c7ba6ccc288296ceabec964ad2eae3777778130bc5",
              "url": "https://files.pythonhosted.org/packages/49/df/1fceb2f8900f8639e278b056416d49134fb8d84c5942ffaa01ad34782422/packaging-24.0-py3-none-any.whl"
            },
            {
              "algorithm": "sha256",
              "hash": "eb82c5e3e56209074766e6885bb04b8c38a0c015d0a30036ebe7ece34c9989e9",
              "url": "https://files.pythonhosted.org/packages/ee/b5/b43a27ac7472e1818c4bafd44430e69605baefe1f34440593e0332ec8b4d/packaging-24.0.tar.gz"
            }
          ],
          "project_name": "packaging",
          "requires_dists": [],
          "requires_python": ">=3.7",
          "version": "24.0"
        },
        {
          "artifacts": [
            {
              "algorithm": "sha256",
              "hash": "44e1ad92c8ca002de6377e165f3e0f1be63266ab4d554740532335b9d75ea669",
              "url": "https://files.pythonhosted.org/packages/88/5f/e351af9a41f866ac3f1fac4ca0613908d9a41741cfcf2228f4ad853b697d/pluggy-1.5.0-py3-none-any.whl"
            },
            {
              "algorithm": "sha256",
              "hash": "2cffa88e94fdc978c4c574f15f9e59b7f4201d439195c3715ca9e2486f1d0cf1",
              "url": "https://files.pythonhosted.org/packages/96/2d/02d4312c973c6050a18b314a5ad0b3210edb65a906f868e31c111dede4a6/pluggy-1.5.0.tar.gz"
            }
          ],
          "project_name": "pluggy",
          "requires_dists": [
            "pre-commit; extra == \"dev\"",
            "pytest-benchmark; extra == \"testing\"",
            "pytest; extra == \"testing\"",
            "tox; extra == \"dev\""
          ],
          "requires_python": ">=3.8",
          "version": "1.5.0"
        },
        {
          "artifacts": [
            {
              "algorithm": "sha256",
              "hash": "b6b4dcdd0c0c0d75e4d7b2f21a9e933e5b2ce62b26e1a54537f9651ae5a5c01d",
              "url": "https://files.pythonhosted.org/packages/4e/d1/e4ed95fdd3ef13b78630280d9e9e240aeb65cc7c544ec57106149c3942fb/pprintpp-0.4.0-py2.py3-none-any.whl"
            },
            {
              "algorithm": "sha256",
              "hash": "ea826108e2c7f49dc6d66c752973c3fc9749142a798d6b254e1e301cfdbc6403",
              "url": "https://files.pythonhosted.org/packages/06/1a/7737e7a0774da3c3824d654993cf57adc915cb04660212f03406334d8c0b/pprintpp-0.4.0.tar.gz"
            }
          ],
          "project_name": "pprintpp",
          "requires_dists": [],
          "requires_python": null,
          "version": "0.4.0"
        },
        {
          "artifacts": [
            {
              "algorithm": "sha256",
              "hash": "607c53218732647dff4acdfcd50cb62615cedf612e72d1724fb1a0cc6405b378",
              "url": "https://files.pythonhosted.org/packages/f6/f0/10642828a8dfb741e5f3fbaac830550a518a775c7fff6f04a007259b0548/py-1.11.0-py2.py3-none-any.whl"
            },
            {
              "algorithm": "sha256",
              "hash": "51c75c4126074b472f746a24399ad32f6053d1b34b68d2fa41e558e6f4a98719",
              "url": "https://files.pythonhosted.org/packages/98/ff/fec109ceb715d2a6b4c4a85a61af3b40c723a961e8828319fbcb15b868dc/py-1.11.0.tar.gz"
            }
          ],
          "project_name": "py",
          "requires_dists": [],
          "requires_python": "!=3.0.*,!=3.1.*,!=3.2.*,!=3.3.*,!=3.4.*,>=2.7",
          "version": "1.11.0"
        },
        {
          "artifacts": [
            {
              "algorithm": "sha256",
              "hash": "859625bc251f64e21f077d099d4162689c762b5d6a4c3c97553d56241c9674d5",
              "url": "https://files.pythonhosted.org/packages/e0/a9/023730ba63db1e494a271cb018dcd361bd2c917ba7004c3e49d5daf795a2/py_cpuinfo-9.0.0-py3-none-any.whl"
            },
            {
              "algorithm": "sha256",
              "hash": "3cdbbf3fac90dc6f118bfd64384f309edeadd902d7c8fb17f02ffa1fc3f49690",
              "url": "https://files.pythonhosted.org/packages/37/a8/d832f7293ebb21690860d2e01d8115e5ff6f2ae8bbdc953f0eb0fa4bd2c7/py-cpuinfo-9.0.0.tar.gz"
            }
          ],
          "project_name": "py-cpuinfo",
          "requires_dists": [],
          "requires_python": null,
          "version": "9.0.0"
        },
        {
          "artifacts": [
            {
              "algorithm": "sha256",
              "hash": "e931caf08b4be0e6ec119a4c0e20dbed2d77829c641b7dea0ed21fe6ec81f2ea",
              "url": "https://files.pythonhosted.org/packages/29/83/94e10cdc24489caef1ffcf9c3c2836fc35eff0f1c1d60d609d55d449820c/pygal-3.0.4-py2.py3-none-any.whl"
            },
            {
              "algorithm": "sha256",
              "hash": "6c5da33f1041e8b30cbc980f8a34910d9edc584b833240298f6a25df65425289",
              "url": "https://files.pythonhosted.org/packages/af/84/1ca8f53530c834c799e178c88d8f7f0694daa801e832e004aae79209e498/pygal-3.0.4.tar.gz"
            }
          ],
          "project_name": "pygal",
          "requires_dists": [
            "cairosvg; extra == \"png\"",
            "cairosvg; extra == \"test\"",
            "coveralls; extra == \"test\"",
            "flake8; extra == \"test\"",
            "flask; extra == \"test\"",
            "importlib-metadata",
            "lxml; extra == \"lxml\"",
            "lxml; extra == \"test\"",
            "pygal-maps-ch; extra == \"test\"",
            "pygal-maps-fr; extra == \"test\"",
            "pygal-maps-world; extra == \"test\"",
            "pygal-sphinx-directives; extra == \"docs\"",
            "pyquery; extra == \"test\"",
            "pytest-cov; extra == \"test\"",
            "pytest-isort; extra == \"test\"",
            "pytest-runner; extra == \"test\"",
            "pytest; extra == \"test\"",
            "sphinx-rtd-theme; extra == \"docs\"",
            "sphinx; extra == \"docs\""
          ],
          "requires_python": ">=3.8",
          "version": "3.0.4"
        },
        {
          "artifacts": [
            {
              "algorithm": "sha256",
              "hash": "d75e18cb21cc2cda40c45c3ee690771e5e3d4652bf57206f20137cf475c0dbe8",
              "url": "https://files.pythonhosted.org/packages/49/6f/07dab31ca496feda35cf3455b9e9380c43b5c685bb54ad890831c790da38/pygaljs-1.0.2-py2.py3-none-any.whl"
            },
            {
              "algorithm": "sha256",
              "hash": "0b71ee32495dcba5fbb4a0476ddbba07658ad65f5675e4ad409baf154dec5111",
              "url": "https://files.pythonhosted.org/packages/75/19/3a53f34232a9e6ddad665e71c83693c5db9a31f71785105905c5bc9fbbba/pygaljs-1.0.2.tar.gz"
            }
          ],
          "project_name": "pygaljs",
          "requires_dists": [],
          "requires_python": null,
          "version": "1.0.2"
        },
        {
          "artifacts": [
            {
              "algorithm": "sha256",
              "hash": "b27c2826c47d0f3219f29554824c30c5e8945175d888647acd804ddd04af846c",
              "url": "https://files.pythonhosted.org/packages/97/9c/372fef8377a6e340b1704768d20daaded98bf13282b5327beb2e2fe2c7ef/pygments-2.17.2-py3-none-any.whl"
            },
            {
              "algorithm": "sha256",
              "hash": "da46cec9fd2de5be3a8a784f434e4c4ab670b4ff54d605c4c2717e9d49c4c367",
              "url": "https://files.pythonhosted.org/packages/55/59/8bccf4157baf25e4aa5a0bb7fa3ba8600907de105ebc22b0c78cfbf6f565/pygments-2.17.2.tar.gz"
            }
          ],
          "project_name": "pygments",
          "requires_dists": [
            "colorama>=0.4.6; extra == \"windows-terminal\"",
            "importlib-metadata; python_version < \"3.8\" and extra == \"plugins\""
          ],
          "requires_python": ">=3.7",
          "version": "2.17.2"
        },
        {
          "artifacts": [
            {
              "algorithm": "sha256",
              "hash": "9ce3ff477af913ecf6321fe337b93a2c0dcf2a0a1439c43f5452112c1e4280db",
              "url": "https://files.pythonhosted.org/packages/38/93/c7c0bd1e932b287fb948eb9ce5a3d6307c9fc619db1e199f8c8bc5dad95f/pytest-7.0.1-py3-none-any.whl"
            },
            {
              "algorithm": "sha256",
              "hash": "e30905a0c131d3d94b89624a1cc5afec3e0ba2fbdb151867d8e0ebd49850f171",
              "url": "https://files.pythonhosted.org/packages/3e/2c/a67ad48759051c7abf82ce182a4e6d766de371b183182d2dde03089e8dfb/pytest-7.0.1.tar.gz"
            }
          ],
          "project_name": "pytest",
          "requires_dists": [
            "argcomplete; extra == \"testing\"",
            "atomicwrites>=1.0; sys_platform == \"win32\"",
            "attrs>=19.2.0",
            "colorama; sys_platform == \"win32\"",
            "hypothesis>=3.56; extra == \"testing\"",
            "importlib-metadata>=0.12; python_version < \"3.8\"",
            "iniconfig",
            "mock; extra == \"testing\"",
            "nose; extra == \"testing\"",
            "packaging",
            "pluggy<2.0,>=0.12",
            "py>=1.8.2",
            "pygments>=2.7.2; extra == \"testing\"",
            "requests; extra == \"testing\"",
            "tomli>=1.0.0",
            "xmlschema; extra == \"testing\""
          ],
          "requires_python": ">=3.6",
          "version": "7.0.1"
        },
        {
          "artifacts": [
            {
              "algorithm": "sha256",
              "hash": "36d2b08c4882f6f997fd3126a3d6dfd70f3249cde178ed8bbc0b73db7c20f809",
              "url": "https://files.pythonhosted.org/packages/2c/60/423a63fb190a0483d049786a121bd3dfd7d93bb5ff1bb5b5cd13e5df99a7/pytest_benchmark-3.4.1-py2.py3-none-any.whl"
            },
            {
              "algorithm": "sha256",
              "hash": "40e263f912de5a81d891619032983557d62a3d85843f9a9f30b98baea0cd7b47",
              "url": "https://files.pythonhosted.org/packages/32/6a/bd6037a4e44b47085c8df9689921ca8d5669b3dbb0ecc3a77f8806cf67cc/pytest-benchmark-3.4.1.tar.gz"
            }
          ],
          "project_name": "pytest-benchmark",
          "requires_dists": [
            "aspectlib; extra == \"aspect\"",
            "elasticsearch; extra == \"elasticsearch\"",
            "pathlib2; python_version < \"3.4\"",
            "py-cpuinfo",
            "pygal; extra == \"histogram\"",
            "pygaljs; extra == \"histogram\"",
            "pytest>=3.8",
            "statistics; python_version < \"3.4\""
          ],
          "requires_python": "!=3.0.*,!=3.1.*,!=3.2.*,!=3.3.*,!=3.4.*,>=2.7",
          "version": "3.4.1"
        },
        {
          "artifacts": [
            {
              "algorithm": "sha256",
              "hash": "578d5d15ac4a25e5f961c938b85a05b09fdaae9deef3bb6de9a6e766622ca7a6",
              "url": "https://files.pythonhosted.org/packages/20/49/b3e0edec68d81846f519c602ac38af9db86e1e71275528b3e814ae236063/pytest_cov-3.0.0-py3-none-any.whl"
            },
            {
              "algorithm": "sha256",
              "hash": "e7f0f5b1617d2210a2cabc266dfe2f4c75a8d32fb89eafb7ad9d06f6d076d470",
              "url": "https://files.pythonhosted.org/packages/61/41/e046526849972555928a6d31c2068410e47a31fb5ab0a77f868596811329/pytest-cov-3.0.0.tar.gz"
            }
          ],
          "project_name": "pytest-cov",
          "requires_dists": [
            "coverage[toml]>=5.2.1",
            "fields; extra == \"testing\"",
            "hunter; extra == \"testing\"",
            "process-tests; extra == \"testing\"",
            "pytest-xdist; extra == \"testing\"",
            "pytest>=4.6",
            "six; extra == \"testing\"",
            "virtualenv; extra == \"testing\""
          ],
          "requires_python": ">=3.6",
          "version": "3.0.0"
        },
        {
          "artifacts": [
            {
              "algorithm": "sha256",
              "hash": "810958f66a91afb1a1e2ae83089d8dc1cd2437ac96b12963042fbb9fb4d16af0",
              "url": "https://files.pythonhosted.org/packages/f4/af/9c0bda43e486a3c9bf1e0f876d0f241bc3f229d7d65d09331a0868db9629/pytest_forked-1.6.0-py3-none-any.whl"
            },
            {
              "algorithm": "sha256",
              "hash": "4dafd46a9a600f65d822b8f605133ecf5b3e1941ebb3588e943b4e3eb71a5a3f",
              "url": "https://files.pythonhosted.org/packages/8c/c9/93ad2ba2413057ee694884b88cf7467a46c50c438977720aeac26e73fdb7/pytest-forked-1.6.0.tar.gz"
            }
          ],
          "project_name": "pytest-forked",
          "requires_dists": [
            "py",
            "pytest>=3.10"
          ],
          "requires_python": ">=3.7",
          "version": "1.6.0"
        },
        {
          "artifacts": [
            {
              "algorithm": "sha256",
              "hash": "efee0da3bd1b24ef2d923751c5c547fbb8df0a46795553fba08ef57c3ca03d82",
              "url": "https://files.pythonhosted.org/packages/e2/e1/cafe1edf7a30be6fa1bbbf43f7af12b34682eadcf19eb6e9f7352062c422/pytest_icdiff-0.9-py3-none-any.whl"
            },
            {
              "algorithm": "sha256",
              "hash": "13aede616202e57fcc882568b64589002ef85438046f012ac30a8d959dac8b75",
              "url": "https://files.pythonhosted.org/packages/5a/0c/66e1e2590e98f4428e374a3b6448dc086a908d15b1e24b914539d13b7ac4/pytest-icdiff-0.9.tar.gz"
            }
          ],
          "project_name": "pytest-icdiff",
          "requires_dists": [
            "icdiff",
            "pprintpp",
            "pytest"
          ],
          "requires_python": ">=3.7",
          "version": "0.9"
        },
        {
          "artifacts": [
            {
              "algorithm": "sha256",
              "hash": "6fe5c74fec98906deb8f2d2b616b5c782022744978e7bd4695d39c8f42d0ce65",
              "url": "https://files.pythonhosted.org/packages/21/08/b1945d4b4986eb1aa10cf84efc5293bba39da80a2f95db3573dd90678408/pytest_xdist-2.5.0-py3-none-any.whl"
            },
            {
              "algorithm": "sha256",
              "hash": "4580deca3ff04ddb2ac53eba39d76cb5dd5edeac050cb6fbc768b0dd712b4edf",
              "url": "https://files.pythonhosted.org/packages/5d/43/9dbc32d297d6eae85d6c05dc8e8d3371061bd6cbe56a2f645d9ea4b53d9b/pytest-xdist-2.5.0.tar.gz"
            }
          ],
          "project_name": "pytest-xdist",
          "requires_dists": [
            "execnet>=1.1",
            "filelock; extra == \"testing\"",
            "psutil>=3.0; extra == \"psutil\"",
            "pytest-forked",
            "pytest>=6.2.0",
            "setproctitle; extra == \"setproctitle\""
          ],
          "requires_python": ">=3.6",
          "version": "2.5.0"
        },
        {
          "artifacts": [
            {
              "algorithm": "sha256",
              "hash": "939de3e7a6161af0c887ef91b7d41a53e7c5a1ca976325f429cb46ea9bc30ecc",
              "url": "https://files.pythonhosted.org/packages/97/75/10a9ebee3fd790d20926a90a2547f0bf78f371b2f13aa822c759680ca7b9/tomli-2.0.1-py3-none-any.whl"
            },
            {
              "algorithm": "sha256",
              "hash": "de526c12914f0c550d15924c62d72abc48d6fe7364aa87328337a31007fe8a4f",
              "url": "https://files.pythonhosted.org/packages/c0/3f/d7af728f075fb08564c5949a9c95e44352e23dee646869fa104a3b2060a3/tomli-2.0.1.tar.gz"
            }
          ],
          "project_name": "tomli",
          "requires_dists": [],
          "requires_python": ">=3.7",
          "version": "2.0.1"
        },
        {
          "artifacts": [
            {
              "algorithm": "sha256",
              "hash": "206f5a15f2af3dbaee80769fb7dc6f249695e940acca08dfb2a4769fe61e538b",
              "url": "https://files.pythonhosted.org/packages/c2/0a/ba9d0ee9536d3ef73a3448e931776e658b36f128d344e175bc32b092a8bf/zipp-3.18.1-py3-none-any.whl"
            },
            {
              "algorithm": "sha256",
              "hash": "2884ed22e7d8961de1c9a05142eb69a247f120291bc0206a00a7642f09b5b715",
              "url": "https://files.pythonhosted.org/packages/3e/ef/65da662da6f9991e87f058bc90b91a935ae655a16ae5514660d6460d1298/zipp-3.18.1.tar.gz"
            }
          ],
          "project_name": "zipp",
          "requires_dists": [
            "big-O; extra == \"testing\"",
            "furo; extra == \"docs\"",
            "jaraco.functools; extra == \"testing\"",
            "jaraco.itertools; extra == \"testing\"",
            "jaraco.packaging>=9.3; extra == \"docs\"",
            "jaraco.tidelift>=1.4; extra == \"docs\"",
            "more-itertools; extra == \"testing\"",
            "pytest-checkdocs>=2.4; extra == \"testing\"",
            "pytest-cov; extra == \"testing\"",
            "pytest-enabler>=2.2; extra == \"testing\"",
            "pytest-ignore-flaky; extra == \"testing\"",
            "pytest-mypy; platform_python_implementation != \"PyPy\" and extra == \"testing\"",
            "pytest-ruff>=0.2.1; extra == \"testing\"",
            "pytest>=6; extra == \"testing\"",
            "rst.linker>=1.9; extra == \"docs\"",
            "sphinx-lint; extra == \"docs\"",
            "sphinx>=3.5; extra == \"docs\""
          ],
          "requires_python": ">=3.8",
          "version": "3.18.1"
        }
      ],
      "platform_tag": null
    }
  ],
  "path_mappings": {},
  "pex_version": "2.1.137",
  "pip_version": "23.1.2",
  "prefer_older_binary": false,
  "requirements": [
    "pygments",
    "pytest-benchmark[histogram]==3.4.1",
    "pytest-cov!=2.12.1,<3.1,>=2.12",
    "pytest-icdiff",
    "pytest-xdist<3,>=2.5",
    "pytest==7.0.1"
  ],
  "requires_python": [
    "<3.11,>=3.8"
  ],
  "resolver_version": "pip-2020-resolver",
  "style": "universal",
  "target_systems": [
    "linux",
    "mac"
  ],
  "transitive": true,
  "use_pep517": null
}
