// This lockfile was autogenerated by Pants. To regenerate, run:
//
//    ./pants generate-lockfiles --resolve=pytest
//
// --- BEGIN PANTS LOCKFILE METADATA: DO NOT EDIT OR REMOVE ---
// {
//   "version": 3,
//   "valid_for_interpreter_constraints": [
//     "CPython<3.10,>=3.6"
//   ],
//   "generated_with_requirements": [
//     "pygments",
//     "pytest-benchmark[histogram]==3.4.1",
//     "pytest-cov!=2.12.1,<3.1,>=2.12",
//     "pytest-icdiff",
//     "pytest-xdist<3,>=2.5",
//     "pytest==7.0.1"
//   ],
//   "manylinux": "manylinux2014",
//   "requirement_constraints": [],
//   "only_binary": [],
//   "no_binary": []
// }
// --- END PANTS LOCKFILE METADATA ---

{
  "allow_builds": true,
  "allow_prereleases": false,
  "allow_wheels": true,
  "build_isolation": true,
  "constraints": [],
  "locked_resolves": [
    {
      "locked_requirements": [
        {
          "artifacts": [
            {
              "algorithm": "sha256",
              "hash": "29e95c7f6778868dbd49170f98f8818f78f3dc5e0e37c0b1f474e3561b240836",
              "url": "https://files.pythonhosted.org/packages/fb/6e/6f83bf616d2becdf333a1640f1d463fef3150e2e926b7010cb0f81c95e88/attrs-22.2.0-py3-none-any.whl"
            },
            {
              "algorithm": "sha256",
              "hash": "c9227bfc2f01993c03f68db37d1d15c9690188323c067c641f1a35ca58185f99",
              "url": "https://files.pythonhosted.org/packages/21/31/3f468da74c7de4fcf9b25591e682856389b3400b4b62f201e65f15ea3e07/attrs-22.2.0.tar.gz"
            }
          ],
          "project_name": "attrs",
          "requires_dists": [
            "attrs[docs,tests]; extra == \"dev\"",
            "attrs[tests-no-zope]; extra == \"tests\"",
            "attrs[tests]; extra == \"cov\"",
            "cloudpickle; platform_python_implementation == \"CPython\" and extra == \"tests-no-zope\"",
            "cloudpickle; platform_python_implementation == \"CPython\" and extra == \"tests_no_zope\"",
            "coverage-enable-subprocess; extra == \"cov\"",
            "coverage[toml]>=5.3; extra == \"cov\"",
            "furo; extra == \"docs\"",
            "hypothesis; extra == \"tests-no-zope\"",
            "hypothesis; extra == \"tests_no_zope\"",
            "mypy<0.990,>=0.971; platform_python_implementation == \"CPython\" and extra == \"tests-no-zope\"",
            "mypy<0.990,>=0.971; platform_python_implementation == \"CPython\" and extra == \"tests_no_zope\"",
            "myst-parser; extra == \"docs\"",
            "pympler; extra == \"tests-no-zope\"",
            "pympler; extra == \"tests_no_zope\"",
            "pytest-mypy-plugins; (platform_python_implementation == \"CPython\" and python_version < \"3.11\") and extra == \"tests-no-zope\"",
            "pytest-mypy-plugins; (platform_python_implementation == \"CPython\" and python_version < \"3.11\") and extra == \"tests_no_zope\"",
            "pytest-xdist[psutil]; extra == \"tests-no-zope\"",
            "pytest-xdist[psutil]; extra == \"tests_no_zope\"",
            "pytest>=4.3.0; extra == \"tests-no-zope\"",
            "pytest>=4.3.0; extra == \"tests_no_zope\"",
            "sphinx-notfound-page; extra == \"docs\"",
            "sphinx; extra == \"docs\"",
            "sphinxcontrib-towncrier; extra == \"docs\"",
            "towncrier; extra == \"docs\"",
            "zope.interface; extra == \"docs\"",
            "zope.interface; extra == \"tests\""
          ],
          "requires_python": ">=3.6",
          "version": "22.2.0"
        },
        {
          "artifacts": [
            {
              "algorithm": "sha256",
              "hash": "5829192582c0ec8ca4a2532407bc14c2f338d9878a10442f5d03804a95fac9de",
              "url": "https://files.pythonhosted.org/packages/58/d5/45d0c648099b9a2da324cd9a92f55cd2e93dca1285cec781d86c5610a125/coverage-6.2-pp36.pp37.pp38-none-any.whl"
            },
            {
              "algorithm": "sha256",
              "hash": "a9c8c4283e17690ff1a7427123ffb428ad6a52ed720d550e299e8291e33184dc",
              "url": "https://files.pythonhosted.org/packages/09/76/05ab224f30332fa81942c08510d52ec7d8bcf63b2144184e446b3f0e9cfa/coverage-6.2-cp38-cp38-manylinux_2_5_i686.manylinux1_i686.manylinux_2_12_i686.manylinux2010_i686.whl"
            },
            {
              "algorithm": "sha256",
              "hash": "a4bdeb0a52d1d04123b41d90a4390b096f3ef38eee35e11f0b22c2d031222c6c",
              "url": "https://files.pythonhosted.org/packages/0c/36/59aaace76780a4d1aab32eab3881a009a29847448a917ef38ae6f1928533/coverage-6.2-cp39-cp39-manylinux_2_5_i686.manylinux1_i686.manylinux_2_12_i686.manylinux2010_i686.whl"
            },
            {
              "algorithm": "sha256",
              "hash": "f467bbb837691ab5a8ca359199d3429a11a01e6dfb3d9dcc676dc035ca93c0a9",
              "url": "https://files.pythonhosted.org/packages/17/38/14ec6016feaa0202545b133c4bb4a5595af9cffada24dbf7c2761d1529d4/coverage-6.2-cp36-cp36m-macosx_10_9_x86_64.whl"
            },
            {
              "algorithm": "sha256",
              "hash": "2641f803ee9f95b1f387f3e8f3bf28d83d9b69a39e9911e5bfee832bea75240d",
              "url": "https://files.pythonhosted.org/packages/17/ac/2e8792ded5b0b3998bc66b13899404a512d4ce648618b21b0cfdaf2c1cf6/coverage-6.2-cp36-cp36m-manylinux_2_17_aarch64.manylinux2014_aarch64.whl"
            },
            {
              "algorithm": "sha256",
              "hash": "dca38a21e4423f3edb821292e97cec7ad38086f84313462098568baedf4331f8",
              "url": "https://files.pythonhosted.org/packages/22/97/123a4f218f1c809c7b875eb5d91a00a2692cfc4a0c1c5f98a6d943b39e8f/coverage-6.2-cp37-cp37m-musllinux_1_1_x86_64.whl"
            },
            {
              "algorithm": "sha256",
              "hash": "03b20e52b7d31be571c9c06b74746746d4eb82fc260e594dc662ed48145e9efd",
              "url": "https://files.pythonhosted.org/packages/23/d7/460f7c638f252d56b7cff61f7d437a3058b633687069a4137f5937d288bf/coverage-6.2-cp39-cp39-macosx_10_9_x86_64.whl"
            },
            {
              "algorithm": "sha256",
              "hash": "fb8b8ee99b3fffe4fd86f4c81b35a6bf7e4462cba019997af2fe679365db0c49",
              "url": "https://files.pythonhosted.org/packages/24/c0/8bf5b0419956049211dc1608fc4de8bf961172f5455780a530c658700c43/coverage-6.2-cp37-cp37m-macosx_10_9_x86_64.whl"
            },
            {
              "algorithm": "sha256",
              "hash": "9a2b5b52be0a8626fcbffd7e689781bf8c2ac01613e77feda93d96184949a98e",
              "url": "https://files.pythonhosted.org/packages/4c/0b/731e558a762ed89478e2badc388443b30ebb0a975c335ae60e24b52d5b00/coverage-6.2-cp36-cp36m-manylinux_2_5_x86_64.manylinux1_x86_64.manylinux_2_12_x86_64.manylinux2010_x86_64.whl"
            },
            {
              "algorithm": "sha256",
              "hash": "edcada2e24ed68f019175c2b2af2a8b481d3d084798b8c20d15d34f5c733fa58",
              "url": "https://files.pythonhosted.org/packages/56/19/284085d9f5283bba6740a83b75f062796fba7641e13cc7958396a0ca5ad8/coverage-6.2-cp38-cp38-manylinux_2_17_aarch64.manylinux2014_aarch64.whl"
            },
            {
              "algorithm": "sha256",
              "hash": "f9afb5b746781fc2abce26193d1c817b7eb0e11459510fba65d2bd77fe161d9e",
              "url": "https://files.pythonhosted.org/packages/5c/49/8be88365773b7fd016fd315ac4a76f8296c92840616fc5992b97744d3f0f/coverage-6.2-cp38-cp38-macosx_10_9_x86_64.whl"
            },
            {
              "algorithm": "sha256",
              "hash": "f614fc9956d76d8a88a88bb41ddc12709caa755666f580af3a688899721efecd",
              "url": "https://files.pythonhosted.org/packages/7e/e3/070abaee5e797fac1a6cad975f1e2f3b53f92d72a6d72d909ec2e5399cfd/coverage-6.2-cp38-cp38-manylinux_2_5_x86_64.manylinux1_x86_64.manylinux_2_12_x86_64.manylinux2010_x86_64.whl"
            },
            {
              "algorithm": "sha256",
              "hash": "e2cad8093172b7d1595b4ad66f24270808658e11acf43a8f95b41276162eb5b8",
              "url": "https://files.pythonhosted.org/packages/80/f4/e7d2c659aca9db9edd2f58a604a79756e332c8b20659ed6d8b116c21baad/coverage-6.2.tar.gz"
            },
            {
              "algorithm": "sha256",
              "hash": "63c424e6f5b4ab1cf1e23a43b12f542b0ec2e54f99ec9f11b75382152981df57",
              "url": "https://files.pythonhosted.org/packages/82/49/77999dbdee6e2c59198b5b139acfcbc0091ef14bed672954ef9329431822/coverage-6.2-cp38-cp38-musllinux_1_1_x86_64.whl"
            },
            {
              "algorithm": "sha256",
              "hash": "17e6c11038d4ed6e8af1407d9e89a2904d573be29d51515f14262d7f10ef0a64",
              "url": "https://files.pythonhosted.org/packages/a8/ef/c4bbf88286a230f1ad6e239680639fc49bfe5fe6feea376232ca780d11da/coverage-6.2-cp37-cp37m-musllinux_1_1_aarch64.whl"
            },
            {
              "algorithm": "sha256",
              "hash": "e3db840a4dee542e37e09f30859f1612da90e1c5239a6a2498c473183a50e781",
              "url": "https://files.pythonhosted.org/packages/bd/b1/769cc9481d5ed1b3dc8d92e218d281d90b92591242086daadc379779e2e4/coverage-6.2-cp36-cp36m-musllinux_1_1_x86_64.whl"
            },
            {
              "algorithm": "sha256",
              "hash": "9365ed5cce5d0cf2c10afc6add145c5037d3148585b8ae0e77cc1efdd6aa2953",
              "url": "https://files.pythonhosted.org/packages/be/fb/b8e8a8da8da948329a1f177c6cd561b4ae743e5539d1ad41bcba64e5c1ab/coverage-6.2-cp38-cp38-musllinux_1_1_aarch64.whl"
            },
            {
              "algorithm": "sha256",
              "hash": "0a7726f74ff63f41e95ed3a89fef002916c828bb5fcae83b505b49d81a066884",
              "url": "https://files.pythonhosted.org/packages/c9/01/2766873baf557339edd406f17b8c3b3821f42b31cc83ee83b76019337ccd/coverage-6.2-cp37-cp37m-manylinux_2_5_i686.manylinux1_i686.manylinux_2_12_i686.manylinux2010_i686.whl"
            },
            {
              "algorithm": "sha256",
              "hash": "c332d8f8d448ded473b97fefe4a0983265af21917d8b0cdcb8bb06b2afe632c3",
              "url": "https://files.pythonhosted.org/packages/d2/41/87d1e548a0418b24cff9c60815ea2cc2d0e0cd4891337a24236a30a1d141/coverage-6.2-cp39-cp39-manylinux_2_5_x86_64.manylinux1_x86_64.manylinux_2_12_x86_64.manylinux2010_x86_64.whl"
            },
            {
              "algorithm": "sha256",
              "hash": "c254b03032d5a06de049ce8bca8338a5185f07fb76600afff3c161e053d88617",
              "url": "https://files.pythonhosted.org/packages/e0/f3/5f32d19a0fffba7b0b40123e96162665cc4470aa718dfa56af59a7763618/coverage-6.2-cp37-cp37m-musllinux_1_1_i686.whl"
            },
            {
              "algorithm": "sha256",
              "hash": "1219d760ccfafc03c0822ae2e06e3b1248a8e6d1a70928966bafc6838d3c9e48",
              "url": "https://files.pythonhosted.org/packages/e2/76/5f3341b4ecf72235fe5566633a37e4eb9c89e54ead015f27820d43ea090d/coverage-6.2-cp36-cp36m-manylinux_2_5_i686.manylinux1_i686.manylinux_2_12_i686.manylinux2010_i686.whl"
            },
            {
              "algorithm": "sha256",
              "hash": "cfd9386c1d6f13b37e05a91a8583e802f8059bebfccde61a418c5808dea6bbfa",
              "url": "https://files.pythonhosted.org/packages/e2/78/e7f9f4e28c237f3909ed184939cae5bf19e6507459185286afcacb730578/coverage-6.2-cp37-cp37m-manylinux_2_5_x86_64.manylinux1_x86_64.manylinux_2_12_x86_64.manylinux2010_x86_64.whl"
            },
            {
              "algorithm": "sha256",
              "hash": "8bdfe9ff3a4ea37d17f172ac0dff1e1c383aec17a636b9b35906babc9f0f5475",
              "url": "https://files.pythonhosted.org/packages/e3/c0/47e8a7ae4128a5051c599bd659725a396562856ff1069628047f32bf62dd/coverage-6.2-cp38-cp38-musllinux_1_1_i686.whl"
            },
            {
              "algorithm": "sha256",
              "hash": "215f8afcc02a24c2d9a10d3790b21054b58d71f4b3c6f055d4bb1b15cecce685",
              "url": "https://files.pythonhosted.org/packages/e6/c1/837505d543e747c395efd8ab745eeb8ea794b8645c8c76977f1b27fe2748/coverage-6.2-cp39-cp39-manylinux_2_17_aarch64.manylinux2014_aarch64.whl"
            },
            {
              "algorithm": "sha256",
              "hash": "5d6b09c972ce9200264c35a1d53d43ca55ef61836d9ec60f0d44273a31aa9f17",
              "url": "https://files.pythonhosted.org/packages/ed/3a/03b1563377c52e05945bc815073991a973dd4229f35cb0ec98e4c3b8e4d7/coverage-6.2-cp36-cp36m-musllinux_1_1_i686.whl"
            },
            {
              "algorithm": "sha256",
              "hash": "8e2c35a4c1f269704e90888e56f794e2d9c0262fb0c1b1c8c4ee44d9b9e77b5d",
              "url": "https://files.pythonhosted.org/packages/f9/04/ea1a10745ce27ea7a18dc194fa07f5ffd80af451ed4d8adf8f1a8478cf36/coverage-6.2-cp36-cp36m-musllinux_1_1_aarch64.whl"
            },
            {
              "algorithm": "sha256",
              "hash": "619346d57c7126ae49ac95b11b0dc8e36c1dd49d148477461bb66c8cf13bb521",
              "url": "https://files.pythonhosted.org/packages/ff/a0/96d3a58fdb2413b45e3593bf7f57ea0801ae97f6bd4ebc4fe2e013b96241/coverage-6.2-cp37-cp37m-manylinux_2_17_aarch64.manylinux2014_aarch64.whl"
            }
          ],
          "project_name": "coverage",
          "requires_dists": [
            "tomli; extra == \"toml\""
          ],
          "requires_python": ">=3.6",
          "version": "6.2"
        },
        {
          "artifacts": [
            {
              "algorithm": "sha256",
              "hash": "a295f7cc774947aac58dde7fdc85f4aa00c42adf5d8f5468fc630c1acf30a142",
              "url": "https://files.pythonhosted.org/packages/81/c0/3072ecc23f4c5e0a1af35e3a222855cfd9c80a1a105ca67be3b6172637dd/execnet-1.9.0-py2.py3-none-any.whl"
            },
            {
              "algorithm": "sha256",
              "hash": "8f694f3ba9cc92cab508b152dcfe322153975c29bda272e2fd7f3f00f36e47c5",
              "url": "https://files.pythonhosted.org/packages/7a/3c/b5ac9fc61e1e559ced3e40bf5b518a4142536b34eb274aa50dff29cb89f5/execnet-1.9.0.tar.gz"
            }
          ],
          "project_name": "execnet",
          "requires_dists": [
            "pre-commit; extra == \"testing\""
          ],
          "requires_python": "!=3.0.*,!=3.1.*,!=3.2.*,!=3.3.*,!=3.4.*,>=2.7",
          "version": "1.9.0"
        },
        {
          "artifacts": [
            {
              "algorithm": "sha256",
              "hash": "a2673b335d671e64fc73c44e1eaa0aa01fd0e68354e58ee17e863ab29912a79a",
              "url": "https://files.pythonhosted.org/packages/b6/11/542ff30f2c399d71126e55b64d41cb5caa78ddf7ce557fddf45607a41fe8/icdiff-2.0.6.tar.gz"
            }
          ],
          "project_name": "icdiff",
          "requires_dists": [],
          "requires_python": null,
          "version": "2.0.6"
        },
        {
          "artifacts": [
            {
              "algorithm": "sha256",
              "hash": "65a9576a5b2d58ca44d133c42a241905cc45e34d2c06fd5ba2bafa221e5d7b5e",
              "url": "https://files.pythonhosted.org/packages/a0/a1/b153a0a4caf7a7e3f15c2cd56c7702e2cf3d89b1b359d1f1c5e59d68f4ce/importlib_metadata-4.8.3-py3-none-any.whl"
            },
            {
              "algorithm": "sha256",
              "hash": "766abffff765960fcc18003801f7044eb6755ffae4521c8e8ce8e83b9c9b0668",
              "url": "https://files.pythonhosted.org/packages/85/ed/e65128cc5cb1580f22ee3009d9187ecdfcc43ffb3b581fe854b24e87d8e7/importlib_metadata-4.8.3.tar.gz"
            }
          ],
          "project_name": "importlib-metadata",
          "requires_dists": [
            "flufl.flake8; extra == \"testing\"",
            "importlib-resources>=1.3; python_version < \"3.9\" and extra == \"testing\"",
            "ipython; extra == \"perf\"",
            "jaraco.packaging>=8.2; extra == \"docs\"",
            "packaging; extra == \"testing\"",
            "pep517; extra == \"testing\"",
            "pyfakefs; extra == \"testing\"",
            "pytest-black>=0.3.7; platform_python_implementation != \"PyPy\" and extra == \"testing\"",
            "pytest-checkdocs>=2.4; extra == \"testing\"",
            "pytest-cov; extra == \"testing\"",
            "pytest-enabler>=1.0.1; extra == \"testing\"",
            "pytest-flake8; extra == \"testing\"",
            "pytest-mypy; platform_python_implementation != \"PyPy\" and extra == \"testing\"",
            "pytest-perf>=0.9.2; extra == \"testing\"",
            "pytest>=6; extra == \"testing\"",
            "rst.linker>=1.9; extra == \"docs\"",
            "sphinx; extra == \"docs\"",
            "typing-extensions>=3.6.4; python_version < \"3.8\"",
            "zipp>=0.5"
          ],
          "requires_python": ">=3.6",
          "version": "4.8.3"
        },
        {
          "artifacts": [
            {
              "algorithm": "sha256",
              "hash": "011e24c64b7f47f6ebd835bb12a743f2fbe9a26d4cecaa7f53bc4f35ee9da8b3",
              "url": "https://files.pythonhosted.org/packages/9b/dd/b3c12c6d707058fa947864b67f0c4e0c39ef8610988d7baea9578f3c48f3/iniconfig-1.1.1-py2.py3-none-any.whl"
            },
            {
              "algorithm": "sha256",
              "hash": "bc3af051d7d14b2ee5ef9969666def0cd1a000e121eaea580d4a313df4b37f32",
              "url": "https://files.pythonhosted.org/packages/23/a2/97899f6bd0e873fed3a7e67ae8d3a08b21799430fb4da15cfedf10d6e2c2/iniconfig-1.1.1.tar.gz"
            }
          ],
          "project_name": "iniconfig",
          "requires_dists": [],
          "requires_python": null,
          "version": "1.1.1"
        },
        {
          "artifacts": [
            {
              "algorithm": "sha256",
              "hash": "ef103e05f519cdc783ae24ea4e2e0f508a9c99b2d4969652eed6a2e1ea5bd522",
              "url": "https://files.pythonhosted.org/packages/05/8e/8de486cbd03baba4deef4142bd643a3e7bbe954a784dc1bb17142572d127/packaging-21.3-py3-none-any.whl"
            },
            {
              "algorithm": "sha256",
              "hash": "dd47c42927d89ab911e606518907cc2d3a1f38bbd026385970643f9c5b8ecfeb",
              "url": "https://files.pythonhosted.org/packages/df/9e/d1a7217f69310c1db8fdf8ab396229f55a699ce34a203691794c5d1cad0c/packaging-21.3.tar.gz"
            }
          ],
          "project_name": "packaging",
          "requires_dists": [
            "pyparsing!=3.0.5,>=2.0.2"
          ],
          "requires_python": ">=3.6",
          "version": "21.3"
        },
        {
          "artifacts": [
            {
              "algorithm": "sha256",
              "hash": "74134bbf457f031a36d68416e1509f34bd5ccc019f0bcc952c7b909d06b37bd3",
              "url": "https://files.pythonhosted.org/packages/9e/01/f38e2ff29715251cf25532b9082a1589ab7e4f571ced434f98d0139336dc/pluggy-1.0.0-py2.py3-none-any.whl"
            },
            {
              "algorithm": "sha256",
              "hash": "4224373bacce55f955a878bf9cfa763c1e360858e330072059e10bad68531159",
              "url": "https://files.pythonhosted.org/packages/a1/16/db2d7de3474b6e37cbb9c008965ee63835bba517e22cdb8c35b5116b5ce1/pluggy-1.0.0.tar.gz"
            }
          ],
          "project_name": "pluggy",
          "requires_dists": [
            "importlib-metadata>=0.12; python_version < \"3.8\"",
            "pre-commit; extra == \"dev\"",
            "pytest-benchmark; extra == \"testing\"",
            "pytest; extra == \"testing\"",
            "tox; extra == \"dev\""
          ],
          "requires_python": ">=3.6",
          "version": "1.0.0"
        },
        {
          "artifacts": [
            {
              "algorithm": "sha256",
              "hash": "b6b4dcdd0c0c0d75e4d7b2f21a9e933e5b2ce62b26e1a54537f9651ae5a5c01d",
              "url": "https://files.pythonhosted.org/packages/4e/d1/e4ed95fdd3ef13b78630280d9e9e240aeb65cc7c544ec57106149c3942fb/pprintpp-0.4.0-py2.py3-none-any.whl"
            },
            {
              "algorithm": "sha256",
              "hash": "ea826108e2c7f49dc6d66c752973c3fc9749142a798d6b254e1e301cfdbc6403",
              "url": "https://files.pythonhosted.org/packages/06/1a/7737e7a0774da3c3824d654993cf57adc915cb04660212f03406334d8c0b/pprintpp-0.4.0.tar.gz"
            }
          ],
          "project_name": "pprintpp",
          "requires_dists": [],
          "requires_python": null,
          "version": "0.4.0"
        },
        {
          "artifacts": [
            {
              "algorithm": "sha256",
              "hash": "607c53218732647dff4acdfcd50cb62615cedf612e72d1724fb1a0cc6405b378",
              "url": "https://files.pythonhosted.org/packages/f6/f0/10642828a8dfb741e5f3fbaac830550a518a775c7fff6f04a007259b0548/py-1.11.0-py2.py3-none-any.whl"
            },
            {
              "algorithm": "sha256",
              "hash": "51c75c4126074b472f746a24399ad32f6053d1b34b68d2fa41e558e6f4a98719",
              "url": "https://files.pythonhosted.org/packages/98/ff/fec109ceb715d2a6b4c4a85a61af3b40c723a961e8828319fbcb15b868dc/py-1.11.0.tar.gz"
            }
          ],
          "project_name": "py",
          "requires_dists": [],
          "requires_python": "!=3.0.*,!=3.1.*,!=3.2.*,!=3.3.*,!=3.4.*,>=2.7",
          "version": "1.11.0"
        },
        {
          "artifacts": [
            {
              "algorithm": "sha256",
              "hash": "859625bc251f64e21f077d099d4162689c762b5d6a4c3c97553d56241c9674d5",
              "url": "https://files.pythonhosted.org/packages/e0/a9/023730ba63db1e494a271cb018dcd361bd2c917ba7004c3e49d5daf795a2/py_cpuinfo-9.0.0-py3-none-any.whl"
            },
            {
              "algorithm": "sha256",
              "hash": "3cdbbf3fac90dc6f118bfd64384f309edeadd902d7c8fb17f02ffa1fc3f49690",
              "url": "https://files.pythonhosted.org/packages/37/a8/d832f7293ebb21690860d2e01d8115e5ff6f2ae8bbdc953f0eb0fa4bd2c7/py-cpuinfo-9.0.0.tar.gz"
            }
          ],
          "project_name": "py-cpuinfo",
          "requires_dists": [],
          "requires_python": null,
          "version": "9.0.0"
        },
        {
          "artifacts": [
            {
              "algorithm": "sha256",
              "hash": "9ae06e32dec1422f9cd0d606fe2728f78e0b5d644551137480d8d5806e2426f0",
              "url": "https://files.pythonhosted.org/packages/e2/34/aa8cafcdf57058c080f64e5205eaed2ed523aec0d6519a92aec250189079/pygal-3.0.0-py2.py3-none-any.whl"
            },
            {
              "algorithm": "sha256",
              "hash": "2923f95d2e515930aa5a997219dccefbf3d92b7eaf5fc1c9febb95b09935fdb2",
              "url": "https://files.pythonhosted.org/packages/a8/db/021ea4fc623cbef831333bfb896374d2931be26c899d18c075579e955886/pygal-3.0.0.tar.gz"
            }
          ],
          "project_name": "pygal",
          "requires_dists": [
            "cairosvg; extra == \"png\"",
            "cairosvg; extra == \"test\"",
            "coveralls; extra == \"test\"",
            "flask; extra == \"test\"",
            "lxml; extra == \"lxml\"",
            "lxml; extra == \"test\"",
            "pygal-maps-ch; extra == \"test\"",
            "pygal-maps-fr; extra == \"test\"",
            "pygal-maps-world; extra == \"test\"",
            "pygal-sphinx-directives; extra == \"docs\"",
            "pyquery; extra == \"test\"",
            "pytest-cov; extra == \"test\"",
            "pytest-flake8; extra == \"test\"",
            "pytest-isort; extra == \"test\"",
            "pytest-runner; extra == \"test\"",
            "pytest; extra == \"test\"",
            "sphinx-rtd-theme; extra == \"docs\"",
            "sphinx; extra == \"docs\""
          ],
          "requires_python": null,
          "version": "3.0.0"
        },
        {
          "artifacts": [
            {
              "algorithm": "sha256",
              "hash": "d75e18cb21cc2cda40c45c3ee690771e5e3d4652bf57206f20137cf475c0dbe8",
              "url": "https://files.pythonhosted.org/packages/49/6f/07dab31ca496feda35cf3455b9e9380c43b5c685bb54ad890831c790da38/pygaljs-1.0.2-py2.py3-none-any.whl"
            },
            {
              "algorithm": "sha256",
              "hash": "0b71ee32495dcba5fbb4a0476ddbba07658ad65f5675e4ad409baf154dec5111",
              "url": "https://files.pythonhosted.org/packages/75/19/3a53f34232a9e6ddad665e71c83693c5db9a31f71785105905c5bc9fbbba/pygaljs-1.0.2.tar.gz"
            }
          ],
          "project_name": "pygaljs",
          "requires_dists": [],
          "requires_python": null,
          "version": "1.0.2"
        },
        {
          "artifacts": [
            {
              "algorithm": "sha256",
              "hash": "fa7bd7bd2771287c0de303af8bfdfc731f51bd2c6a47ab69d117138893b82717",
              "url": "https://files.pythonhosted.org/packages/0b/42/d9d95cc461f098f204cd20c85642ae40fbff81f74c300341b8d0e0df14e0/Pygments-2.14.0-py3-none-any.whl"
            },
            {
              "algorithm": "sha256",
              "hash": "b3ed06a9e8ac9a9aae5a6f5dbe78a8a58655d17b43b93c078f094ddc476ae297",
              "url": "https://files.pythonhosted.org/packages/da/6a/c427c06913204e24de28de5300d3f0e809933f376e0b7df95194b2bb3f71/Pygments-2.14.0.tar.gz"
            }
          ],
          "project_name": "pygments",
          "requires_dists": [
            "importlib-metadata; python_version < \"3.8\" and extra == \"plugins\""
          ],
          "requires_python": ">=3.6",
          "version": "2.14.0"
        },
        {
          "artifacts": [
            {
              "algorithm": "sha256",
              "hash": "a6c06a88f252e6c322f65faf8f418b16213b51bdfaece0524c1c1bc30c63c484",
              "url": "https://files.pythonhosted.org/packages/80/c1/23fd82ad3121656b585351aba6c19761926bb0db2ebed9e4ff09a43a3fcc/pyparsing-3.0.7-py3-none-any.whl"
            },
            {
              "algorithm": "sha256",
              "hash": "18ee9022775d270c55187733956460083db60b37d0d0fb357445f3094eed3eea",
              "url": "https://files.pythonhosted.org/packages/d6/60/9bed18f43275b34198eb9720d4c1238c68b3755620d20df0afd89424d32b/pyparsing-3.0.7.tar.gz"
            }
          ],
          "project_name": "pyparsing",
          "requires_dists": [
            "jinja2; extra == \"diagrams\"",
            "railroad-diagrams; extra == \"diagrams\""
          ],
          "requires_python": ">=3.6",
          "version": "3.0.7"
        },
        {
          "artifacts": [
            {
              "algorithm": "sha256",
              "hash": "9ce3ff477af913ecf6321fe337b93a2c0dcf2a0a1439c43f5452112c1e4280db",
              "url": "https://files.pythonhosted.org/packages/38/93/c7c0bd1e932b287fb948eb9ce5a3d6307c9fc619db1e199f8c8bc5dad95f/pytest-7.0.1-py3-none-any.whl"
            },
            {
              "algorithm": "sha256",
              "hash": "e30905a0c131d3d94b89624a1cc5afec3e0ba2fbdb151867d8e0ebd49850f171",
              "url": "https://files.pythonhosted.org/packages/3e/2c/a67ad48759051c7abf82ce182a4e6d766de371b183182d2dde03089e8dfb/pytest-7.0.1.tar.gz"
            }
          ],
          "project_name": "pytest",
          "requires_dists": [
            "argcomplete; extra == \"testing\"",
            "atomicwrites>=1.0; sys_platform == \"win32\"",
            "attrs>=19.2.0",
            "colorama; sys_platform == \"win32\"",
            "hypothesis>=3.56; extra == \"testing\"",
            "importlib-metadata>=0.12; python_version < \"3.8\"",
            "iniconfig",
            "mock; extra == \"testing\"",
            "nose; extra == \"testing\"",
            "packaging",
            "pluggy<2.0,>=0.12",
            "py>=1.8.2",
            "pygments>=2.7.2; extra == \"testing\"",
            "requests; extra == \"testing\"",
            "tomli>=1.0.0",
            "xmlschema; extra == \"testing\""
          ],
          "requires_python": ">=3.6",
          "version": "7.0.1"
        },
        {
          "artifacts": [
            {
              "algorithm": "sha256",
              "hash": "36d2b08c4882f6f997fd3126a3d6dfd70f3249cde178ed8bbc0b73db7c20f809",
              "url": "https://files.pythonhosted.org/packages/2c/60/423a63fb190a0483d049786a121bd3dfd7d93bb5ff1bb5b5cd13e5df99a7/pytest_benchmark-3.4.1-py2.py3-none-any.whl"
            },
            {
              "algorithm": "sha256",
              "hash": "40e263f912de5a81d891619032983557d62a3d85843f9a9f30b98baea0cd7b47",
              "url": "https://files.pythonhosted.org/packages/32/6a/bd6037a4e44b47085c8df9689921ca8d5669b3dbb0ecc3a77f8806cf67cc/pytest-benchmark-3.4.1.tar.gz"
            }
          ],
          "project_name": "pytest-benchmark",
          "requires_dists": [
            "aspectlib; extra == \"aspect\"",
            "elasticsearch; extra == \"elasticsearch\"",
            "pathlib2; python_version < \"3.4\"",
            "py-cpuinfo",
            "pygal; extra == \"histogram\"",
            "pygaljs; extra == \"histogram\"",
            "pytest>=3.8",
            "statistics; python_version < \"3.4\""
          ],
          "requires_python": "!=3.0.*,!=3.1.*,!=3.2.*,!=3.3.*,!=3.4.*,>=2.7",
          "version": "3.4.1"
        },
        {
          "artifacts": [
            {
              "algorithm": "sha256",
              "hash": "578d5d15ac4a25e5f961c938b85a05b09fdaae9deef3bb6de9a6e766622ca7a6",
              "url": "https://files.pythonhosted.org/packages/20/49/b3e0edec68d81846f519c602ac38af9db86e1e71275528b3e814ae236063/pytest_cov-3.0.0-py3-none-any.whl"
            },
            {
              "algorithm": "sha256",
              "hash": "e7f0f5b1617d2210a2cabc266dfe2f4c75a8d32fb89eafb7ad9d06f6d076d470",
              "url": "https://files.pythonhosted.org/packages/61/41/e046526849972555928a6d31c2068410e47a31fb5ab0a77f868596811329/pytest-cov-3.0.0.tar.gz"
            }
          ],
          "project_name": "pytest-cov",
          "requires_dists": [
            "coverage[toml]>=5.2.1",
            "fields; extra == \"testing\"",
            "hunter; extra == \"testing\"",
            "process-tests; extra == \"testing\"",
            "pytest-xdist; extra == \"testing\"",
            "pytest>=4.6",
            "six; extra == \"testing\"",
            "virtualenv; extra == \"testing\""
          ],
          "requires_python": ">=3.6",
          "version": "3.0.0"
        },
        {
          "artifacts": [
            {
              "algorithm": "sha256",
              "hash": "bbbb6717efc886b9d64537b41fb1497cfaf3c9601276be8da2cccfea5a3c8ad8",
              "url": "https://files.pythonhosted.org/packages/0c/36/c56ef2aea73912190cdbcc39aaa860db8c07c1a5ce8566994ec9425453db/pytest_forked-1.4.0-py3-none-any.whl"
            },
            {
              "algorithm": "sha256",
              "hash": "8b67587c8f98cbbadfdd804539ed5455b6ed03802203485dd2f53c1422d7440e",
              "url": "https://files.pythonhosted.org/packages/f1/bc/0121a2e386b261b69f4f5aa48e5304c947451dce70d68628cb28d5cd0d28/pytest-forked-1.4.0.tar.gz"
            }
          ],
          "project_name": "pytest-forked",
          "requires_dists": [
            "py",
            "pytest>=3.10"
          ],
          "requires_python": ">=3.6",
          "version": "1.4.0"
        },
        {
          "artifacts": [
            {
              "algorithm": "sha256",
              "hash": "e8f1ef4550a893b4f0a0ea7e7a8299b12ded72c086101d7811ddec0d85fd1bad",
              "url": "https://files.pythonhosted.org/packages/bc/20/133cf393f53f26095bdb71f482a14bc7218b9892352bb09097c341d810be/pytest-icdiff-0.6.tar.gz"
            }
          ],
          "project_name": "pytest-icdiff",
          "requires_dists": [
            "icdiff",
            "pprintpp",
            "pytest"
          ],
          "requires_python": ">=3.6",
          "version": "0.6"
        },
        {
          "artifacts": [
            {
              "algorithm": "sha256",
              "hash": "6fe5c74fec98906deb8f2d2b616b5c782022744978e7bd4695d39c8f42d0ce65",
              "url": "https://files.pythonhosted.org/packages/21/08/b1945d4b4986eb1aa10cf84efc5293bba39da80a2f95db3573dd90678408/pytest_xdist-2.5.0-py3-none-any.whl"
            },
            {
              "algorithm": "sha256",
              "hash": "4580deca3ff04ddb2ac53eba39d76cb5dd5edeac050cb6fbc768b0dd712b4edf",
              "url": "https://files.pythonhosted.org/packages/5d/43/9dbc32d297d6eae85d6c05dc8e8d3371061bd6cbe56a2f645d9ea4b53d9b/pytest-xdist-2.5.0.tar.gz"
            }
          ],
          "project_name": "pytest-xdist",
          "requires_dists": [
            "execnet>=1.1",
            "filelock; extra == \"testing\"",
            "psutil>=3.0; extra == \"psutil\"",
            "pytest-forked",
            "pytest>=6.2.0",
            "setproctitle; extra == \"setproctitle\""
          ],
          "requires_python": ">=3.6",
          "version": "2.5.0"
        },
        {
          "artifacts": [
            {
              "algorithm": "sha256",
              "hash": "e3069e4be3ead9668e21cb9b074cd948f7b3113fd9c8bba083f48247aab8b11c",
              "url": "https://files.pythonhosted.org/packages/05/e4/74f9440db36734d7ba83c574c1e7024009ce849208a41f90e94a134dc6d1/tomli-1.2.3-py3-none-any.whl"
            },
            {
              "algorithm": "sha256",
              "hash": "05b6166bff487dc068d322585c7ea4ef78deed501cc124060e0f238e89a9231f",
              "url": "https://files.pythonhosted.org/packages/fb/2e/d0a8276b0cf9b9e34fd0660c330acc59656f53bb2209adc75af863a3582d/tomli-1.2.3.tar.gz"
            }
          ],
          "project_name": "tomli",
          "requires_dists": [],
          "requires_python": ">=3.6",
          "version": "1.2.3"
        },
        {
          "artifacts": [
            {
              "algorithm": "sha256",
              "hash": "21c85e0fe4b9a155d0799430b0ad741cdce7e359660ccbd8b530613e8df88ce2",
              "url": "https://files.pythonhosted.org/packages/45/6b/44f7f8f1e110027cf88956b59f2fad776cca7e1704396d043f89effd3a0e/typing_extensions-4.1.1-py3-none-any.whl"
            },
            {
              "algorithm": "sha256",
              "hash": "1a9462dcc3347a79b1f1c0271fbe79e844580bb598bafa1ed208b94da3cdcd42",
              "url": "https://files.pythonhosted.org/packages/b1/5a/8b5fbb891ef3f81fc923bf3cb4a578c0abf9471eb50ce0f51c74212182ab/typing_extensions-4.1.1.tar.gz"
            }
          ],
          "project_name": "typing-extensions",
          "requires_dists": [],
          "requires_python": ">=3.6",
          "version": "4.1.1"
        },
        {
          "artifacts": [
            {
              "algorithm": "sha256",
              "hash": "9fe5ea21568a0a70e50f273397638d39b03353731e6cbbb3fd8502a33fec40bc",
              "url": "https://files.pythonhosted.org/packages/bd/df/d4a4974a3e3957fd1c1fa3082366d7fff6e428ddb55f074bf64876f8e8ad/zipp-3.6.0-py3-none-any.whl"
            },
            {
              "algorithm": "sha256",
              "hash": "71c644c5369f4a6e07636f0aa966270449561fcea2e3d6747b8d23efaa9d7832",
              "url": "https://files.pythonhosted.org/packages/02/bf/0d03dbdedb83afec081fefe86cae3a2447250ef1a81ac601a9a56e785401/zipp-3.6.0.tar.gz"
            }
          ],
          "project_name": "zipp",
          "requires_dists": [
            "func-timeout; extra == \"testing\"",
            "jaraco.itertools; extra == \"testing\"",
            "jaraco.packaging>=8.2; extra == \"docs\"",
            "pytest-black>=0.3.7; platform_python_implementation != \"PyPy\" and extra == \"testing\"",
            "pytest-checkdocs>=2.4; extra == \"testing\"",
            "pytest-cov; extra == \"testing\"",
            "pytest-enabler>=1.0.1; extra == \"testing\"",
            "pytest-flake8; extra == \"testing\"",
            "pytest-mypy; platform_python_implementation != \"PyPy\" and extra == \"testing\"",
            "pytest>=4.6; extra == \"testing\"",
            "rst.linker>=1.9; extra == \"docs\"",
            "sphinx; extra == \"docs\""
          ],
          "requires_python": ">=3.6",
          "version": "3.6.0"
        }
      ],
      "platform_tag": null
    }
  ],
  "path_mappings": {},
  "pex_version": "2.1.131",
  "pip_version": "20.3.4-patched",
  "prefer_older_binary": false,
  "requirements": [
    "pygments",
    "pytest-benchmark[histogram]==3.4.1",
    "pytest-cov!=2.12.1,<3.1,>=2.12",
    "pytest-icdiff",
    "pytest-xdist<3,>=2.5",
    "pytest==7.0.1"
  ],
  "requires_python": [
    "<3.10,>=3.6"
  ],
  "resolver_version": "pip-2020-resolver",
  "style": "universal",
  "target_systems": [
    "linux",
    "mac"
  ],
  "transitive": true,
  "use_pep517": null
}
