// This lockfile was autogenerated by Pants. To regenerate, run:
//
//    pants generate-lockfiles --resolve=pytest
//
// --- BEGIN PANTS LOCKFILE METADATA: DO NOT EDIT OR REMOVE ---
// {
//   "version": 3,
//   "valid_for_interpreter_constraints": [
//     "CPython<3.10,>=3.8"
//   ],
//   "generated_with_requirements": [
//     "pygments",
//     "pytest-benchmark[histogram]==3.4.1",
//     "pytest-cov!=2.12.1,<3.1,>=2.12",
//     "pytest-icdiff",
//     "pytest-xdist<3,>=2.5",
//     "pytest==7.0.1"
//   ],
//   "manylinux": "manylinux2014",
//   "requirement_constraints": [],
//   "only_binary": [],
//   "no_binary": []
// }
// --- END PANTS LOCKFILE METADATA ---

{
  "allow_builds": true,
  "allow_prereleases": false,
  "allow_wheels": true,
  "build_isolation": true,
  "constraints": [],
  "locked_resolves": [
    {
      "locked_requirements": [
        {
          "artifacts": [
            {
              "algorithm": "sha256",
              "hash": "99b87a485a5820b23b879f04c2305b44b951b502fd64be915879d77a7e8fc6f1",
              "url": "https://files.pythonhosted.org/packages/e0/44/827b2a91a5816512fcaf3cc4ebc465ccd5d598c45cefa6703fcf4a79018f/attrs-23.2.0-py3-none-any.whl"
            },
            {
              "algorithm": "sha256",
              "hash": "935dc3b529c262f6cf76e50877d35a4bd3c1de194fd41f47a2b7ae8f19971f30",
              "url": "https://files.pythonhosted.org/packages/e3/fc/f800d51204003fa8ae392c4e8278f256206e7a919b708eef054f5f4b650d/attrs-23.2.0.tar.gz"
            }
          ],
          "project_name": "attrs",
          "requires_dists": [
            "attrs[tests-mypy]; extra == \"tests-no-zope\"",
            "attrs[tests-no-zope]; extra == \"tests\"",
            "attrs[tests]; extra == \"cov\"",
            "attrs[tests]; extra == \"dev\"",
            "cloudpickle; platform_python_implementation == \"CPython\" and extra == \"tests-no-zope\"",
            "coverage[toml]>=5.3; extra == \"cov\"",
            "furo; extra == \"docs\"",
            "hypothesis; extra == \"tests-no-zope\"",
            "importlib-metadata; python_version < \"3.8\"",
            "mypy>=1.6; (platform_python_implementation == \"CPython\" and python_version >= \"3.8\") and extra == \"tests-mypy\"",
            "myst-parser; extra == \"docs\"",
            "pre-commit; extra == \"dev\"",
            "pympler; extra == \"tests-no-zope\"",
            "pytest-mypy-plugins; (platform_python_implementation == \"CPython\" and python_version >= \"3.8\") and extra == \"tests-mypy\"",
            "pytest-xdist[psutil]; extra == \"tests-no-zope\"",
            "pytest>=4.3.0; extra == \"tests-no-zope\"",
            "sphinx-notfound-page; extra == \"docs\"",
            "sphinx; extra == \"docs\"",
            "sphinxcontrib-towncrier; extra == \"docs\"",
            "towncrier; extra == \"docs\"",
            "zope-interface; extra == \"docs\"",
            "zope-interface; extra == \"tests\""
          ],
          "requires_python": ">=3.7",
          "version": "23.2.0"
        },
        {
          "artifacts": [
            {
              "algorithm": "sha256",
              "hash": "32a8d985462e37cfdab611a6f95b09d7c091d07668fdc26e47a725ee575fe166",
              "url": "https://files.pythonhosted.org/packages/65/b7/0c855c523d0e979ae43480cee806cae09ee0dbbd0b7c6fed9f9d50318b18/coverage-7.4.1-pp38.pp39.pp310-none-any.whl"
            },
            {
              "algorithm": "sha256",
              "hash": "8dfc5e195bbef80aabd81596ef52a1277ee7143fe419efc3c4d8ba2754671756",
              "url": "https://files.pythonhosted.org/packages/05/37/799839832bddad161a42eab64e3f42282c75ce0206b2e1c1fc4654e4a995/coverage-7.4.1-cp39-cp39-musllinux_1_1_i686.whl"
            },
            {
              "algorithm": "sha256",
              "hash": "918440dea04521f499721c039863ef95433314b1db00ff826a02580c1f503e45",
              "url": "https://files.pythonhosted.org/packages/13/4e/66a3821f6fc8a28d07740d9115fdacffb7e7d61431b9ae112bacde846327/coverage-7.4.1-cp38-cp38-macosx_11_0_arm64.whl"
            },
            {
              "algorithm": "sha256",
              "hash": "1a78b656a4d12b0490ca72651fe4d9f5e07e3c6461063a9b6265ee45eb2bdd35",
              "url": "https://files.pythonhosted.org/packages/16/ec/f8899be71d5c0964e4f34ccfe8ecef3e9cff25daa6728a8915c72004b1d5/coverage-7.4.1-cp39-cp39-musllinux_1_1_x86_64.whl"
            },
            {
              "algorithm": "sha256",
              "hash": "0491275c3b9971cdbd28a4595c2cb5838f08036bca31765bad5e17edf900b2c7",
              "url": "https://files.pythonhosted.org/packages/18/e3/eb7689641819f6c415aa7d88593e2d0d322e3adf364a0dd4f4d1eba00eeb/coverage-7.4.1-cp39-cp39-musllinux_1_1_aarch64.whl"
            },
            {
              "algorithm": "sha256",
              "hash": "379d4c7abad5afbe9d88cc31ea8ca262296480a86af945b08214eb1a556a3e4d",
              "url": "https://files.pythonhosted.org/packages/2a/12/89d5f08eb9be53910e3b9b2d02dd932f9b50bac10281272cdbaf8dee58d9/coverage-7.4.1-cp38-cp38-manylinux_2_17_aarch64.manylinux2014_aarch64.whl"
            },
            {
              "algorithm": "sha256",
              "hash": "8bdb0285a0202888d19ec6b6d23d5990410decb932b709f2b0dfe216d031d218",
              "url": "https://files.pythonhosted.org/packages/3c/75/a4abb6a0d1d4814fbcf8d9e552fd08b579236d8f5c5bb4cfd8a566c43612/coverage-7.4.1-cp38-cp38-macosx_10_9_x86_64.whl"
            },
            {
              "algorithm": "sha256",
              "hash": "b094116f0b6155e36a304ff912f89bbb5067157aff5f94060ff20bbabdc8da06",
              "url": "https://files.pythonhosted.org/packages/46/4d/9d6a7081c31d1388bff379250ab3ab0c873330c8139c07e8f4b6df61fe65/coverage-7.4.1-cp38-cp38-manylinux_2_5_i686.manylinux1_i686.manylinux_2_17_i686.manylinux2014_i686.whl"
            },
            {
              "algorithm": "sha256",
              "hash": "10e88e7f41e6197ea0429ae18f21ff521d4f4490aa33048f6c6f94c6045a6a75",
              "url": "https://files.pythonhosted.org/packages/54/4c/e2d59855d36921e3025380f75e110e672bb8500a5e5832af59b65a218ee4/coverage-7.4.1-cp38-cp38-musllinux_1_1_aarch64.whl"
            },
            {
              "algorithm": "sha256",
              "hash": "a4a3907011d39dbc3e37bdc5df0a8c93853c369039b59efa33a7b6669de04c60",
              "url": "https://files.pythonhosted.org/packages/72/31/a8d0a018aceecf8b2728f924c0a2d1c07c36be611301db1843538315dca8/coverage-7.4.1-cp38-cp38-musllinux_1_1_i686.whl"
            },
            {
              "algorithm": "sha256",
              "hash": "9641e21670c68c7e57d2053ddf6c443e4f0a6e18e547e86af3fad0795414a628",
              "url": "https://files.pythonhosted.org/packages/86/25/6b70cb21b6e62158aab40a0e930361d4397f4ef4cbd2a04d3d01b6e4c5cf/coverage-7.4.1-cp39-cp39-manylinux_2_17_aarch64.manylinux2014_aarch64.whl"
            },
            {
              "algorithm": "sha256",
              "hash": "8e738a492b6221f8dcf281b67129510835461132b03024830ac0e554311a5c54",
              "url": "https://files.pythonhosted.org/packages/9f/ae/0d439dc9adc0111ffbed38149d73ddf34f7a8768e377020181e624cf2634/coverage-7.4.1-cp39-cp39-macosx_10_9_x86_64.whl"
            },
            {
              "algorithm": "sha256",
              "hash": "f2f5968608b1fe2a1d00d01ad1017ee27efd99b3437e08b83ded9b7af3f6f766",
              "url": "https://files.pythonhosted.org/packages/b3/b9/49b1028a69b1e9476db7508705fc67a1218ece54af07b87339eac1b5600a/coverage-7.4.1-cp38-cp38-manylinux_2_5_x86_64.manylinux1_x86_64.manylinux_2_17_x86_64.manylinux2014_x86_64.whl"
            },
            {
              "algorithm": "sha256",
              "hash": "6d224f0c4c9c98290a6990259073f496fcec1b5cc613eecbd22786d398ded3ad",
              "url": "https://files.pythonhosted.org/packages/b5/e3/87ee5c1250934d42038680c41c04bac813025913c460c761859b04dcbff7/coverage-7.4.1-cp38-cp38-musllinux_1_1_x86_64.whl"
            },
            {
              "algorithm": "sha256",
              "hash": "1ed4b95480952b1a26d863e546fa5094564aa0065e1e5f0d4d0041f293251d04",
              "url": "https://files.pythonhosted.org/packages/ca/41/e2ba20f090d0d16b73ad1f6fc542eb31b0db20662576583fb4f02554891f/coverage-7.4.1.tar.gz"
            },
            {
              "algorithm": "sha256",
              "hash": "46342fed0fff72efcda77040b14728049200cbba1279e0bf1188f1f2078c1d70",
              "url": "https://files.pythonhosted.org/packages/ce/e1/df16e7e353c2ba5a5b3e02a6bad7dbf1bc62d5b9cfe5c06ed0e31fc64122/coverage-7.4.1-cp39-cp39-macosx_11_0_arm64.whl"
            },
            {
              "algorithm": "sha256",
              "hash": "aeb2c2688ed93b027eb0d26aa188ada34acb22dceea256d76390eea135083950",
              "url": "https://files.pythonhosted.org/packages/fc/cc/c4da6426501cdbad3b37edbeca7b485137f74a6030d5a974060d8369f898/coverage-7.4.1-cp39-cp39-manylinux_2_5_i686.manylinux1_i686.manylinux_2_17_i686.manylinux2014_i686.whl"
            },
            {
              "algorithm": "sha256",
              "hash": "d12c923757de24e4e2110cf8832d83a886a4cf215c6e61ed506006872b43a6d1",
              "url": "https://files.pythonhosted.org/packages/ff/e3/351477165426da841458f2c1b732360dd42da140920e3cd4b70676e5b77f/coverage-7.4.1-cp39-cp39-manylinux_2_5_x86_64.manylinux1_x86_64.manylinux_2_17_x86_64.manylinux2014_x86_64.whl"
            }
          ],
          "project_name": "coverage",
          "requires_dists": [
            "tomli; python_full_version <= \"3.11.0a6\" and extra == \"toml\""
          ],
          "requires_python": ">=3.8",
          "version": "7.4.1"
        },
        {
          "artifacts": [
            {
              "algorithm": "sha256",
              "hash": "88256416ae766bc9e8895c76a87928c0012183da3cc4fc18016e6f050e025f41",
              "url": "https://files.pythonhosted.org/packages/e8/9c/a079946da30fac4924d92dbc617e5367d454954494cf1e71567bcc4e00ee/execnet-2.0.2-py3-none-any.whl"
            },
            {
              "algorithm": "sha256",
              "hash": "cc59bc4423742fd71ad227122eb0dd44db51efb3dc4095b45ac9a08c770096af",
              "url": "https://files.pythonhosted.org/packages/e4/c8/d382dc7a1e68a165f4a4ab612a08b20d8534a7d20cc590630b734ca0c54b/execnet-2.0.2.tar.gz"
            }
          ],
          "project_name": "execnet",
          "requires_dists": [
            "hatch; extra == \"testing\"",
            "pre-commit; extra == \"testing\"",
            "pytest; extra == \"testing\"",
            "tox; extra == \"testing\""
          ],
          "requires_python": ">=3.7",
          "version": "2.0.2"
        },
        {
          "artifacts": [
            {
              "algorithm": "sha256",
              "hash": "f05d1b3623223dd1c70f7848da7d699de3d9a2550b902a8234d9026292fb5762",
              "url": "https://files.pythonhosted.org/packages/7c/2a/b3178baa75a3ec75a33588252296c82a1332d2b83cd01061539b74bde9dd/icdiff-2.0.7-py3-none-any.whl"
            },
            {
              "algorithm": "sha256",
              "hash": "f79a318891adbf59a45e3a7694f5e1f18c5407065264637072ac8363b759866f",
              "url": "https://files.pythonhosted.org/packages/fa/e4/43341832be5f2bcae71eb3ef08a07aaef9b74f74fe0b3675f62bd12057fe/icdiff-2.0.7.tar.gz"
            }
          ],
          "project_name": "icdiff",
          "requires_dists": [],
          "requires_python": null,
          "version": "2.0.7"
        },
        {
          "artifacts": [
            {
              "algorithm": "sha256",
              "hash": "4805911c3a4ec7c3966410053e9ec6a1fecd629117df5adee56dfc9432a1081e",
              "url": "https://files.pythonhosted.org/packages/c0/8b/d8427f023c081a8303e6ac7209c16e6878f2765d5b59667f3903fbcfd365/importlib_metadata-7.0.1-py3-none-any.whl"
            },
            {
              "algorithm": "sha256",
              "hash": "f238736bb06590ae52ac1fab06a3a9ef1d8dce2b7a35b5ab329371d6c8f5d2cc",
              "url": "https://files.pythonhosted.org/packages/90/b4/206081fca69171b4dc1939e77b378a7b87021b0f43ce07439d49d8ac5c84/importlib_metadata-7.0.1.tar.gz"
            }
          ],
          "project_name": "importlib-metadata",
          "requires_dists": [
            "flufl.flake8; extra == \"testing\"",
            "furo; extra == \"docs\"",
            "importlib-resources>=1.3; python_version < \"3.9\" and extra == \"testing\"",
            "ipython; extra == \"perf\"",
            "jaraco.packaging>=9.3; extra == \"docs\"",
            "jaraco.tidelift>=1.4; extra == \"docs\"",
            "packaging; extra == \"testing\"",
            "pyfakefs; extra == \"testing\"",
            "pytest-black>=0.3.7; platform_python_implementation != \"PyPy\" and extra == \"testing\"",
            "pytest-checkdocs>=2.4; extra == \"testing\"",
            "pytest-cov; extra == \"testing\"",
            "pytest-enabler>=2.2; extra == \"testing\"",
            "pytest-mypy>=0.9.1; platform_python_implementation != \"PyPy\" and extra == \"testing\"",
            "pytest-perf>=0.9.2; extra == \"testing\"",
            "pytest-ruff; extra == \"testing\"",
            "pytest>=6; extra == \"testing\"",
            "rst.linker>=1.9; extra == \"docs\"",
            "sphinx-lint; extra == \"docs\"",
            "sphinx<7.2.5; extra == \"docs\"",
            "sphinx>=3.5; extra == \"docs\"",
            "typing-extensions>=3.6.4; python_version < \"3.8\"",
            "zipp>=0.5"
          ],
          "requires_python": ">=3.8",
          "version": "7.0.1"
        },
        {
          "artifacts": [
            {
              "algorithm": "sha256",
              "hash": "b6a85871a79d2e3b22d2d1b94ac2824226a63c6b741c88f7ae975f18b6778374",
              "url": "https://files.pythonhosted.org/packages/ef/a6/62565a6e1cf69e10f5727360368e451d4b7f58beeac6173dc9db836a5b46/iniconfig-2.0.0-py3-none-any.whl"
            },
            {
              "algorithm": "sha256",
              "hash": "2d91e135bf72d31a410b17c16da610a82cb55f6b0477d1a902134b24a455b8b3",
              "url": "https://files.pythonhosted.org/packages/d7/4b/cbd8e699e64a6f16ca3a8220661b5f83792b3017d0f79807cb8708d33913/iniconfig-2.0.0.tar.gz"
            }
          ],
          "project_name": "iniconfig",
          "requires_dists": [],
          "requires_python": ">=3.7",
          "version": "2.0.0"
        },
        {
          "artifacts": [
            {
              "algorithm": "sha256",
              "hash": "8c491190033a9af7e1d931d0b5dacc2ef47509b34dd0de67ed209b5203fc88c7",
              "url": "https://files.pythonhosted.org/packages/ec/1a/610693ac4ee14fcdf2d9bf3c493370e4f2ef7ae2e19217d7a237ff42367d/packaging-23.2-py3-none-any.whl"
            },
            {
              "algorithm": "sha256",
              "hash": "048fb0e9405036518eaaf48a55953c750c11e1a1b68e0dd1a9d62ed0c092cfc5",
              "url": "https://files.pythonhosted.org/packages/fb/2b/9b9c33ffed44ee921d0967086d653047286054117d584f1b1a7c22ceaf7b/packaging-23.2.tar.gz"
            }
          ],
          "project_name": "packaging",
          "requires_dists": [],
          "requires_python": ">=3.7",
          "version": "23.2"
        },
        {
          "artifacts": [
            {
              "algorithm": "sha256",
              "hash": "7db9f7b503d67d1c5b95f59773ebb58a8c1c288129a88665838012cfb07b8981",
              "url": "https://files.pythonhosted.org/packages/a5/5b/0cc789b59e8cc1bf288b38111d002d8c5917123194d45b29dcdac64723cc/pluggy-1.4.0-py3-none-any.whl"
            },
            {
              "algorithm": "sha256",
              "hash": "8c85c2876142a764e5b7548e7d9a0e0ddb46f5185161049a79b7e974454223be",
              "url": "https://files.pythonhosted.org/packages/54/c6/43f9d44d92aed815e781ca25ba8c174257e27253a94630d21be8725a2b59/pluggy-1.4.0.tar.gz"
            }
          ],
          "project_name": "pluggy",
          "requires_dists": [
            "pre-commit; extra == \"dev\"",
            "pytest-benchmark; extra == \"testing\"",
            "pytest; extra == \"testing\"",
            "tox; extra == \"dev\""
          ],
          "requires_python": ">=3.8",
          "version": "1.4.0"
        },
        {
          "artifacts": [
            {
              "algorithm": "sha256",
              "hash": "b6b4dcdd0c0c0d75e4d7b2f21a9e933e5b2ce62b26e1a54537f9651ae5a5c01d",
              "url": "https://files.pythonhosted.org/packages/4e/d1/e4ed95fdd3ef13b78630280d9e9e240aeb65cc7c544ec57106149c3942fb/pprintpp-0.4.0-py2.py3-none-any.whl"
            },
            {
              "algorithm": "sha256",
              "hash": "ea826108e2c7f49dc6d66c752973c3fc9749142a798d6b254e1e301cfdbc6403",
              "url": "https://files.pythonhosted.org/packages/06/1a/7737e7a0774da3c3824d654993cf57adc915cb04660212f03406334d8c0b/pprintpp-0.4.0.tar.gz"
            }
          ],
          "project_name": "pprintpp",
          "requires_dists": [],
          "requires_python": null,
          "version": "0.4.0"
        },
        {
          "artifacts": [
            {
              "algorithm": "sha256",
              "hash": "607c53218732647dff4acdfcd50cb62615cedf612e72d1724fb1a0cc6405b378",
              "url": "https://files.pythonhosted.org/packages/f6/f0/10642828a8dfb741e5f3fbaac830550a518a775c7fff6f04a007259b0548/py-1.11.0-py2.py3-none-any.whl"
            },
            {
              "algorithm": "sha256",
              "hash": "51c75c4126074b472f746a24399ad32f6053d1b34b68d2fa41e558e6f4a98719",
              "url": "https://files.pythonhosted.org/packages/98/ff/fec109ceb715d2a6b4c4a85a61af3b40c723a961e8828319fbcb15b868dc/py-1.11.0.tar.gz"
            }
          ],
          "project_name": "py",
          "requires_dists": [],
          "requires_python": "!=3.0.*,!=3.1.*,!=3.2.*,!=3.3.*,!=3.4.*,>=2.7",
          "version": "1.11.0"
        },
        {
          "artifacts": [
            {
              "algorithm": "sha256",
              "hash": "859625bc251f64e21f077d099d4162689c762b5d6a4c3c97553d56241c9674d5",
              "url": "https://files.pythonhosted.org/packages/e0/a9/023730ba63db1e494a271cb018dcd361bd2c917ba7004c3e49d5daf795a2/py_cpuinfo-9.0.0-py3-none-any.whl"
            },
            {
              "algorithm": "sha256",
              "hash": "3cdbbf3fac90dc6f118bfd64384f309edeadd902d7c8fb17f02ffa1fc3f49690",
              "url": "https://files.pythonhosted.org/packages/37/a8/d832f7293ebb21690860d2e01d8115e5ff6f2ae8bbdc953f0eb0fa4bd2c7/py-cpuinfo-9.0.0.tar.gz"
            }
          ],
          "project_name": "py-cpuinfo",
          "requires_dists": [],
          "requires_python": null,
          "version": "9.0.0"
        },
        {
          "artifacts": [
            {
              "algorithm": "sha256",
              "hash": "e931caf08b4be0e6ec119a4c0e20dbed2d77829c641b7dea0ed21fe6ec81f2ea",
              "url": "https://files.pythonhosted.org/packages/29/83/94e10cdc24489caef1ffcf9c3c2836fc35eff0f1c1d60d609d55d449820c/pygal-3.0.4-py2.py3-none-any.whl"
            },
            {
              "algorithm": "sha256",
              "hash": "6c5da33f1041e8b30cbc980f8a34910d9edc584b833240298f6a25df65425289",
              "url": "https://files.pythonhosted.org/packages/af/84/1ca8f53530c834c799e178c88d8f7f0694daa801e832e004aae79209e498/pygal-3.0.4.tar.gz"
            }
          ],
          "project_name": "pygal",
          "requires_dists": [
            "cairosvg; extra == \"png\"",
            "cairosvg; extra == \"test\"",
            "coveralls; extra == \"test\"",
            "flake8; extra == \"test\"",
            "flask; extra == \"test\"",
            "importlib-metadata",
            "lxml; extra == \"lxml\"",
            "lxml; extra == \"test\"",
            "pygal-maps-ch; extra == \"test\"",
            "pygal-maps-fr; extra == \"test\"",
            "pygal-maps-world; extra == \"test\"",
            "pygal-sphinx-directives; extra == \"docs\"",
            "pyquery; extra == \"test\"",
            "pytest-cov; extra == \"test\"",
            "pytest-isort; extra == \"test\"",
            "pytest-runner; extra == \"test\"",
            "pytest; extra == \"test\"",
            "sphinx-rtd-theme; extra == \"docs\"",
            "sphinx; extra == \"docs\""
          ],
          "requires_python": ">=3.8",
          "version": "3.0.4"
        },
        {
          "artifacts": [
            {
              "algorithm": "sha256",
              "hash": "d75e18cb21cc2cda40c45c3ee690771e5e3d4652bf57206f20137cf475c0dbe8",
              "url": "https://files.pythonhosted.org/packages/49/6f/07dab31ca496feda35cf3455b9e9380c43b5c685bb54ad890831c790da38/pygaljs-1.0.2-py2.py3-none-any.whl"
            },
            {
              "algorithm": "sha256",
              "hash": "0b71ee32495dcba5fbb4a0476ddbba07658ad65f5675e4ad409baf154dec5111",
              "url": "https://files.pythonhosted.org/packages/75/19/3a53f34232a9e6ddad665e71c83693c5db9a31f71785105905c5bc9fbbba/pygaljs-1.0.2.tar.gz"
            }
          ],
          "project_name": "pygaljs",
          "requires_dists": [],
          "requires_python": null,
          "version": "1.0.2"
        },
        {
          "artifacts": [
            {
              "algorithm": "sha256",
              "hash": "b27c2826c47d0f3219f29554824c30c5e8945175d888647acd804ddd04af846c",
              "url": "https://files.pythonhosted.org/packages/97/9c/372fef8377a6e340b1704768d20daaded98bf13282b5327beb2e2fe2c7ef/pygments-2.17.2-py3-none-any.whl"
            },
            {
              "algorithm": "sha256",
              "hash": "da46cec9fd2de5be3a8a784f434e4c4ab670b4ff54d605c4c2717e9d49c4c367",
              "url": "https://files.pythonhosted.org/packages/55/59/8bccf4157baf25e4aa5a0bb7fa3ba8600907de105ebc22b0c78cfbf6f565/pygments-2.17.2.tar.gz"
            }
          ],
          "project_name": "pygments",
          "requires_dists": [
            "colorama>=0.4.6; extra == \"windows-terminal\"",
            "importlib-metadata; python_version < \"3.8\" and extra == \"plugins\""
          ],
          "requires_python": ">=3.7",
          "version": "2.17.2"
        },
        {
          "artifacts": [
            {
              "algorithm": "sha256",
              "hash": "9ce3ff477af913ecf6321fe337b93a2c0dcf2a0a1439c43f5452112c1e4280db",
              "url": "https://files.pythonhosted.org/packages/38/93/c7c0bd1e932b287fb948eb9ce5a3d6307c9fc619db1e199f8c8bc5dad95f/pytest-7.0.1-py3-none-any.whl"
            },
            {
              "algorithm": "sha256",
              "hash": "e30905a0c131d3d94b89624a1cc5afec3e0ba2fbdb151867d8e0ebd49850f171",
              "url": "https://files.pythonhosted.org/packages/3e/2c/a67ad48759051c7abf82ce182a4e6d766de371b183182d2dde03089e8dfb/pytest-7.0.1.tar.gz"
            }
          ],
          "project_name": "pytest",
          "requires_dists": [
            "argcomplete; extra == \"testing\"",
            "atomicwrites>=1.0; sys_platform == \"win32\"",
            "attrs>=19.2.0",
            "colorama; sys_platform == \"win32\"",
            "hypothesis>=3.56; extra == \"testing\"",
            "importlib-metadata>=0.12; python_version < \"3.8\"",
            "iniconfig",
            "mock; extra == \"testing\"",
            "nose; extra == \"testing\"",
            "packaging",
            "pluggy<2.0,>=0.12",
            "py>=1.8.2",
            "pygments>=2.7.2; extra == \"testing\"",
            "requests; extra == \"testing\"",
            "tomli>=1.0.0",
            "xmlschema; extra == \"testing\""
          ],
          "requires_python": ">=3.6",
          "version": "7.0.1"
        },
        {
          "artifacts": [
            {
              "algorithm": "sha256",
              "hash": "36d2b08c4882f6f997fd3126a3d6dfd70f3249cde178ed8bbc0b73db7c20f809",
              "url": "https://files.pythonhosted.org/packages/2c/60/423a63fb190a0483d049786a121bd3dfd7d93bb5ff1bb5b5cd13e5df99a7/pytest_benchmark-3.4.1-py2.py3-none-any.whl"
            },
            {
              "algorithm": "sha256",
              "hash": "40e263f912de5a81d891619032983557d62a3d85843f9a9f30b98baea0cd7b47",
              "url": "https://files.pythonhosted.org/packages/32/6a/bd6037a4e44b47085c8df9689921ca8d5669b3dbb0ecc3a77f8806cf67cc/pytest-benchmark-3.4.1.tar.gz"
            }
          ],
          "project_name": "pytest-benchmark",
          "requires_dists": [
            "aspectlib; extra == \"aspect\"",
            "elasticsearch; extra == \"elasticsearch\"",
            "pathlib2; python_version < \"3.4\"",
            "py-cpuinfo",
            "pygal; extra == \"histogram\"",
            "pygaljs; extra == \"histogram\"",
            "pytest>=3.8",
            "statistics; python_version < \"3.4\""
          ],
          "requires_python": "!=3.0.*,!=3.1.*,!=3.2.*,!=3.3.*,!=3.4.*,>=2.7",
          "version": "3.4.1"
        },
        {
          "artifacts": [
            {
              "algorithm": "sha256",
              "hash": "578d5d15ac4a25e5f961c938b85a05b09fdaae9deef3bb6de9a6e766622ca7a6",
              "url": "https://files.pythonhosted.org/packages/20/49/b3e0edec68d81846f519c602ac38af9db86e1e71275528b3e814ae236063/pytest_cov-3.0.0-py3-none-any.whl"
            },
            {
              "algorithm": "sha256",
              "hash": "e7f0f5b1617d2210a2cabc266dfe2f4c75a8d32fb89eafb7ad9d06f6d076d470",
              "url": "https://files.pythonhosted.org/packages/61/41/e046526849972555928a6d31c2068410e47a31fb5ab0a77f868596811329/pytest-cov-3.0.0.tar.gz"
            }
          ],
          "project_name": "pytest-cov",
          "requires_dists": [
            "coverage[toml]>=5.2.1",
            "fields; extra == \"testing\"",
            "hunter; extra == \"testing\"",
            "process-tests; extra == \"testing\"",
            "pytest-xdist; extra == \"testing\"",
            "pytest>=4.6",
            "six; extra == \"testing\"",
            "virtualenv; extra == \"testing\""
          ],
          "requires_python": ">=3.6",
          "version": "3.0.0"
        },
        {
          "artifacts": [
            {
              "algorithm": "sha256",
              "hash": "810958f66a91afb1a1e2ae83089d8dc1cd2437ac96b12963042fbb9fb4d16af0",
              "url": "https://files.pythonhosted.org/packages/f4/af/9c0bda43e486a3c9bf1e0f876d0f241bc3f229d7d65d09331a0868db9629/pytest_forked-1.6.0-py3-none-any.whl"
            },
            {
              "algorithm": "sha256",
              "hash": "4dafd46a9a600f65d822b8f605133ecf5b3e1941ebb3588e943b4e3eb71a5a3f",
              "url": "https://files.pythonhosted.org/packages/8c/c9/93ad2ba2413057ee694884b88cf7467a46c50c438977720aeac26e73fdb7/pytest-forked-1.6.0.tar.gz"
            }
          ],
          "project_name": "pytest-forked",
          "requires_dists": [
            "py",
            "pytest>=3.10"
          ],
          "requires_python": ">=3.7",
          "version": "1.6.0"
        },
        {
          "artifacts": [
            {
              "algorithm": "sha256",
              "hash": "efee0da3bd1b24ef2d923751c5c547fbb8df0a46795553fba08ef57c3ca03d82",
              "url": "https://files.pythonhosted.org/packages/e2/e1/cafe1edf7a30be6fa1bbbf43f7af12b34682eadcf19eb6e9f7352062c422/pytest_icdiff-0.9-py3-none-any.whl"
            },
            {
              "algorithm": "sha256",
              "hash": "13aede616202e57fcc882568b64589002ef85438046f012ac30a8d959dac8b75",
              "url": "https://files.pythonhosted.org/packages/5a/0c/66e1e2590e98f4428e374a3b6448dc086a908d15b1e24b914539d13b7ac4/pytest-icdiff-0.9.tar.gz"
            }
          ],
          "project_name": "pytest-icdiff",
          "requires_dists": [
            "icdiff",
            "pprintpp",
            "pytest"
          ],
          "requires_python": ">=3.7",
          "version": "0.9"
        },
        {
          "artifacts": [
            {
              "algorithm": "sha256",
              "hash": "6fe5c74fec98906deb8f2d2b616b5c782022744978e7bd4695d39c8f42d0ce65",
              "url": "https://files.pythonhosted.org/packages/21/08/b1945d4b4986eb1aa10cf84efc5293bba39da80a2f95db3573dd90678408/pytest_xdist-2.5.0-py3-none-any.whl"
            },
            {
              "algorithm": "sha256",
              "hash": "4580deca3ff04ddb2ac53eba39d76cb5dd5edeac050cb6fbc768b0dd712b4edf",
              "url": "https://files.pythonhosted.org/packages/5d/43/9dbc32d297d6eae85d6c05dc8e8d3371061bd6cbe56a2f645d9ea4b53d9b/pytest-xdist-2.5.0.tar.gz"
            }
          ],
          "project_name": "pytest-xdist",
          "requires_dists": [
            "execnet>=1.1",
            "filelock; extra == \"testing\"",
            "psutil>=3.0; extra == \"psutil\"",
            "pytest-forked",
            "pytest>=6.2.0",
            "setproctitle; extra == \"setproctitle\""
          ],
          "requires_python": ">=3.6",
          "version": "2.5.0"
        },
        {
          "artifacts": [
            {
              "algorithm": "sha256",
              "hash": "939de3e7a6161af0c887ef91b7d41a53e7c5a1ca976325f429cb46ea9bc30ecc",
              "url": "https://files.pythonhosted.org/packages/97/75/10a9ebee3fd790d20926a90a2547f0bf78f371b2f13aa822c759680ca7b9/tomli-2.0.1-py3-none-any.whl"
            },
            {
              "algorithm": "sha256",
              "hash": "de526c12914f0c550d15924c62d72abc48d6fe7364aa87328337a31007fe8a4f",
              "url": "https://files.pythonhosted.org/packages/c0/3f/d7af728f075fb08564c5949a9c95e44352e23dee646869fa104a3b2060a3/tomli-2.0.1.tar.gz"
            }
          ],
          "project_name": "tomli",
          "requires_dists": [],
          "requires_python": ">=3.7",
          "version": "2.0.1"
        },
        {
          "artifacts": [
            {
              "algorithm": "sha256",
              "hash": "0e923e726174922dce09c53c59ad483ff7bbb8e572e00c7f7c46b88556409f31",
              "url": "https://files.pythonhosted.org/packages/d9/66/48866fc6b158c81cc2bfecc04c480f105c6040e8b077bc54c634b4a67926/zipp-3.17.0-py3-none-any.whl"
            },
            {
              "algorithm": "sha256",
              "hash": "84e64a1c28cf7e91ed2078bb8cc8c259cb19b76942096c8d7b84947690cabaf0",
              "url": "https://files.pythonhosted.org/packages/58/03/dd5ccf4e06dec9537ecba8fcc67bbd4ea48a2791773e469e73f94c3ba9a6/zipp-3.17.0.tar.gz"
            }
          ],
          "project_name": "zipp",
          "requires_dists": [
            "big-O; extra == \"testing\"",
            "furo; extra == \"docs\"",
            "jaraco.functools; extra == \"testing\"",
            "jaraco.itertools; extra == \"testing\"",
            "jaraco.packaging>=9.3; extra == \"docs\"",
            "jaraco.tidelift>=1.4; extra == \"docs\"",
            "more-itertools; extra == \"testing\"",
            "pytest-black>=0.3.7; platform_python_implementation != \"PyPy\" and extra == \"testing\"",
            "pytest-checkdocs>=2.4; extra == \"testing\"",
            "pytest-cov; extra == \"testing\"",
            "pytest-enabler>=2.2; extra == \"testing\"",
            "pytest-ignore-flaky; extra == \"testing\"",
            "pytest-mypy>=0.9.1; platform_python_implementation != \"PyPy\" and extra == \"testing\"",
            "pytest-ruff; extra == \"testing\"",
            "pytest>=6; extra == \"testing\"",
            "rst.linker>=1.9; extra == \"docs\"",
            "sphinx-lint; extra == \"docs\"",
            "sphinx<7.2.5; extra == \"docs\"",
            "sphinx>=3.5; extra == \"docs\""
          ],
          "requires_python": ">=3.8",
          "version": "3.17.0"
        }
      ],
      "platform_tag": null
    }
  ],
  "path_mappings": {},
  "pex_version": "2.1.137",
  "pip_version": "23.1.2",
  "prefer_older_binary": false,
  "requirements": [
    "pygments",
    "pytest-benchmark[histogram]==3.4.1",
    "pytest-cov!=2.12.1,<3.1,>=2.12",
    "pytest-icdiff",
    "pytest-xdist<3,>=2.5",
    "pytest==7.0.1"
  ],
  "requires_python": [
    "<3.10,>=3.8"
  ],
  "resolver_version": "pip-2020-resolver",
  "style": "universal",
  "target_systems": [
    "linux",
    "mac"
  ],
  "transitive": true,
  "use_pep517": null
}
