// This lockfile was autogenerated by Pants. To regenerate, run:
//
//    ./pants generate-lockfiles --resolve=twine
//
// --- BEGIN PANTS LOCKFILE METADATA: DO NOT EDIT OR REMOVE ---
// {
//   "version": 3,
//   "valid_for_interpreter_constraints": [
//     "CPython<3.10,>=3.6"
//   ],
//   "generated_with_requirements": [
//     "colorama>=0.4.3",
//     "twine<3.8,>=3.7.1"
//   ],
//   "manylinux": "manylinux2014",
//   "requirement_constraints": [],
//   "only_binary": [],
//   "no_binary": []
// }
// --- END PANTS LOCKFILE METADATA ---

{
  "allow_builds": true,
  "allow_prereleases": false,
  "allow_wheels": true,
  "build_isolation": true,
  "constraints": [],
  "locked_resolves": [
    {
      "locked_requirements": [
        {
          "artifacts": [
            {
              "algorithm": "sha256",
              "hash": "4d2651ab93271d1129ac9cbc679f524565cc8a1b791909c4a51eac4446a15994",
              "url": "https://files.pythonhosted.org/packages/64/cc/74d634e1e5659742973a23bb441404c53a7bedb6cd3962109ca5efb703e8/bleach-4.1.0-py2.py3-none-any.whl"
            },
            {
              "algorithm": "sha256",
              "hash": "0900d8b37eba61a802ee40ac0061f8c2b5dee29c1927dd1d233e075ebf5a71da",
              "url": "https://files.pythonhosted.org/packages/6a/a3/217842324374fd3fb33db0eb4c2909ccf3ecc5a94f458088ac68581f8314/bleach-4.1.0.tar.gz"
            }
          ],
          "project_name": "bleach",
          "requires_dists": [
            "packaging",
            "six>=1.9.0",
            "webencodings"
          ],
          "requires_python": ">=3.6",
          "version": "4.1.0"
        },
        {
          "artifacts": [
            {
              "algorithm": "sha256",
              "hash": "92d6037539857d8206b8f6ae472e8b77db8058fec5937a1ef3f54304089edbb9",
              "url": "https://files.pythonhosted.org/packages/4c/dd/2234eab22353ffc7d94e8d13177aaa050113286e93e7b40eae01fbf7c3d9/certifi-2023.7.22-py3-none-any.whl"
            },
            {
              "algorithm": "sha256",
              "hash": "539cc1d13202e33ca466e88b2807e29f4c13049d6d87031a3c110744495cb082",
              "url": "https://files.pythonhosted.org/packages/98/98/c2ff18671db109c9f10ed27f5ef610ae05b73bd876664139cf95bd1429aa/certifi-2023.7.22.tar.gz"
            }
          ],
          "project_name": "certifi",
          "requires_dists": [],
          "requires_python": ">=3.6",
          "version": "2023.7.22"
        },
        {
          "artifacts": [
            {
              "algorithm": "sha256",
              "hash": "98d85c6a2bef81588d9227dde12db8a7f47f639f4a17c9ae08e773aa9c697bf3",
              "url": "https://files.pythonhosted.org/packages/da/ff/ab939e2c7b3f40d851c0f7192c876f1910f3442080c9c846532993ec3cef/cffi-1.15.1-cp39-cp39-musllinux_1_1_x86_64.whl"
            },
            {
              "algorithm": "sha256",
              "hash": "173379135477dc8cac4bc58f45db08ab45d228b3363adb7af79436135d028405",
              "url": "https://files.pythonhosted.org/packages/03/7b/259d6e01a6083acef9d3c8c88990c97d313632bb28fa84d6ab2bb201140a/cffi-1.15.1-cp36-cp36m-manylinux_2_5_i686.manylinux1_i686.whl"
            },
            {
              "algorithm": "sha256",
              "hash": "54a2db7b78338edd780e7ef7f9f6c442500fb0d41a5a4ea24fff1c929d5af585",
              "url": "https://files.pythonhosted.org/packages/18/8f/5ff70c7458d61fa8a9752e5ee9c9984c601b0060aae0c619316a1e1f1ee5/cffi-1.15.1-cp39-cp39-macosx_10_9_x86_64.whl"
            },
            {
              "algorithm": "sha256",
              "hash": "1e74c6b51a9ed6589199c787bf5f9875612ca4a8a0785fb2d4a84429badaf22a",
              "url": "https://files.pythonhosted.org/packages/22/c6/df826563f55f7e9dd9a1d3617866282afa969fe0d57decffa1911f416ed8/cffi-1.15.1-cp38-cp38-manylinux_2_12_i686.manylinux2010_i686.manylinux_2_17_i686.manylinux2014_i686.whl"
            },
            {
              "algorithm": "sha256",
              "hash": "d400bfb9a37b1351253cb402671cea7e89bdecc294e8016a707f6d1d8ac934f9",
              "url": "https://files.pythonhosted.org/packages/2b/a8/050ab4f0c3d4c1b8aaa805f70e26e84d0e27004907c5b8ecc1d31815f92a/cffi-1.15.1.tar.gz"
            },
            {
              "algorithm": "sha256",
              "hash": "5d598b938678ebf3c67377cdd45e09d431369c3b1a5b331058c338e201f12b27",
              "url": "https://files.pythonhosted.org/packages/2d/86/3ca57cddfa0419f6a95d1c8478f8f622ba597e3581fd501bbb915b20eb75/cffi-1.15.1-cp39-cp39-manylinux_2_17_x86_64.manylinux2014_x86_64.whl"
            },
            {
              "algorithm": "sha256",
              "hash": "a8c4917bd7ad33e8eb21e9a5bbba979b49d9a97acb3a803092cbc1133e20343c",
              "url": "https://files.pythonhosted.org/packages/2e/7a/68c35c151e5b7a12650ecc12fdfb85211aa1da43e9924598451c4a0a3839/cffi-1.15.1-cp37-cp37m-manylinux_2_17_s390x.manylinux2014_s390x.whl"
            },
            {
              "algorithm": "sha256",
              "hash": "6975a3fac6bc83c4a65c9f9fcab9e47019a11d3d2cf7f3c0d03431bf145a941e",
              "url": "https://files.pythonhosted.org/packages/3a/12/d6066828014b9ccb2bbb8e1d9dc28872d20669b65aeb4a86806a0757813f/cffi-1.15.1-cp36-cp36m-manylinux_2_5_x86_64.manylinux1_x86_64.whl"
            },
            {
              "algorithm": "sha256",
              "hash": "fcd131dd944808b5bdb38e6f5b53013c5aa4f334c5cad0c72742f6eba4b73db0",
              "url": "https://files.pythonhosted.org/packages/3a/75/a162315adeaf47e94a3b7f886a8e31d77b9e525a387eef2d6f0efc96a7c8/cffi-1.15.1-cp39-cp39-macosx_11_0_arm64.whl"
            },
            {
              "algorithm": "sha256",
              "hash": "cec7d9412a9102bdc577382c3929b337320c4c4c4849f2c5cdd14d7368c5562d",
              "url": "https://files.pythonhosted.org/packages/47/51/3049834f07cd89aceef27f9c56f5394ca6725ae6a15cff5fbdb2f06a24ad/cffi-1.15.1-cp36-cp36m-manylinux_2_17_ppc64le.manylinux2014_ppc64le.whl"
            },
            {
              "algorithm": "sha256",
              "hash": "8102eaf27e1e448db915d08afa8b41d6c7ca7a04b7d73af6514df10a3e74bd82",
              "url": "https://files.pythonhosted.org/packages/5b/1a/e1ee5bed11d8b6540c05a8e3c32448832d775364d4461dd6497374533401/cffi-1.15.1-cp37-cp37m-manylinux_2_17_aarch64.manylinux2014_aarch64.whl"
            },
            {
              "algorithm": "sha256",
              "hash": "6c9a799e985904922a4d207a94eae35c78ebae90e128f0c4e521ce339396be9d",
              "url": "https://files.pythonhosted.org/packages/77/b7/d3618d612be01e184033eab90006f8ca5b5edafd17bf247439ea4e167d8a/cffi-1.15.1-cp39-cp39-manylinux_2_17_aarch64.manylinux2014_aarch64.whl"
            },
            {
              "algorithm": "sha256",
              "hash": "87c450779d0914f2861b8526e035c5e6da0a3199d8f1add1a665e1cbc6fc6d02",
              "url": "https://files.pythonhosted.org/packages/79/4b/33494eb0adbcd884656c48f6db0c98ad8a5c678fb8fb5ed41ab546b04d8c/cffi-1.15.1-cp38-cp38-manylinux_2_17_s390x.manylinux2014_s390x.whl"
            },
            {
              "algorithm": "sha256",
              "hash": "50a74364d85fd319352182ef59c5c790484a336f6db772c1a9231f1c3ed0cbd7",
              "url": "https://files.pythonhosted.org/packages/7c/3e/5d823e5bbe00285e479034bcad44177b7353ec9fdcd7795baac5ccf82950/cffi-1.15.1-cp36-cp36m-macosx_10_9_x86_64.whl"
            },
            {
              "algorithm": "sha256",
              "hash": "7473e861101c9e72452f9bf8acb984947aa1661a7704553a9f6e4baa5ba64415",
              "url": "https://files.pythonhosted.org/packages/85/1f/a3c533f8d377da5ca7edb4f580cc3edc1edbebc45fac8bb3ae60f1176629/cffi-1.15.1-cp39-cp39-manylinux_2_12_i686.manylinux2010_i686.manylinux_2_17_i686.manylinux2014_i686.whl"
            },
            {
              "algorithm": "sha256",
              "hash": "320dab6e7cb2eacdf0e658569d2575c4dad258c0fcc794f46215e1e39f90f2c3",
              "url": "https://files.pythonhosted.org/packages/87/4b/64e8bd9d15d6b22b6cb11997094fbe61edf453ea0a97c8675cb7d1c3f06f/cffi-1.15.1-cp38-cp38-macosx_10_9_x86_64.whl"
            },
            {
              "algorithm": "sha256",
              "hash": "0e2642fe3142e4cc4af0799748233ad6da94c62a8bec3a6648bf8ee68b1c7426",
              "url": "https://files.pythonhosted.org/packages/93/d0/2e2b27ea2f69b0ec9e481647822f8f77f5fc23faca2dd00d1ff009940eb7/cffi-1.15.1-cp37-cp37m-manylinux_2_17_x86_64.manylinux2014_x86_64.whl"
            },
            {
              "algorithm": "sha256",
              "hash": "3bcde07039e586f91b45c88f8583ea7cf7a0770df3a1649627bf598332cb6984",
              "url": "https://files.pythonhosted.org/packages/a9/ba/e082df21ebaa9cb29f2c4e1d7e49a29b90fcd667d43632c6674a16d65382/cffi-1.15.1-cp39-cp39-manylinux_2_17_ppc64le.manylinux2014_ppc64le.whl"
            },
            {
              "algorithm": "sha256",
              "hash": "db0fbb9c62743ce59a9ff687eb5f4afbe77e5e8403d6697f7446e5f609976f76",
              "url": "https://files.pythonhosted.org/packages/ad/26/7b3a73ab7d82a64664c7c4ea470e4ec4a3c73bb4f02575c543a41e272de5/cffi-1.15.1-cp39-cp39-musllinux_1_1_i686.whl"
            },
            {
              "algorithm": "sha256",
              "hash": "33ab79603146aace82c2427da5ca6e58f2b3f2fb5da893ceac0c42218a40be35",
              "url": "https://files.pythonhosted.org/packages/af/cb/53b7bba75a18372d57113ba934b27d0734206c283c1dfcc172347fbd9f76/cffi-1.15.1-cp39-cp39-manylinux_2_17_s390x.manylinux2014_s390x.whl"
            },
            {
              "algorithm": "sha256",
              "hash": "4289fc34b2f5316fbb762d75362931e351941fa95fa18789191b33fc4cf9504a",
              "url": "https://files.pythonhosted.org/packages/b3/b8/89509b6357ded0cbacc4e430b21a4ea2c82c2cdeb4391c148b7c7b213bed/cffi-1.15.1-cp36-cp36m-manylinux_2_17_s390x.manylinux2014_s390x.whl"
            },
            {
              "algorithm": "sha256",
              "hash": "198caafb44239b60e252492445da556afafc7d1e3ab7a1fb3f0584ef6d742375",
              "url": "https://files.pythonhosted.org/packages/b5/7d/df6c088ef30e78a78b0c9cca6b904d5abb698afb5bc8f5191d529d83d667/cffi-1.15.1-cp37-cp37m-macosx_10_9_x86_64.whl"
            },
            {
              "algorithm": "sha256",
              "hash": "e263d77ee3dd201c3a142934a086a4450861778baaeeb45db4591ef65550b0a6",
              "url": "https://files.pythonhosted.org/packages/b5/80/ce5ba093c2475a73df530f643a61e2969a53366e372b24a32f08cd10172b/cffi-1.15.1-cp36-cp36m-manylinux_2_17_aarch64.manylinux2014_aarch64.whl"
            },
            {
              "algorithm": "sha256",
              "hash": "4f2c9f67e9821cad2e5f480bc8d83b8742896f1242dba247911072d4fa94c192",
              "url": "https://files.pythonhosted.org/packages/b7/8b/06f30caa03b5b3ac006de4f93478dbd0239e2a16566d81a106c322dc4f79/cffi-1.15.1-cp38-cp38-manylinux_2_17_x86_64.manylinux2014_x86_64.whl"
            },
            {
              "algorithm": "sha256",
              "hash": "a5c84c68147988265e60416b57fc83425a78058853509c1b0629c180094904a5",
              "url": "https://files.pythonhosted.org/packages/c1/25/16a082701378170559bb1d0e9ef2d293cece8dc62913d79351beb34c5ddf/cffi-1.15.1-cp38-cp38-manylinux_2_17_aarch64.manylinux2014_aarch64.whl"
            },
            {
              "algorithm": "sha256",
              "hash": "5ef34d190326c3b1f822a5b7a45f6c4535e2f47ed06fec77d3d799c450b2651e",
              "url": "https://files.pythonhosted.org/packages/c2/0b/3b09a755ddb977c167e6d209a7536f6ade43bb0654bad42e08df1406b8e4/cffi-1.15.1-cp37-cp37m-manylinux_2_12_i686.manylinux2010_i686.manylinux_2_17_i686.manylinux2014_i686.whl"
            },
            {
              "algorithm": "sha256",
              "hash": "5df2768244d19ab7f60546d0c7c63ce1581f7af8b5de3eb3004b9b6fc8a9f84b",
              "url": "https://files.pythonhosted.org/packages/d3/e1/e55ca2e0dd446caa2cc8f73c2b98879c04a1f4064ac529e1836683ca58b8/cffi-1.15.1-cp37-cp37m-manylinux_2_17_ppc64le.manylinux2014_ppc64le.whl"
            },
            {
              "algorithm": "sha256",
              "hash": "3b926aa83d1edb5aa5b427b4053dc420ec295a08e40911296b9eb1b6170f6cca",
              "url": "https://files.pythonhosted.org/packages/df/02/aef53d4aa43154b829e9707c8c60bab413cd21819c4a36b0d7aaa83e2a61/cffi-1.15.1-cp38-cp38-manylinux_2_17_ppc64le.manylinux2014_ppc64le.whl"
            }
          ],
          "project_name": "cffi",
          "requires_dists": [
            "pycparser"
          ],
          "requires_python": null,
          "version": "1.15.1"
        },
        {
          "artifacts": [
            {
              "algorithm": "sha256",
              "hash": "6881edbebdb17b39b4eaaa821b438bf6eddffb4468cf344f09f89def34a8b1df",
              "url": "https://files.pythonhosted.org/packages/06/b3/24afc8868eba069a7f03650ac750a778862dc34941a4bebeb58706715726/charset_normalizer-2.0.12-py3-none-any.whl"
            },
            {
              "algorithm": "sha256",
              "hash": "2857e29ff0d34db842cd7ca3230549d1a697f96ee6d3fb071cfa6c7393832597",
              "url": "https://files.pythonhosted.org/packages/56/31/7bcaf657fafb3c6db8c787a865434290b726653c912085fbd371e9b92e1c/charset-normalizer-2.0.12.tar.gz"
            }
          ],
          "project_name": "charset-normalizer",
          "requires_dists": [
            "unicodedata2; extra == \"unicode_backport\""
          ],
          "requires_python": ">=3.5.0",
          "version": "2.0.12"
        },
        {
          "artifacts": [
            {
              "algorithm": "sha256",
              "hash": "854bf444933e37f5824ae7bfc1e98d5bce2ebe4160d46b5edf346a89358e99da",
              "url": "https://files.pythonhosted.org/packages/77/8b/7550e87b2d308a1b711725dfaddc19c695f8c5fa413c640b2be01662f4e6/colorama-0.4.5-py2.py3-none-any.whl"
            },
            {
              "algorithm": "sha256",
              "hash": "e6c6b4334fc50988a639d9b98aa429a0b57da6e17b9a44f0451f930b6967b7a4",
              "url": "https://files.pythonhosted.org/packages/2b/65/24d033a9325ce42ccbfa3ca2d0866c7e89cc68e5b9d92ecaba9feef631df/colorama-0.4.5.tar.gz"
            }
          ],
          "project_name": "colorama",
          "requires_dists": [],
          "requires_python": "!=3.0.*,!=3.1.*,!=3.2.*,!=3.3.*,!=3.4.*,>=2.7",
          "version": "0.4.5"
        },
        {
          "artifacts": [
            {
              "algorithm": "sha256",
              "hash": "cbaba590180cba88cb99a5f76f90808a624f18b169b90a4abb40c1fd8c19420e",
              "url": "https://files.pythonhosted.org/packages/75/9c/446d0209840eaa639abc564ccac3a8b4c716629bb3424d2f4bdb618cbf34/cryptography-40.0.2-pp39-pypy39_pp73-manylinux_2_28_x86_64.whl"
            },
            {
              "algorithm": "sha256",
              "hash": "4df2af28d7bedc84fe45bd49bc35d710aede676e2a4cb7fc6d103a2adc8afe4d",
              "url": "https://files.pythonhosted.org/packages/0d/91/b2efda2ffb30b1623016d8e8ea6f59dde22b9bc86c0883bc12d965c53dca/cryptography-40.0.2-cp36-abi3-manylinux_2_17_aarch64.manylinux2014_aarch64.whl"
            },
            {
              "algorithm": "sha256",
              "hash": "4f01c9863da784558165f5d4d916093737a75203a5c5286fde60e503e4276c7a",
              "url": "https://files.pythonhosted.org/packages/5c/26/a5bcec07b84ce9064659e15a526976efeb1971cc7fcc61fc71f6a6b659ce/cryptography-40.0.2-pp38-pypy38_pp73-manylinux_2_28_x86_64.whl"
            },
            {
              "algorithm": "sha256",
              "hash": "956ba8701b4ffe91ba59665ed170a2ebbdc6fc0e40de5f6059195d9f2b33ca0e",
              "url": "https://files.pythonhosted.org/packages/5e/12/e3eb644d2c040a083f3b3ee12553fe2ac273ef7525722438d2ad141d984f/cryptography-40.0.2-pp38-pypy38_pp73-manylinux_2_28_aarch64.whl"
            },
            {
              "algorithm": "sha256",
              "hash": "48f388d0d153350f378c7f7b41497a54ff1513c816bcbbcafe5b829e59b9ce5b",
              "url": "https://files.pythonhosted.org/packages/72/68/6e942224400261a3f947df8abad1ffe95e338e2466f7a0b5b87f33d8a196/cryptography-40.0.2-pp39-pypy39_pp73-macosx_10_12_x86_64.whl"
            },
            {
              "algorithm": "sha256",
              "hash": "05dc219433b14046c476f6f09d7636b92a1c3e5808b9a6536adf4932b3b2c440",
              "url": "https://files.pythonhosted.org/packages/85/86/a17a4baf08e0ae6496b44f75136f8e14b843fd3d8a3f4105c0fd79d4786b/cryptography-40.0.2-cp36-abi3-macosx_10_12_x86_64.whl"
            },
            {
              "algorithm": "sha256",
              "hash": "d5a1bd0e9e2031465761dfa920c16b0065ad77321d8a8c1f5ee331021fda65e9",
              "url": "https://files.pythonhosted.org/packages/88/87/c720c0b56f6363eaa32c582b6240523010691ad973204649526c4ce28e95/cryptography-40.0.2-cp36-abi3-musllinux_1_1_aarch64.whl"
            },
            {
              "algorithm": "sha256",
              "hash": "adc0d980fd2760c9e5de537c28935cc32b9353baaf28e0814df417619c6c8c3b",
              "url": "https://files.pythonhosted.org/packages/8e/34/f54dbfc6d12fa34a50f03bf01319d585e7e9bddd68ad28299b4998e3098b/cryptography-40.0.2-cp36-abi3-manylinux_2_28_x86_64.whl"
            },
            {
              "algorithm": "sha256",
              "hash": "a95f4802d49faa6a674242e25bfeea6fc2acd915b5e5e29ac90a32b1139cae1c",
              "url": "https://files.pythonhosted.org/packages/91/89/13174c6167f452598baa8584133993e3d624b6a19e93748e5f2885a442f2/cryptography-40.0.2-cp36-abi3-musllinux_1_1_x86_64.whl"
            },
            {
              "algorithm": "sha256",
              "hash": "0dcca15d3a19a66e63662dc8d30f8036b07be851a8680eda92d079868f106288",
              "url": "https://files.pythonhosted.org/packages/9c/1b/30faebcef9be2df5728a8086b8fc15fff92364fe114fb207b70cd7c81329/cryptography-40.0.2-cp36-abi3-manylinux_2_17_x86_64.manylinux2014_x86_64.whl"
            },
            {
              "algorithm": "sha256",
              "hash": "142bae539ef28a1c76794cca7f49729e7c54423f615cfd9b0b1fa90ebe53244b",
              "url": "https://files.pythonhosted.org/packages/c6/e9/a004c5ff4a01e38da38c0d20257f4af41f0858719fb25c5a034ee46d40cd/cryptography-40.0.2-pp38-pypy38_pp73-macosx_10_12_x86_64.whl"
            },
            {
              "algorithm": "sha256",
              "hash": "8f79b5ff5ad9d3218afb1e7e20ea74da5f76943ee5edb7f76e56ec5161ec782b",
              "url": "https://files.pythonhosted.org/packages/cc/aa/285f288e36d398db873d4cc20984c9a132ef5eace539d91babe4c4e94aaa/cryptography-40.0.2-cp36-abi3-macosx_10_12_universal2.whl"
            },
            {
              "algorithm": "sha256",
              "hash": "c0764e72b36a3dc065c155e5b22f93df465da9c39af65516fe04ed3c68c92636",
              "url": "https://files.pythonhosted.org/packages/eb/a0/496b34c04a971dafef68fa5f58222b5688f63f956f3b3f92664165a0921f/cryptography-40.0.2-pp39-pypy39_pp73-manylinux_2_28_aarch64.whl"
            },
            {
              "algorithm": "sha256",
              "hash": "c33c0d32b8594fa647d2e01dbccc303478e16fdd7cf98652d5b3ed11aa5e5c99",
              "url": "https://files.pythonhosted.org/packages/f7/80/04cc7637238b78f8e7354900817135c5a23cf66dfb3f3a216c6d630d6833/cryptography-40.0.2.tar.gz"
            },
            {
              "algorithm": "sha256",
              "hash": "a04386fb7bc85fab9cd51b6308633a3c271e3d0d3eae917eebab2fac6219b6d2",
              "url": "https://files.pythonhosted.org/packages/ff/87/cffd495cc78503fb49aa3e19babc126b610174d08aa32c0d1d75c6499afc/cryptography-40.0.2-cp36-abi3-manylinux_2_28_aarch64.whl"
            }
          ],
          "project_name": "cryptography",
          "requires_dists": [
            "bcrypt>=3.1.5; extra == \"ssh\"",
            "black; extra == \"pep8test\"",
            "cffi>=1.12",
            "check-manifest; extra == \"pep8test\"",
            "iso8601; extra == \"test\"",
            "mypy; extra == \"pep8test\"",
            "pretend; extra == \"test\"",
            "pyenchant>=1.6.11; extra == \"docstest\"",
            "pytest-benchmark; extra == \"test\"",
            "pytest-cov; extra == \"test\"",
            "pytest-randomly; extra == \"test-randomorder\"",
            "pytest-shard>=0.1.2; extra == \"test\"",
            "pytest-subtests; extra == \"test\"",
            "pytest-xdist; extra == \"test\"",
            "pytest>=6.2.0; extra == \"test\"",
            "ruff; extra == \"pep8test\"",
            "setuptools-rust>=0.11.4; extra == \"sdist\"",
            "sphinx-rtd-theme>=1.1.1; extra == \"docs\"",
            "sphinx>=5.3.0; extra == \"docs\"",
            "sphinxcontrib-spelling>=4.0.1; extra == \"docstest\"",
            "tox; extra == \"tox\"",
            "twine>=1.12.0; extra == \"docstest\""
          ],
          "requires_python": ">=3.6",
          "version": "40.0.2"
        },
        {
          "artifacts": [
            {
              "algorithm": "sha256",
              "hash": "23010f129180089fbcd3bc08cfefccb3b890b0050e1ca00c867036e9d161b98c",
              "url": "https://files.pythonhosted.org/packages/8d/14/69b4bad34e3f250afe29a854da03acb6747711f3df06c359fa053fae4e76/docutils-0.18.1-py2.py3-none-any.whl"
            },
            {
              "algorithm": "sha256",
              "hash": "679987caf361a7539d76e584cbeddc311e3aee937877c87346f31debc63e9d06",
              "url": "https://files.pythonhosted.org/packages/57/b1/b880503681ea1b64df05106fc7e3c4e3801736cf63deffc6fa7fc5404cf5/docutils-0.18.1.tar.gz"
            }
          ],
          "project_name": "docutils",
          "requires_dists": [],
          "requires_python": "!=3.0.*,!=3.1.*,!=3.2.*,!=3.3.*,!=3.4.*,>=2.7",
          "version": "0.18.1"
        },
        {
          "artifacts": [
            {
              "algorithm": "sha256",
              "hash": "90b77e79eaa3eba6de819a0c442c0b4ceefc341a7a2ab77d7562bf49f425c5c2",
              "url": "https://files.pythonhosted.org/packages/fc/34/3030de6f1370931b9dbb4dad48f6ab1015ab1d32447850b9fc94e60097be/idna-3.4-py3-none-any.whl"
            },
            {
              "algorithm": "sha256",
              "hash": "814f528e8dead7d329833b91c5faa87d60bf71824cd12a7530b5526063d02cb4",
              "url": "https://files.pythonhosted.org/packages/8b/e1/43beb3d38dba6cb420cefa297822eac205a277ab43e5ba5d5c46faf96438/idna-3.4.tar.gz"
            }
          ],
          "project_name": "idna",
          "requires_dists": [],
          "requires_python": ">=3.5",
          "version": "3.4"
        },
        {
          "artifacts": [
            {
              "algorithm": "sha256",
              "hash": "65a9576a5b2d58ca44d133c42a241905cc45e34d2c06fd5ba2bafa221e5d7b5e",
              "url": "https://files.pythonhosted.org/packages/a0/a1/b153a0a4caf7a7e3f15c2cd56c7702e2cf3d89b1b359d1f1c5e59d68f4ce/importlib_metadata-4.8.3-py3-none-any.whl"
            },
            {
              "algorithm": "sha256",
              "hash": "766abffff765960fcc18003801f7044eb6755ffae4521c8e8ce8e83b9c9b0668",
              "url": "https://files.pythonhosted.org/packages/85/ed/e65128cc5cb1580f22ee3009d9187ecdfcc43ffb3b581fe854b24e87d8e7/importlib_metadata-4.8.3.tar.gz"
            }
          ],
          "project_name": "importlib-metadata",
          "requires_dists": [
            "flufl.flake8; extra == \"testing\"",
            "importlib-resources>=1.3; python_version < \"3.9\" and extra == \"testing\"",
            "ipython; extra == \"perf\"",
            "jaraco.packaging>=8.2; extra == \"docs\"",
            "packaging; extra == \"testing\"",
            "pep517; extra == \"testing\"",
            "pyfakefs; extra == \"testing\"",
            "pytest-black>=0.3.7; platform_python_implementation != \"PyPy\" and extra == \"testing\"",
            "pytest-checkdocs>=2.4; extra == \"testing\"",
            "pytest-cov; extra == \"testing\"",
            "pytest-enabler>=1.0.1; extra == \"testing\"",
            "pytest-flake8; extra == \"testing\"",
            "pytest-mypy; platform_python_implementation != \"PyPy\" and extra == \"testing\"",
            "pytest-perf>=0.9.2; extra == \"testing\"",
            "pytest>=6; extra == \"testing\"",
            "rst.linker>=1.9; extra == \"docs\"",
            "sphinx; extra == \"docs\"",
            "typing-extensions>=3.6.4; python_version < \"3.8\"",
            "zipp>=0.5"
          ],
          "requires_python": ">=3.6",
          "version": "4.8.3"
        },
        {
          "artifacts": [
            {
              "algorithm": "sha256",
              "hash": "33a95faed5fc19b4bc16b29a6eeae248a3fe69dd55d4d229d2b480e23eeaad45",
              "url": "https://files.pythonhosted.org/packages/24/1b/33e489669a94da3ef4562938cd306e8fa915e13939d7b8277cb5569cb405/importlib_resources-5.4.0-py3-none-any.whl"
            },
            {
              "algorithm": "sha256",
              "hash": "d756e2f85dd4de2ba89be0b21dba2a3bbec2e871a42a3a16719258a11f87506b",
              "url": "https://files.pythonhosted.org/packages/b5/d8/51ace1c1ea6609c01c7f46ca2978e11821aa0efaaa7516002ef6df000731/importlib_resources-5.4.0.tar.gz"
            }
          ],
          "project_name": "importlib-resources",
          "requires_dists": [
            "jaraco.packaging>=8.2; extra == \"docs\"",
            "pytest-black>=0.3.7; platform_python_implementation != \"PyPy\" and extra == \"testing\"",
            "pytest-checkdocs>=2.4; extra == \"testing\"",
            "pytest-cov; extra == \"testing\"",
            "pytest-enabler>=1.0.1; extra == \"testing\"",
            "pytest-flake8; extra == \"testing\"",
            "pytest-mypy; platform_python_implementation != \"PyPy\" and extra == \"testing\"",
            "pytest>=6; extra == \"testing\"",
            "rst.linker>=1.9; extra == \"docs\"",
            "sphinx; extra == \"docs\"",
            "zipp>=3.1.0; python_version < \"3.10\""
          ],
          "requires_python": ">=3.6",
          "version": "5.4.0"
        },
        {
          "artifacts": [
            {
              "algorithm": "sha256",
              "hash": "1b5a0ea5c0e7b166b2f5895b91a08c14de8915afda4407fb5022a195224958ac",
              "url": "https://files.pythonhosted.org/packages/14/b8/bb3e34d71472140f9bfdf5d77cd063e2cc964b72b1bb0b70fe3c1e7db932/jeepney-0.7.1-py3-none-any.whl"
            },
            {
              "algorithm": "sha256",
              "hash": "fa9e232dfa0c498bd0b8a3a73b8d8a31978304dcef0515adc859d4e096f96f4f",
              "url": "https://files.pythonhosted.org/packages/09/0d/81744e179cf3aede2d117c20c6d5b97a62ffe16b2ca5d856e068e81c7a68/jeepney-0.7.1.tar.gz"
            }
          ],
          "project_name": "jeepney",
          "requires_dists": [
            "async-timeout; extra == \"test\"",
            "async_generator; extra == \"trio\" and python_version == \"3.6\"",
            "pytest-asyncio; extra == \"test\"",
            "pytest-trio; extra == \"test\"",
            "pytest; extra == \"test\"",
            "testpath; extra == \"test\"",
            "trio; extra == \"test\"",
            "trio; extra == \"trio\""
          ],
          "requires_python": ">=3.6",
          "version": "0.7.1"
        },
        {
          "artifacts": [
            {
              "algorithm": "sha256",
              "hash": "17e49fb0d6883c2b4445359434dba95aad84aabb29bbff044ad0ed7100232eca",
              "url": "https://files.pythonhosted.org/packages/a4/e9/104ec4bffcf971375c348146c2199d4e241294286cc04a428b12c02e5f81/keyring-23.4.1-py3-none-any.whl"
            },
            {
              "algorithm": "sha256",
              "hash": "89cbd74d4683ed164c8082fb38619341097741323b3786905c6dac04d6915a55",
              "url": "https://files.pythonhosted.org/packages/6f/23/143b4adec7d6957d35c0fc90c095203046da04eb5eade7fef8b00fe421fc/keyring-23.4.1.tar.gz"
            }
          ],
          "project_name": "keyring",
          "requires_dists": [
            "SecretStorage>=3.2; sys_platform == \"linux\"",
            "importlib-metadata>=3.6",
            "jaraco.packaging>=8.2; extra == \"docs\"",
            "jaraco.tidelift>=1.4; extra == \"docs\"",
            "jeepney>=0.4.2; sys_platform == \"linux\"",
            "pytest-black>=0.3.7; platform_python_implementation != \"PyPy\" and extra == \"testing\"",
            "pytest-checkdocs>=2.4; extra == \"testing\"",
            "pytest-cov; extra == \"testing\"",
            "pytest-enabler>=1.0.1; extra == \"testing\"",
            "pytest-flake8; extra == \"testing\"",
            "pytest-mypy; platform_python_implementation != \"PyPy\" and extra == \"testing\"",
            "pytest>=6; extra == \"testing\"",
            "pywin32-ctypes!=0.1.0,!=0.1.1; sys_platform == \"win32\"",
            "rst.linker>=1.9; extra == \"docs\"",
            "sphinx; extra == \"docs\""
          ],
          "requires_python": ">=3.6",
          "version": "23.4.1"
        },
        {
          "artifacts": [
            {
              "algorithm": "sha256",
              "hash": "ef103e05f519cdc783ae24ea4e2e0f508a9c99b2d4969652eed6a2e1ea5bd522",
              "url": "https://files.pythonhosted.org/packages/05/8e/8de486cbd03baba4deef4142bd643a3e7bbe954a784dc1bb17142572d127/packaging-21.3-py3-none-any.whl"
            },
            {
              "algorithm": "sha256",
              "hash": "dd47c42927d89ab911e606518907cc2d3a1f38bbd026385970643f9c5b8ecfeb",
              "url": "https://files.pythonhosted.org/packages/df/9e/d1a7217f69310c1db8fdf8ab396229f55a699ce34a203691794c5d1cad0c/packaging-21.3.tar.gz"
            }
          ],
          "project_name": "packaging",
          "requires_dists": [
            "pyparsing!=3.0.5,>=2.0.2"
          ],
          "requires_python": ">=3.6",
          "version": "21.3"
        },
        {
          "artifacts": [
            {
              "algorithm": "sha256",
              "hash": "4b7a555a6d5a22169fcc9cf7bfd78d296b0361adad412a346c1226849af5e546",
              "url": "https://files.pythonhosted.org/packages/b3/f2/6e95c86a23a30fa205ea6303a524b20cbae27fbee69216377e3d95266406/pkginfo-1.9.6-py3-none-any.whl"
            },
            {
              "algorithm": "sha256",
              "hash": "8fd5896e8718a4372f0ea9cc9d96f6417c9b986e23a4d116dda26b62cc29d046",
              "url": "https://files.pythonhosted.org/packages/b4/1c/89b38e431c20d6b2389ed8b3926c2ab72f58944733ba029354c6d9f69129/pkginfo-1.9.6.tar.gz"
            }
          ],
          "project_name": "pkginfo",
          "requires_dists": [
            "pytest-cov; extra == \"testing\"",
            "pytest; extra == \"testing\""
          ],
          "requires_python": ">=3.6",
          "version": "1.9.6"
        },
        {
          "artifacts": [
            {
              "algorithm": "sha256",
              "hash": "8ee45429555515e1f6b185e78100aea234072576aa43ab53aefcae078162fca9",
              "url": "https://files.pythonhosted.org/packages/62/d5/5f610ebe421e85889f2e55e33b7f9a6795bd982198517d912eb1c76e1a53/pycparser-2.21-py2.py3-none-any.whl"
            },
            {
              "algorithm": "sha256",
              "hash": "e644fdec12f7872f86c58ff790da456218b10f863970249516d60a5eaca77206",
              "url": "https://files.pythonhosted.org/packages/5e/0b/95d387f5f4433cb0f53ff7ad859bd2c6051051cebbb564f139a999ab46de/pycparser-2.21.tar.gz"
            }
          ],
          "project_name": "pycparser",
          "requires_dists": [],
          "requires_python": "!=3.0.*,!=3.1.*,!=3.2.*,!=3.3.*,>=2.7",
          "version": "2.21"
        },
        {
          "artifacts": [
            {
              "algorithm": "sha256",
              "hash": "fa7bd7bd2771287c0de303af8bfdfc731f51bd2c6a47ab69d117138893b82717",
              "url": "https://files.pythonhosted.org/packages/0b/42/d9d95cc461f098f204cd20c85642ae40fbff81f74c300341b8d0e0df14e0/Pygments-2.14.0-py3-none-any.whl"
            },
            {
              "algorithm": "sha256",
              "hash": "b3ed06a9e8ac9a9aae5a6f5dbe78a8a58655d17b43b93c078f094ddc476ae297",
              "url": "https://files.pythonhosted.org/packages/da/6a/c427c06913204e24de28de5300d3f0e809933f376e0b7df95194b2bb3f71/Pygments-2.14.0.tar.gz"
            }
          ],
          "project_name": "pygments",
          "requires_dists": [
            "importlib-metadata; python_version < \"3.8\" and extra == \"plugins\""
          ],
          "requires_python": ">=3.6",
          "version": "2.14.0"
        },
        {
          "artifacts": [
            {
              "algorithm": "sha256",
              "hash": "a6c06a88f252e6c322f65faf8f418b16213b51bdfaece0524c1c1bc30c63c484",
              "url": "https://files.pythonhosted.org/packages/80/c1/23fd82ad3121656b585351aba6c19761926bb0db2ebed9e4ff09a43a3fcc/pyparsing-3.0.7-py3-none-any.whl"
            },
            {
              "algorithm": "sha256",
              "hash": "18ee9022775d270c55187733956460083db60b37d0d0fb357445f3094eed3eea",
              "url": "https://files.pythonhosted.org/packages/d6/60/9bed18f43275b34198eb9720d4c1238c68b3755620d20df0afd89424d32b/pyparsing-3.0.7.tar.gz"
            }
          ],
          "project_name": "pyparsing",
          "requires_dists": [
            "jinja2; extra == \"diagrams\"",
            "railroad-diagrams; extra == \"diagrams\""
          ],
          "requires_python": ">=3.6",
          "version": "3.0.7"
        },
        {
          "artifacts": [
            {
              "algorithm": "sha256",
              "hash": "262510fe6aae81ed4e94d8b169077f325614c0b1a45916a80442c6576264a9c2",
              "url": "https://files.pythonhosted.org/packages/40/df/a8d87511e806e4c5311d521140a51c34e5ab13e760cd739fc3b89495012d/readme_renderer-34.0-py3-none-any.whl"
            },
            {
              "algorithm": "sha256",
              "hash": "dfb4d17f21706d145f7473e0b61ca245ba58e810cf9b2209a48239677f82e5b0",
              "url": "https://files.pythonhosted.org/packages/52/c5/6c090aad067a6f05681367fc33ab2c8d571a3739405bec60f7ba486e83de/readme_renderer-34.0.tar.gz"
            }
          ],
          "project_name": "readme-renderer",
          "requires_dists": [
            "Pygments>=2.5.1",
            "bleach>=2.1.0",
            "cmarkgfm>=0.8.0; extra == \"md\"",
            "docutils>=0.13.1"
          ],
          "requires_python": ">=3.6",
          "version": "34.0"
        },
        {
          "artifacts": [
            {
              "algorithm": "sha256",
              "hash": "f22fa1e554c9ddfd16e6e41ac79759e17be9e492b3587efa038054674760e72d",
              "url": "https://files.pythonhosted.org/packages/2d/61/08076519c80041bc0ffa1a8af0cbd3bf3e2b62af10435d269a9d0f40564d/requests-2.27.1-py2.py3-none-any.whl"
            },
            {
              "algorithm": "sha256",
              "hash": "68d7c56fd5a8999887728ef304a6d12edc7be74f1cfa47714fc8b414525c9a61",
              "url": "https://files.pythonhosted.org/packages/60/f3/26ff3767f099b73e0efa138a9998da67890793bfa475d8278f84a30fec77/requests-2.27.1.tar.gz"
            }
          ],
          "project_name": "requests",
          "requires_dists": [
            "PySocks!=1.5.7,>=1.5.6; extra == \"socks\"",
            "certifi>=2017.4.17",
            "chardet<5,>=3.0.2; extra == \"use_chardet_on_py3\"",
            "chardet<5,>=3.0.2; python_version < \"3\"",
            "charset-normalizer~=2.0.0; python_version >= \"3\"",
            "idna<3,>=2.5; python_version < \"3\"",
            "idna<4,>=2.5; python_version >= \"3\"",
            "urllib3<1.27,>=1.21.1",
            "win-inet-pton; (sys_platform == \"win32\" and python_version == \"2.7\") and extra == \"socks\""
          ],
          "requires_python": "!=3.0.*,!=3.1.*,!=3.2.*,!=3.3.*,!=3.4.*,!=3.5.*,>=2.7",
          "version": "2.27.1"
        },
        {
          "artifacts": [
            {
              "algorithm": "sha256",
              "hash": "cccfdd665f0a24fcf4726e690f65639d272bb0637b9b92dfd91a5568ccf6bd06",
              "url": "https://files.pythonhosted.org/packages/3f/51/d4db610ef29373b879047326cbf6fa98b6c1969d6f6dc423279de2b1be2c/requests_toolbelt-1.0.0-py2.py3-none-any.whl"
            },
            {
              "algorithm": "sha256",
              "hash": "7681a0a3d047012b5bdc0ee37d7f8f07ebe76ab08caeccfc3921ce23c88d5bc6",
              "url": "https://files.pythonhosted.org/packages/f3/61/d7545dafb7ac2230c70d38d31cbfe4cc64f7144dc41f6e4e4b78ecd9f5bb/requests-toolbelt-1.0.0.tar.gz"
            }
          ],
          "project_name": "requests-toolbelt",
          "requires_dists": [
            "requests<3.0.0,>=2.0.1"
          ],
          "requires_python": "!=3.0.*,!=3.1.*,!=3.2.*,!=3.3.*,>=2.7",
          "version": "1.0.0"
        },
        {
          "artifacts": [
            {
              "algorithm": "sha256",
              "hash": "a86d6e1f5b1dc238b218b012df0aa79409667bb209e58da56d0b94704e712a97",
              "url": "https://files.pythonhosted.org/packages/c4/e5/63ca2c4edf4e00657584608bee1001302bbf8c5f569340b78304f2f446cb/rfc3986-1.5.0-py2.py3-none-any.whl"
            },
            {
              "algorithm": "sha256",
              "hash": "270aaf10d87d0d4e095063c65bf3ddbc6ee3d0b226328ce21e036f946e421835",
              "url": "https://files.pythonhosted.org/packages/79/30/5b1b6c28c105629cc12b33bdcbb0b11b5bb1880c6cfbd955f9e792921aa8/rfc3986-1.5.0.tar.gz"
            }
          ],
          "project_name": "rfc3986",
          "requires_dists": [
            "idna; extra == \"idna2008\""
          ],
          "requires_python": null,
          "version": "1.5.0"
        },
        {
          "artifacts": [
            {
              "algorithm": "sha256",
              "hash": "f356e6628222568e3af06f2eba8df495efa13b3b63081dafd4f7d9a7b7bc9f99",
              "url": "https://files.pythonhosted.org/packages/54/24/b4293291fa1dd830f353d2cb163295742fa87f179fcc8a20a306a81978b7/SecretStorage-3.3.3-py3-none-any.whl"
            },
            {
              "algorithm": "sha256",
              "hash": "2403533ef369eca6d2ba81718576c5e0f564d5cca1b58f73a8b23e7d4eeebd77",
              "url": "https://files.pythonhosted.org/packages/53/a4/f48c9d79cb507ed1373477dbceaba7401fd8a23af63b837fa61f1dcd3691/SecretStorage-3.3.3.tar.gz"
            }
          ],
          "project_name": "secretstorage",
          "requires_dists": [
            "cryptography>=2.0",
            "jeepney>=0.6"
          ],
          "requires_python": ">=3.6",
          "version": "3.3.3"
        },
        {
          "artifacts": [
            {
              "algorithm": "sha256",
              "hash": "8abb2f1d86890a2dfb989f9a77cfcfd3e47c2a354b01111771326f8aa26e0254",
              "url": "https://files.pythonhosted.org/packages/d9/5a/e7c31adbe875f2abbb91bd84cf2dc52d792b5a01506781dbcf25c91daf11/six-1.16.0-py2.py3-none-any.whl"
            },
            {
              "algorithm": "sha256",
              "hash": "1e61c37477a1626458e36f7b1d82aa5c9b094fa4802892072e49de9c60c4c926",
              "url": "https://files.pythonhosted.org/packages/71/39/171f1c67cd00715f190ba0b100d606d440a28c93c7714febeca8b79af85e/six-1.16.0.tar.gz"
            }
          ],
          "project_name": "six",
          "requires_dists": [],
          "requires_python": "!=3.0.*,!=3.1.*,!=3.2.*,>=2.7",
          "version": "1.16.0"
        },
        {
          "artifacts": [
            {
              "algorithm": "sha256",
              "hash": "6fee160d6ffcd1b1c68c65f14c829c22832bc401726335ce92c52d395944a6a1",
              "url": "https://files.pythonhosted.org/packages/47/bb/849011636c4da2e44f1253cd927cfb20ada4374d8b3a4e425416e84900cc/tqdm-4.64.1-py2.py3-none-any.whl"
            },
            {
              "algorithm": "sha256",
              "hash": "5f4f682a004951c1b450bc753c710e9280c5746ce6ffedee253ddbcbf54cf1e4",
              "url": "https://files.pythonhosted.org/packages/c1/c2/d8a40e5363fb01806870e444fc1d066282743292ff32a9da54af51ce36a2/tqdm-4.64.1.tar.gz"
            }
          ],
          "project_name": "tqdm",
          "requires_dists": [
            "colorama; platform_system == \"Windows\"",
            "importlib-resources; python_version < \"3.7\"",
            "ipywidgets>=6; extra == \"notebook\"",
            "py-make>=0.1.0; extra == \"dev\"",
            "requests; extra == \"telegram\"",
            "slack-sdk; extra == \"slack\"",
            "twine; extra == \"dev\"",
            "wheel; extra == \"dev\""
          ],
          "requires_python": "!=3.0.*,!=3.1.*,!=3.2.*,!=3.3.*,>=2.7",
          "version": "4.64.1"
        },
        {
          "artifacts": [
            {
              "algorithm": "sha256",
              "hash": "8c120845fc05270f9ee3e9d7ebbed29ea840e41f48cd059e04733f7e1d401345",
              "url": "https://files.pythonhosted.org/packages/24/aa/636b8eb9637944d2d94b766997d0420d1911abfd6392a6e3e2a75347949a/twine-3.7.1-py3-none-any.whl"
            },
            {
              "algorithm": "sha256",
              "hash": "28460a3db6b4532bde6a5db6755cf2dce6c5020bada8a641bb2c5c7a9b1f35b8",
              "url": "https://files.pythonhosted.org/packages/9d/12/0e4c8df764d87c15b8256444d0b8b433c183ce3a986ffae3086df3f876ef/twine-3.7.1.tar.gz"
            }
          ],
          "project_name": "twine",
          "requires_dists": [
            "colorama>=0.4.3",
            "importlib-metadata>=3.6",
            "keyring>=15.1",
            "pkginfo>=1.8.1",
            "readme-renderer>=21.0",
            "requests-toolbelt!=0.9.0,>=0.8.0",
            "requests>=2.20",
            "rfc3986>=1.4.0",
            "tqdm>=4.14"
          ],
          "requires_python": ">=3.6",
          "version": "3.7.1"
        },
        {
          "artifacts": [
            {
              "algorithm": "sha256",
              "hash": "21c85e0fe4b9a155d0799430b0ad741cdce7e359660ccbd8b530613e8df88ce2",
              "url": "https://files.pythonhosted.org/packages/45/6b/44f7f8f1e110027cf88956b59f2fad776cca7e1704396d043f89effd3a0e/typing_extensions-4.1.1-py3-none-any.whl"
            },
            {
              "algorithm": "sha256",
              "hash": "1a9462dcc3347a79b1f1c0271fbe79e844580bb598bafa1ed208b94da3cdcd42",
              "url": "https://files.pythonhosted.org/packages/b1/5a/8b5fbb891ef3f81fc923bf3cb4a578c0abf9471eb50ce0f51c74212182ab/typing_extensions-4.1.1.tar.gz"
            }
          ],
          "project_name": "typing-extensions",
          "requires_dists": [],
          "requires_python": ">=3.6",
          "version": "4.1.1"
        },
        {
          "artifacts": [
            {
              "algorithm": "sha256",
              "hash": "8d36afa7616d8ab714608411b4a3b13e58f463aee519024578e062e141dce20f",
              "url": "https://files.pythonhosted.org/packages/c5/05/c214b32d21c0b465506f95c4f28ccbcba15022e000b043b72b3df7728471/urllib3-1.26.16-py2.py3-none-any.whl"
            },
            {
              "algorithm": "sha256",
              "hash": "8f135f6502756bde6b2a9b28989df5fbe87c9970cecaa69041edcce7f0589b14",
              "url": "https://files.pythonhosted.org/packages/e2/7d/539e6f0cf9f0b95b71dd701a56dae89f768cd39fd8ce0096af3546aeb5a3/urllib3-1.26.16.tar.gz"
            }
          ],
          "project_name": "urllib3",
          "requires_dists": [
            "PySocks!=1.5.7,<2.0,>=1.5.6; extra == \"socks\"",
            "brotli>=1.0.9; ((os_name != \"nt\" or python_version >= \"3\") and platform_python_implementation == \"CPython\") and extra == \"brotli\"",
            "brotlicffi>=0.8.0; ((os_name != \"nt\" or python_version >= \"3\") and platform_python_implementation != \"CPython\") and extra == \"brotli\"",
            "brotlipy>=0.6.0; (os_name == \"nt\" and python_version < \"3\") and extra == \"brotli\"",
            "certifi; extra == \"secure\"",
            "cryptography>=1.3.4; extra == \"secure\"",
            "idna>=2.0.0; extra == \"secure\"",
            "ipaddress; python_version == \"2.7\" and extra == \"secure\"",
            "pyOpenSSL>=0.14; extra == \"secure\"",
            "urllib3-secure-extra; extra == \"secure\""
          ],
          "requires_python": "!=3.0.*,!=3.1.*,!=3.2.*,!=3.3.*,!=3.4.*,!=3.5.*,>=2.7",
          "version": "1.26.16"
        },
        {
          "artifacts": [
            {
              "algorithm": "sha256",
              "hash": "a0af1213f3c2226497a97e2b3aa01a7e4bee4f403f95be16fc9acd2947514a78",
              "url": "https://files.pythonhosted.org/packages/f4/24/2a3e3df732393fed8b3ebf2ec078f05546de641fe1b667ee316ec1dcf3b7/webencodings-0.5.1-py2.py3-none-any.whl"
            },
            {
              "algorithm": "sha256",
              "hash": "b36a1c245f2d304965eb4e0a82848379241dc04b865afcc4aab16748587e1923",
              "url": "https://files.pythonhosted.org/packages/0b/02/ae6ceac1baeda530866a85075641cec12989bd8d31af6d5ab4a3e8c92f47/webencodings-0.5.1.tar.gz"
            }
          ],
          "project_name": "webencodings",
          "requires_dists": [],
          "requires_python": null,
          "version": "0.5.1"
        },
        {
          "artifacts": [
            {
              "algorithm": "sha256",
              "hash": "9fe5ea21568a0a70e50f273397638d39b03353731e6cbbb3fd8502a33fec40bc",
              "url": "https://files.pythonhosted.org/packages/bd/df/d4a4974a3e3957fd1c1fa3082366d7fff6e428ddb55f074bf64876f8e8ad/zipp-3.6.0-py3-none-any.whl"
            },
            {
              "algorithm": "sha256",
              "hash": "71c644c5369f4a6e07636f0aa966270449561fcea2e3d6747b8d23efaa9d7832",
              "url": "https://files.pythonhosted.org/packages/02/bf/0d03dbdedb83afec081fefe86cae3a2447250ef1a81ac601a9a56e785401/zipp-3.6.0.tar.gz"
            }
          ],
          "project_name": "zipp",
          "requires_dists": [
            "func-timeout; extra == \"testing\"",
            "jaraco.itertools; extra == \"testing\"",
            "jaraco.packaging>=8.2; extra == \"docs\"",
            "pytest-black>=0.3.7; platform_python_implementation != \"PyPy\" and extra == \"testing\"",
            "pytest-checkdocs>=2.4; extra == \"testing\"",
            "pytest-cov; extra == \"testing\"",
            "pytest-enabler>=1.0.1; extra == \"testing\"",
            "pytest-flake8; extra == \"testing\"",
            "pytest-mypy; platform_python_implementation != \"PyPy\" and extra == \"testing\"",
            "pytest>=4.6; extra == \"testing\"",
            "rst.linker>=1.9; extra == \"docs\"",
            "sphinx; extra == \"docs\""
          ],
          "requires_python": ">=3.6",
          "version": "3.6.0"
        }
      ],
      "platform_tag": null
    }
  ],
  "path_mappings": {},
  "pex_version": "2.1.131",
  "pip_version": "20.3.4-patched",
  "prefer_older_binary": false,
  "requirements": [
    "colorama>=0.4.3",
    "twine<3.8,>=3.7.1"
  ],
  "requires_python": [
    "<3.10,>=3.6"
  ],
  "resolver_version": "pip-2020-resolver",
  "style": "universal",
  "target_systems": [
    "linux",
    "mac"
  ],
  "transitive": true,
  "use_pep517": null
}
